
Microsoft Visual Studio Solution File, Format Version 12.00
# Visual Studio 15
VisualStudioVersion = 15.0.27428.2037
MinimumVisualStudioVersion = 10.0.40219.1
Project("{FAE04EC0-301F-11D3-BF4B-00C04F79EFBC}") = "App01_ControleXF.Android", "App01_ControleXF\App01_ControleXF.Android\App01_ControleXF.Android.csproj", "{DE31423D-B648-43DD-B85A-9B6DFD76CDBD}"
EndProject
Project("{FAE04EC0-301F-11D3-BF4B-00C04F79EFBC}") = "App01_ControleXF.iOS", "App01_ControleXF\App01_ControleXF.iOS\App01_ControleXF.iOS.csproj", "{DD11A882-8294-4228-9777-437C1E00BC30}"
EndProject
Project("{FAE04EC0-301F-11D3-BF4B-00C04F79EFBC}") = "App01_ControleXF.UWP", "App01_ControleXF\App01_ControleXF.UWP\App01_ControleXF.UWP.csproj", "{E61CAE33-05B9-4CB9-8410-3EFF40910689}"
EndProject
Project("{FAE04EC0-301F-11D3-BF4B-00C04F79EFBC}") = "App01_ControleXF", "App01_ControleXF\App01_ControleXF\App01_ControleXF.csproj", "{B0CEBC04-B004-4AF2-8F4E-619F548A62C6}"
EndProject
Global
	GlobalSection(SolutionConfigurationPlatforms) = preSolution
		Ad-Hoc|Any CPU = Ad-Hoc|Any CPU
		Ad-Hoc|ARM = Ad-Hoc|ARM
		Ad-Hoc|iPhone = Ad-Hoc|iPhone
		Ad-Hoc|iPhoneSimulator = Ad-Hoc|iPhoneSimulator
		Ad-Hoc|x64 = Ad-Hoc|x64
		Ad-Hoc|x86 = Ad-Hoc|x86
		AppStore|Any CPU = AppStore|Any CPU
		AppStore|ARM = AppStore|ARM
		AppStore|iPhone = AppStore|iPhone
		AppStore|iPhoneSimulator = AppStore|iPhoneSimulator
		AppStore|x64 = AppStore|x64
		AppStore|x86 = AppStore|x86
		Debug|Any CPU = Debug|Any CPU
		Debug|ARM = Debug|ARM
		Debug|iPhone = Debug|iPhone
		Debug|iPhoneSimulator = Debug|iPhoneSimulator
		Debug|x64 = Debug|x64
		Debug|x86 = Debug|x86
		Release|Any CPU = Release|Any CPU
		Release|ARM = Release|ARM
		Release|iPhone = Release|iPhone
		Release|iPhoneSimulator = Release|iPhoneSimulator
		Release|x64 = Release|x64
		Release|x86 = Release|x86
	EndGlobalSection
	GlobalSection(ProjectConfigurationPlatforms) = postSolution
		{DE31423D-B648-43DD-B85A-9B6DFD76CDBD}.Ad-Hoc|Any CPU.ActiveCfg = Release|Any CPU
		{DE31423D-B648-43DD-B85A-9B6DFD76CDBD}.Ad-Hoc|Any CPU.Build.0 = Release|Any CPU
		{DE31423D-B648-43DD-B85A-9B6DFD76CDBD}.Ad-Hoc|Any CPU.Deploy.0 = Release|Any CPU
		{DE31423D-B648-43DD-B85A-9B6DFD76CDBD}.Ad-Hoc|ARM.ActiveCfg = Release|Any CPU
		{DE31423D-B648-43DD-B85A-9B6DFD76CDBD}.Ad-Hoc|ARM.Build.0 = Release|Any CPU
		{DE31423D-B648-43DD-B85A-9B6DFD76CDBD}.Ad-Hoc|ARM.Deploy.0 = Release|Any CPU
		{DE31423D-B648-43DD-B85A-9B6DFD76CDBD}.Ad-Hoc|iPhone.ActiveCfg = Release|Any CPU
		{DE31423D-B648-43DD-B85A-9B6DFD76CDBD}.Ad-Hoc|iPhone.Build.0 = Release|Any CPU
		{DE31423D-B648-43DD-B85A-9B6DFD76CDBD}.Ad-Hoc|iPhone.Deploy.0 = Release|Any CPU
		{DE31423D-B648-43DD-B85A-9B6DFD76CDBD}.Ad-Hoc|iPhoneSimulator.ActiveCfg = Release|Any CPU
		{DE31423D-B648-43DD-B85A-9B6DFD76CDBD}.Ad-Hoc|iPhoneSimulator.Build.0 = Release|Any CPU
		{DE31423D-B648-43DD-B85A-9B6DFD76CDBD}.Ad-Hoc|iPhoneSimulator.Deploy.0 = Release|Any CPU
		{DE31423D-B648-43DD-B85A-9B6DFD76CDBD}.Ad-Hoc|x64.ActiveCfg = Release|Any CPU
		{DE31423D-B648-43DD-B85A-9B6DFD76CDBD}.Ad-Hoc|x64.Build.0 = Release|Any CPU
		{DE31423D-B648-43DD-B85A-9B6DFD76CDBD}.Ad-Hoc|x64.Deploy.0 = Release|Any CPU
		{DE31423D-B648-43DD-B85A-9B6DFD76CDBD}.Ad-Hoc|x86.ActiveCfg = Release|Any CPU
		{DE31423D-B648-43DD-B85A-9B6DFD76CDBD}.Ad-Hoc|x86.Build.0 = Release|Any CPU
		{DE31423D-B648-43DD-B85A-9B6DFD76CDBD}.Ad-Hoc|x86.Deploy.0 = Release|Any CPU
		{DE31423D-B648-43DD-B85A-9B6DFD76CDBD}.AppStore|Any CPU.ActiveCfg = Release|Any CPU
		{DE31423D-B648-43DD-B85A-9B6DFD76CDBD}.AppStore|Any CPU.Build.0 = Release|Any CPU
		{DE31423D-B648-43DD-B85A-9B6DFD76CDBD}.AppStore|Any CPU.Deploy.0 = Release|Any CPU
		{DE31423D-B648-43DD-B85A-9B6DFD76CDBD}.AppStore|ARM.ActiveCfg = Release|Any CPU
		{DE31423D-B648-43DD-B85A-9B6DFD76CDBD}.AppStore|ARM.Build.0 = Release|Any CPU
		{DE31423D-B648-43DD-B85A-9B6DFD76CDBD}.AppStore|ARM.Deploy.0 = Release|Any CPU
		{DE31423D-B648-43DD-B85A-9B6DFD76CDBD}.AppStore|iPhone.ActiveCfg = Release|Any CPU
		{DE31423D-B648-43DD-B85A-9B6DFD76CDBD}.AppStore|iPhone.Build.0 = Release|Any CPU
		{DE31423D-B648-43DD-B85A-9B6DFD76CDBD}.AppStore|iPhone.Deploy.0 = Release|Any CPU
		{DE31423D-B648-43DD-B85A-9B6DFD76CDBD}.AppStore|iPhoneSimulator.ActiveCfg = Release|Any CPU
		{DE31423D-B648-43DD-B85A-9B6DFD76CDBD}.AppStore|iPhoneSimulator.Build.0 = Release|Any CPU
		{DE31423D-B648-43DD-B85A-9B6DFD76CDBD}.AppStore|iPhoneSimulator.Deploy.0 = Release|Any CPU
		{DE31423D-B648-43DD-B85A-9B6DFD76CDBD}.AppStore|x64.ActiveCfg = Release|Any CPU
		{DE31423D-B648-43DD-B85A-9B6DFD76CDBD}.AppStore|x64.Build.0 = Release|Any CPU
		{DE31423D-B648-43DD-B85A-9B6DFD76CDBD}.AppStore|x64.Deploy.0 = Release|Any CPU
		{DE31423D-B648-43DD-B85A-9B6DFD76CDBD}.AppStore|x86.ActiveCfg = Release|Any CPU
		{DE31423D-B648-43DD-B85A-9B6DFD76CDBD}.AppStore|x86.Build.0 = Release|Any CPU
		{DE31423D-B648-43DD-B85A-9B6DFD76CDBD}.AppStore|x86.Deploy.0 = Release|Any CPU
		{DE31423D-B648-43DD-B85A-9B6DFD76CDBD}.Debug|Any CPU.ActiveCfg = Debug|Any CPU
		{DE31423D-B648-43DD-B85A-9B6DFD76CDBD}.Debug|Any CPU.Build.0 = Debug|Any CPU
		{DE31423D-B648-43DD-B85A-9B6DFD76CDBD}.Debug|Any CPU.Deploy.0 = Debug|Any CPU
		{DE31423D-B648-43DD-B85A-9B6DFD76CDBD}.Debug|ARM.ActiveCfg = Debug|Any CPU
		{DE31423D-B648-43DD-B85A-9B6DFD76CDBD}.Debug|ARM.Build.0 = Debug|Any CPU
		{DE31423D-B648-43DD-B85A-9B6DFD76CDBD}.Debug|ARM.Deploy.0 = Debug|Any CPU
		{DE31423D-B648-43DD-B85A-9B6DFD76CDBD}.Debug|iPhone.ActiveCfg = Debug|Any CPU
		{DE31423D-B648-43DD-B85A-9B6DFD76CDBD}.Debug|iPhone.Build.0 = Debug|Any CPU
		{DE31423D-B648-43DD-B85A-9B6DFD76CDBD}.Debug|iPhone.Deploy.0 = Debug|Any CPU
		{DE31423D-B648-43DD-B85A-9B6DFD76CDBD}.Debug|iPhoneSimulator.ActiveCfg = Debug|Any CPU
		{DE31423D-B648-43DD-B85A-9B6DFD76CDBD}.Debug|iPhoneSimulator.Build.0 = Debug|Any CPU
		{DE31423D-B648-43DD-B85A-9B6DFD76CDBD}.Debug|iPhoneSimulator.Deploy.0 = Debug|Any CPU
		{DE31423D-B648-43DD-B85A-9B6DFD76CDBD}.Debug|x64.ActiveCfg = Debug|Any CPU
		{DE31423D-B648-43DD-B85A-9B6DFD76CDBD}.Debug|x64.Build.0 = Debug|Any CPU
		{DE31423D-B648-43DD-B85A-9B6DFD76CDBD}.Debug|x64.Deploy.0 = Debug|Any CPU
		{DE31423D-B648-43DD-B85A-9B6DFD76CDBD}.Debug|x86.ActiveCfg = Debug|Any CPU
		{DE31423D-B648-43DD-B85A-9B6DFD76CDBD}.Debug|x86.Build.0 = Debug|Any CPU
		{DE31423D-B648-43DD-B85A-9B6DFD76CDBD}.Debug|x86.Deploy.0 = Debug|Any CPU
		{DE31423D-B648-43DD-B85A-9B6DFD76CDBD}.Release|Any CPU.ActiveCfg = Release|Any CPU
		{DE31423D-B648-43DD-B85A-9B6DFD76CDBD}.Release|Any CPU.Build.0 = Release|Any CPU
		{DE31423D-B648-43DD-B85A-9B6DFD76CDBD}.Release|Any CPU.Deploy.0 = Release|Any CPU
		{DE31423D-B648-43DD-B85A-9B6DFD76CDBD}.Release|ARM.ActiveCfg = Release|Any CPU
		{DE31423D-B648-43DD-B85A-9B6DFD76CDBD}.Release|ARM.Build.0 = Release|Any CPU
		{DE31423D-B648-43DD-B85A-9B6DFD76CDBD}.Release|ARM.Deploy.0 = Release|Any CPU
		{DE31423D-B648-43DD-B85A-9B6DFD76CDBD}.Release|iPhone.ActiveCfg = Release|Any CPU
		{DE31423D-B648-43DD-B85A-9B6DFD76CDBD}.Release|iPhone.Build.0 = Release|Any CPU
		{DE31423D-B648-43DD-B85A-9B6DFD76CDBD}.Release|iPhone.Deploy.0 = Release|Any CPU
		{DE31423D-B648-43DD-B85A-9B6DFD76CDBD}.Release|iPhoneSimulator.ActiveCfg = Release|Any CPU
		{DE31423D-B648-43DD-B85A-9B6DFD76CDBD}.Release|iPhoneSimulator.Build.0 = Release|Any CPU
		{DE31423D-B648-43DD-B85A-9B6DFD76CDBD}.Release|iPhoneSimulator.Deploy.0 = Release|Any CPU
		{DE31423D-B648-43DD-B85A-9B6DFD76CDBD}.Release|x64.ActiveCfg = Release|Any CPU
		{DE31423D-B648-43DD-B85A-9B6DFD76CDBD}.Release|x64.Build.0 = Release|Any CPU
		{DE31423D-B648-43DD-B85A-9B6DFD76CDBD}.Release|x64.Deploy.0 = Release|Any CPU
		{DE31423D-B648-43DD-B85A-9B6DFD76CDBD}.Release|x86.ActiveCfg = Release|Any CPU
		{DE31423D-B648-43DD-B85A-9B6DFD76CDBD}.Release|x86.Build.0 = Release|Any CPU
		{DE31423D-B648-43DD-B85A-9B6DFD76CDBD}.Release|x86.Deploy.0 = Release|Any CPU
		{DD11A882-8294-4228-9777-437C1E00BC30}.Ad-Hoc|Any CPU.ActiveCfg = Ad-Hoc|iPhone
		{DD11A882-8294-4228-9777-437C1E00BC30}.Ad-Hoc|ARM.ActiveCfg = Ad-Hoc|iPhone
		{DD11A882-8294-4228-9777-437C1E00BC30}.Ad-Hoc|iPhone.ActiveCfg = Ad-Hoc|iPhone
		{DD11A882-8294-4228-9777-437C1E00BC30}.Ad-Hoc|iPhone.Build.0 = Ad-Hoc|iPhone
		{DD11A882-8294-4228-9777-437C1E00BC30}.Ad-Hoc|iPhoneSimulator.ActiveCfg = Ad-Hoc|iPhoneSimulator
		{DD11A882-8294-4228-9777-437C1E00BC30}.Ad-Hoc|iPhoneSimulator.Build.0 = Ad-Hoc|iPhoneSimulator
		{DD11A882-8294-4228-9777-437C1E00BC30}.Ad-Hoc|x64.ActiveCfg = Ad-Hoc|iPhone
		{DD11A882-8294-4228-9777-437C1E00BC30}.Ad-Hoc|x86.ActiveCfg = Ad-Hoc|iPhone
		{DD11A882-8294-4228-9777-437C1E00BC30}.AppStore|Any CPU.ActiveCfg = AppStore|iPhone
		{DD11A882-8294-4228-9777-437C1E00BC30}.AppStore|ARM.ActiveCfg = AppStore|iPhone
		{DD11A882-8294-4228-9777-437C1E00BC30}.AppStore|iPhone.ActiveCfg = AppStore|iPhone
		{DD11A882-8294-4228-9777-437C1E00BC30}.AppStore|iPhone.Build.0 = AppStore|iPhone
		{DD11A882-8294-4228-9777-437C1E00BC30}.AppStore|iPhoneSimulator.ActiveCfg = AppStore|iPhoneSimulator
		{DD11A882-8294-4228-9777-437C1E00BC30}.AppStore|iPhoneSimulator.Build.0 = AppStore|iPhoneSimulator
		{DD11A882-8294-4228-9777-437C1E00BC30}.AppStore|x64.ActiveCfg = AppStore|iPhone
		{DD11A882-8294-4228-9777-437C1E00BC30}.AppStore|x86.ActiveCfg = AppStore|iPhone
		{DD11A882-8294-4228-9777-437C1E00BC30}.Debug|Any CPU.ActiveCfg = Debug|iPhone
		{DD11A882-8294-4228-9777-437C1E00BC30}.Debug|ARM.ActiveCfg = Debug|iPhone
		{DD11A882-8294-4228-9777-437C1E00BC30}.Debug|iPhone.ActiveCfg = Debug|iPhone
		{DD11A882-8294-4228-9777-437C1E00BC30}.Debug|iPhone.Build.0 = Debug|iPhone
		{DD11A882-8294-4228-9777-437C1E00BC30}.Debug|iPhoneSimulator.ActiveCfg = Debug|iPhoneSimulator
		{DD11A882-8294-4228-9777-437C1E00BC30}.Debug|iPhoneSimulator.Build.0 = Debug|iPhoneSimulator
		{DD11A882-8294-4228-9777-437C1E00BC30}.Debug|x64.ActiveCfg = Debug|iPhone
		{DD11A882-8294-4228-9777-437C1E00BC30}.Debug|x86.ActiveCfg = Debug|iPhone
		{DD11A882-8294-4228-9777-437C1E00BC30}.Release|Any CPU.ActiveCfg = Release|iPhone
		{DD11A882-8294-4228-9777-437C1E00BC30}.Release|ARM.ActiveCfg = Release|iPhone
		{DD11A882-8294-4228-9777-437C1E00BC30}.Release|iPhone.ActiveCfg = Release|iPhone
		{DD11A882-8294-4228-9777-437C1E00BC30}.Release|iPhone.Build.0 = Release|iPhone
		{DD11A882-8294-4228-9777-437C1E00BC30}.Release|iPhoneSimulator.ActiveCfg = Release|iPhoneSimulator
		{DD11A882-8294-4228-9777-437C1E00BC30}.Release|iPhoneSimulator.Build.0 = Release|iPhoneSimulator
		{DD11A882-8294-4228-9777-437C1E00BC30}.Release|x64.ActiveCfg = Release|iPhone
		{DD11A882-8294-4228-9777-437C1E00BC30}.Release|x86.ActiveCfg = Release|iPhone
		{E61CAE33-05B9-4CB9-8410-3EFF40910689}.Ad-Hoc|Any CPU.ActiveCfg = Release|x86
		{E61CAE33-05B9-4CB9-8410-3EFF40910689}.Ad-Hoc|Any CPU.Build.0 = Release|x86
		{E61CAE33-05B9-4CB9-8410-3EFF40910689}.Ad-Hoc|Any CPU.Deploy.0 = Release|x86
		{E61CAE33-05B9-4CB9-8410-3EFF40910689}.Ad-Hoc|ARM.ActiveCfg = Release|ARM
		{E61CAE33-05B9-4CB9-8410-3EFF40910689}.Ad-Hoc|ARM.Build.0 = Release|ARM
		{E61CAE33-05B9-4CB9-8410-3EFF40910689}.Ad-Hoc|ARM.Deploy.0 = Release|ARM
		{E61CAE33-05B9-4CB9-8410-3EFF40910689}.Ad-Hoc|iPhone.ActiveCfg = Release|x86
		{E61CAE33-05B9-4CB9-8410-3EFF40910689}.Ad-Hoc|iPhone.Build.0 = Release|x86
		{E61CAE33-05B9-4CB9-8410-3EFF40910689}.Ad-Hoc|iPhone.Deploy.0 = Release|x86
		{E61CAE33-05B9-4CB9-8410-3EFF40910689}.Ad-Hoc|iPhoneSimulator.ActiveCfg = Release|x86
		{E61CAE33-05B9-4CB9-8410-3EFF40910689}.Ad-Hoc|iPhoneSimulator.Build.0 = Release|x86
		{E61CAE33-05B9-4CB9-8410-3EFF40910689}.Ad-Hoc|iPhoneSimulator.Deploy.0 = Release|x86
		{E61CAE33-05B9-4CB9-8410-3EFF40910689}.Ad-Hoc|x64.ActiveCfg = Release|x64
		{E61CAE33-05B9-4CB9-8410-3EFF40910689}.Ad-Hoc|x64.Build.0 = Release|x64
		{E61CAE33-05B9-4CB9-8410-3EFF40910689}.Ad-Hoc|x64.Deploy.0 = Release|x64
		{E61CAE33-05B9-4CB9-8410-3EFF40910689}.Ad-Hoc|x86.ActiveCfg = Release|x86
		{E61CAE33-05B9-4CB9-8410-3EFF40910689}.Ad-Hoc|x86.Build.0 = Release|x86
		{E61CAE33-05B9-4CB9-8410-3EFF40910689}.Ad-Hoc|x86.Deploy.0 = Release|x86
		{E61CAE33-05B9-4CB9-8410-3EFF40910689}.AppStore|Any CPU.ActiveCfg = Release|x86
		{E61CAE33-05B9-4CB9-8410-3EFF40910689}.AppStore|Any CPU.Build.0 = Release|x86
		{E61CAE33-05B9-4CB9-8410-3EFF40910689}.AppStore|Any CPU.Deploy.0 = Release|x86
		{E61CAE33-05B9-4CB9-8410-3EFF40910689}.AppStore|ARM.ActiveCfg = Release|ARM
		{E61CAE33-05B9-4CB9-8410-3EFF40910689}.AppStore|ARM.Build.0 = Release|ARM
		{E61CAE33-05B9-4CB9-8410-3EFF40910689}.AppStore|ARM.Deploy.0 = Release|ARM
		{E61CAE33-05B9-4CB9-8410-3EFF40910689}.AppStore|iPhone.ActiveCfg = Release|x86
		{E61CAE33-05B9-4CB9-8410-3EFF40910689}.AppStore|iPhone.Build.0 = Release|x86
		{E61CAE33-05B9-4CB9-8410-3EFF40910689}.AppStore|iPhone.Deploy.0 = Release|x86
		{E61CAE33-05B9-4CB9-8410-3EFF40910689}.AppStore|iPhoneSimulator.ActiveCfg = Release|x86
		{E61CAE33-05B9-4CB9-8410-3EFF40910689}.AppStore|iPhoneSimulator.Build.0 = Release|x86
		{E61CAE33-05B9-4CB9-8410-3EFF40910689}.AppStore|iPhoneSimulator.Deploy.0 = Release|x86
		{E61CAE33-05B9-4CB9-8410-3EFF40910689}.AppStore|x64.ActiveCfg = Release|x64
		{E61CAE33-05B9-4CB9-8410-3EFF40910689}.AppStore|x64.Build.0 = Release|x64
		{E61CAE33-05B9-4CB9-8410-3EFF40910689}.AppStore|x64.Deploy.0 = Release|x64
		{E61CAE33-05B9-4CB9-8410-3EFF40910689}.AppStore|x86.ActiveCfg = Release|x86
		{E61CAE33-05B9-4CB9-8410-3EFF40910689}.AppStore|x86.Build.0 = Release|x86
		{E61CAE33-05B9-4CB9-8410-3EFF40910689}.AppStore|x86.Deploy.0 = Release|x86
		{E61CAE33-05B9-4CB9-8410-3EFF40910689}.Debug|Any CPU.ActiveCfg = Debug|x86
		{E61CAE33-05B9-4CB9-8410-3EFF40910689}.Debug|ARM.ActiveCfg = Debug|ARM
		{E61CAE33-05B9-4CB9-8410-3EFF40910689}.Debug|ARM.Build.0 = Debug|ARM
		{E61CAE33-05B9-4CB9-8410-3EFF40910689}.Debug|ARM.Deploy.0 = Debug|ARM
		{E61CAE33-05B9-4CB9-8410-3EFF40910689}.Debug|iPhone.ActiveCfg = Debug|x86
		{E61CAE33-05B9-4CB9-8410-3EFF40910689}.Debug|iPhoneSimulator.ActiveCfg = Debug|x86
		{E61CAE33-05B9-4CB9-8410-3EFF40910689}.Debug|x64.ActiveCfg = Debug|x64
		{E61CAE33-05B9-4CB9-8410-3EFF40910689}.Debug|x64.Build.0 = Debug|x64
		{E61CAE33-05B9-4CB9-8410-3EFF40910689}.Debug|x64.Deploy.0 = Debug|x64
		{E61CAE33-05B9-4CB9-8410-3EFF40910689}.Debug|x86.ActiveCfg = Debug|x86
		{E61CAE33-05B9-4CB9-8410-3EFF40910689}.Debug|x86.Build.0 = Debug|x86
		{E61CAE33-05B9-4CB9-8410-3EFF40910689}.Debug|x86.Deploy.0 = Debug|x86
		{E61CAE33-05B9-4CB9-8410-3EFF40910689}.Release|Any CPU.ActiveCfg = Release|x86
		{E61CAE33-05B9-4CB9-8410-3EFF40910689}.Release|ARM.ActiveCfg = Release|ARM
		{E61CAE33-05B9-4CB9-8410-3EFF40910689}.Release|ARM.Build.0 = Release|ARM
		{E61CAE33-05B9-4CB9-8410-3EFF40910689}.Release|ARM.Deploy.0 = Release|ARM
		{E61CAE33-05B9-4CB9-8410-3EFF40910689}.Release|iPhone.ActiveCfg = Release|x86
		{E61CAE33-05B9-4CB9-8410-3EFF40910689}.Release|iPhoneSimulator.ActiveCfg = Release|x86
		{E61CAE33-05B9-4CB9-8410-3EFF40910689}.Release|x64.ActiveCfg = Release|x64
		{E61CAE33-05B9-4CB9-8410-3EFF40910689}.Release|x64.Build.0 = Release|x64
		{E61CAE33-05B9-4CB9-8410-3EFF40910689}.Release|x64.Deploy.0 = Release|x64
		{E61CAE33-05B9-4CB9-8410-3EFF40910689}.Release|x86.ActiveCfg = Release|x86
		{E61CAE33-05B9-4CB9-8410-3EFF40910689}.Release|x86.Build.0 = Release|x86
		{E61CAE33-05B9-4CB9-8410-3EFF40910689}.Release|x86.Deploy.0 = Release|x86
		{B0CEBC04-B004-4AF2-8F4E-619F548A62C6}.Ad-Hoc|Any CPU.ActiveCfg = Debug|Any CPU
		{B0CEBC04-B004-4AF2-8F4E-619F548A62C6}.Ad-Hoc|Any CPU.Build.0 = Debug|Any CPU
		{B0CEBC04-B004-4AF2-8F4E-619F548A62C6}.Ad-Hoc|ARM.ActiveCfg = Debug|Any CPU
		{B0CEBC04-B004-4AF2-8F4E-619F548A62C6}.Ad-Hoc|ARM.Build.0 = Debug|Any CPU
		{B0CEBC04-B004-4AF2-8F4E-619F548A62C6}.Ad-Hoc|iPhone.ActiveCfg = Debug|Any CPU
		{B0CEBC04-B004-4AF2-8F4E-619F548A62C6}.Ad-Hoc|iPhone.Build.0 = Debug|Any CPU
		{B0CEBC04-B004-4AF2-8F4E-619F548A62C6}.Ad-Hoc|iPhoneSimulator.ActiveCfg = Debug|Any CPU
		{B0CEBC04-B004-4AF2-8F4E-619F548A62C6}.Ad-Hoc|iPhoneSimulator.Build.0 = Debug|Any CPU
		{B0CEBC04-B004-4AF2-8F4E-619F548A62C6}.Ad-Hoc|x64.ActiveCfg = Debug|Any CPU
		{B0CEBC04-B004-4AF2-8F4E-619F548A62C6}.Ad-Hoc|x64.Build.0 = Debug|Any CPU
		{B0CEBC04-B004-4AF2-8F4E-619F548A62C6}.Ad-Hoc|x86.ActiveCfg = Debug|Any CPU
		{B0CEBC04-B004-4AF2-8F4E-619F548A62C6}.Ad-Hoc|x86.Build.0 = Debug|Any CPU
		{B0CEBC04-B004-4AF2-8F4E-619F548A62C6}.AppStore|Any CPU.ActiveCfg = Debug|Any CPU
		{B0CEBC04-B004-4AF2-8F4E-619F548A62C6}.AppStore|Any CPU.Build.0 = Debug|Any CPU
		{B0CEBC04-B004-4AF2-8F4E-619F548A62C6}.AppStore|ARM.ActiveCfg = Debug|Any CPU
		{B0CEBC04-B004-4AF2-8F4E-619F548A62C6}.AppStore|ARM.Build.0 = Debug|Any CPU
		{B0CEBC04-B004-4AF2-8F4E-619F548A62C6}.AppStore|iPhone.ActiveCfg = Debug|Any CPU
		{B0CEBC04-B004-4AF2-8F4E-619F548A62C6}.AppStore|iPhone.Build.0 = Debug|Any CPU
		{B0CEBC04-B004-4AF2-8F4E-619F548A62C6}.AppStore|iPhoneSimulator.ActiveCfg = Debug|Any CPU
		{B0CEBC04-B004-4AF2-8F4E-619F548A62C6}.AppStore|iPhoneSimulator.Build.0 = Debug|Any CPU
		{B0CEBC04-B004-4AF2-8F4E-619F548A62C6}.AppStore|x64.ActiveCfg = Debug|Any CPU
		{B0CEBC04-B004-4AF2-8F4E-619F548A62C6}.AppStore|x64.Build.0 = Debug|Any CPU
		{B0CEBC04-B004-4AF2-8F4E-619F548A62C6}.AppStore|x86.ActiveCfg = Debug|Any CPU
		{B0CEBC04-B004-4AF2-8F4E-619F548A62C6}.AppStore|x86.Build.0 = Debug|Any CPU
		{B0CEBC04-B004-4AF2-8F4E-619F548A62C6}.Debug|Any CPU.ActiveCfg = Debug|Any CPU
		{B0CEBC04-B004-4AF2-8F4E-619F548A62C6}.Debug|Any CPU.Build.0 = Debug|Any CPU
		{B0CEBC04-B004-4AF2-8F4E-619F548A62C6}.Debug|ARM.ActiveCfg = Debug|Any CPU
		{B0CEBC04-B004-4AF2-8F4E-619F548A62C6}.Debug|ARM.Build.0 = Debug|Any CPU
		{B0CEBC04-B004-4AF2-8F4E-619F548A62C6}.Debug|iPhone.ActiveCfg = Debug|Any CPU
		{B0CEBC04-B004-4AF2-8F4E-619F548A62C6}.Debug|iPhone.Build.0 = Debug|Any CPU
		{B0CEBC04-B004-4AF2-8F4E-619F548A62C6}.Debug|iPhoneSimulator.ActiveCfg = Debug|Any CPU
		{B0CEBC04-B004-4AF2-8F4E-619F548A62C6}.Debug|iPhoneSimulator.Build.0 = Debug|Any CPU
		{B0CEBC04-B004-4AF2-8F4E-619F548A62C6}.Debug|x64.ActiveCfg = Debug|Any CPU
		{B0CEBC04-B004-4AF2-8F4E-619F548A62C6}.Debug|x64.Build.0 = Debug|Any CPU
		{B0CEBC04-B004-4AF2-8F4E-619F548A62C6}.Debug|x86.ActiveCfg = Debug|Any CPU
		{B0CEBC04-B004-4AF2-8F4E-619F548A62C6}.Debug|x86.Build.0 = Debug|Any CPU
		{B0CEBC04-B004-4AF2-8F4E-619F548A62C6}.Release|Any CPU.ActiveCfg = Release|Any CPU
		{B0CEBC04-B004-4AF2-8F4E-619F548A62C6}.Release|Any CPU.Build.0 = Release|Any CPU
		{B0CEBC04-B004-4AF2-8F4E-619F548A62C6}.Release|ARM.ActiveCfg = Release|Any CPU
		{B0CEBC04-B004-4AF2-8F4E-619F548A62C6}.Release|ARM.Build.0 = Release|Any CPU
		{B0CEBC04-B004-4AF2-8F4E-619F548A62C6}.Release|iPhone.ActiveCfg = Release|Any CPU
		{B0CEBC04-B004-4AF2-8F4E-619F548A62C6}.Release|iPhone.Build.0 = Release|Any CPU
		{B0CEBC04-B004-4AF2-8F4E-619F548A62C6}.Release|iPhoneSimulator.ActiveCfg = Release|Any CPU
		{B0CEBC04-B004-4AF2-8F4E-619F548A62C6}.Release|iPhoneSimulator.Build.0 = Release|Any CPU
		{B0CEBC04-B004-4AF2-8F4E-619F548A62C6}.Release|x64.ActiveCfg = Release|Any CPU
		{B0CEBC04-B004-4AF2-8F4E-619F548A62C6}.Release|x64.Build.0 = Release|Any CPU
		{B0CEBC04-B004-4AF2-8F4E-619F548A62C6}.Release|x86.ActiveCfg = Release|Any CPU
		{B0CEBC04-B004-4AF2-8F4E-619F548A62C6}.Release|x86.Build.0 = Release|Any CPU
	EndGlobalSection
	GlobalSection(SolutionProperties) = preSolution
		HideSolutionNode = FALSE
	EndGlobalSection
	GlobalSection(ExtensibilityGlobals) = postSolution
		SolutionGuid = {720C0961-0B39-472A-9624-93750A1FEF7D}
	EndGlobalSection
EndGlobal
