
Microsoft Visual Studio Solution File, Format Version 12.00
# Visual Studio 15
VisualStudioVersion = 15.0.27428.2037
MinimumVisualStudioVersion = 10.0.40219.1
Project("{FAE04EC0-301F-11D3-BF4B-00C04F79EFBC}") = "App02_Xamarin.Android", "App02_Xamarin\App02_Xamarin.Android\App02_Xamarin.Android.csproj", "{65F5C7F7-FB63-4F5A-829F-F27152E7C168}"
EndProject
Project("{FAE04EC0-301F-11D3-BF4B-00C04F79EFBC}") = "App02_Xamarin.iOS", "App02_Xamarin\App02_Xamarin.iOS\App02_Xamarin.iOS.csproj", "{5454DB6E-E026-40AF-BC32-795385B41DC5}"
EndProject
Project("{FAE04EC0-301F-11D3-BF4B-00C04F79EFBC}") = "App02_Xamarin.UWP", "App02_Xamarin\App02_Xamarin.UWP\App02_Xamarin.UWP.csproj", "{4E4591EB-5C00-4EA4-BEBF-5B24DD7416A8}"
EndProject
Project("{FAE04EC0-301F-11D3-BF4B-00C04F79EFBC}") = "App02_Xamarin", "App02_Xamarin\App02_Xamarin\App02_Xamarin.csproj", "{5C260C53-86F0-4C8E-94E0-210A84EBA52D}"
EndProject
Global
	GlobalSection(SolutionConfigurationPlatforms) = preSolution
		Ad-Hoc|Any CPU = Ad-Hoc|Any CPU
		Ad-Hoc|ARM = Ad-Hoc|ARM
		Ad-Hoc|iPhone = Ad-Hoc|iPhone
		Ad-Hoc|iPhoneSimulator = Ad-Hoc|iPhoneSimulator
		Ad-Hoc|x64 = Ad-Hoc|x64
		Ad-Hoc|x86 = Ad-Hoc|x86
		AppStore|Any CPU = AppStore|Any CPU
		AppStore|ARM = AppStore|ARM
		AppStore|iPhone = AppStore|iPhone
		AppStore|iPhoneSimulator = AppStore|iPhoneSimulator
		AppStore|x64 = AppStore|x64
		AppStore|x86 = AppStore|x86
		Debug|Any CPU = Debug|Any CPU
		Debug|ARM = Debug|ARM
		Debug|iPhone = Debug|iPhone
		Debug|iPhoneSimulator = Debug|iPhoneSimulator
		Debug|x64 = Debug|x64
		Debug|x86 = Debug|x86
		Release|Any CPU = Release|Any CPU
		Release|ARM = Release|ARM
		Release|iPhone = Release|iPhone
		Release|iPhoneSimulator = Release|iPhoneSimulator
		Release|x64 = Release|x64
		Release|x86 = Release|x86
	EndGlobalSection
	GlobalSection(ProjectConfigurationPlatforms) = postSolution
		{65F5C7F7-FB63-4F5A-829F-F27152E7C168}.Ad-Hoc|Any CPU.ActiveCfg = Release|Any CPU
		{65F5C7F7-FB63-4F5A-829F-F27152E7C168}.Ad-Hoc|Any CPU.Build.0 = Release|Any CPU
		{65F5C7F7-FB63-4F5A-829F-F27152E7C168}.Ad-Hoc|Any CPU.Deploy.0 = Release|Any CPU
		{65F5C7F7-FB63-4F5A-829F-F27152E7C168}.Ad-Hoc|ARM.ActiveCfg = Release|Any CPU
		{65F5C7F7-FB63-4F5A-829F-F27152E7C168}.Ad-Hoc|ARM.Build.0 = Release|Any CPU
		{65F5C7F7-FB63-4F5A-829F-F27152E7C168}.Ad-Hoc|ARM.Deploy.0 = Release|Any CPU
		{65F5C7F7-FB63-4F5A-829F-F27152E7C168}.Ad-Hoc|iPhone.ActiveCfg = Release|Any CPU
		{65F5C7F7-FB63-4F5A-829F-F27152E7C168}.Ad-Hoc|iPhone.Build.0 = Release|Any CPU
		{65F5C7F7-FB63-4F5A-829F-F27152E7C168}.Ad-Hoc|iPhone.Deploy.0 = Release|Any CPU
		{65F5C7F7-FB63-4F5A-829F-F27152E7C168}.Ad-Hoc|iPhoneSimulator.ActiveCfg = Release|Any CPU
		{65F5C7F7-FB63-4F5A-829F-F27152E7C168}.Ad-Hoc|iPhoneSimulator.Build.0 = Release|Any CPU
		{65F5C7F7-FB63-4F5A-829F-F27152E7C168}.Ad-Hoc|iPhoneSimulator.Deploy.0 = Release|Any CPU
		{65F5C7F7-FB63-4F5A-829F-F27152E7C168}.Ad-Hoc|x64.ActiveCfg = Release|Any CPU
		{65F5C7F7-FB63-4F5A-829F-F27152E7C168}.Ad-Hoc|x64.Build.0 = Release|Any CPU
		{65F5C7F7-FB63-4F5A-829F-F27152E7C168}.Ad-Hoc|x64.Deploy.0 = Release|Any CPU
		{65F5C7F7-FB63-4F5A-829F-F27152E7C168}.Ad-Hoc|x86.ActiveCfg = Release|Any CPU
		{65F5C7F7-FB63-4F5A-829F-F27152E7C168}.Ad-Hoc|x86.Build.0 = Release|Any CPU
		{65F5C7F7-FB63-4F5A-829F-F27152E7C168}.Ad-Hoc|x86.Deploy.0 = Release|Any CPU
		{65F5C7F7-FB63-4F5A-829F-F27152E7C168}.AppStore|Any CPU.ActiveCfg = Release|Any CPU
		{65F5C7F7-FB63-4F5A-829F-F27152E7C168}.AppStore|Any CPU.Build.0 = Release|Any CPU
		{65F5C7F7-FB63-4F5A-829F-F27152E7C168}.AppStore|Any CPU.Deploy.0 = Release|Any CPU
		{65F5C7F7-FB63-4F5A-829F-F27152E7C168}.AppStore|ARM.ActiveCfg = Release|Any CPU
		{65F5C7F7-FB63-4F5A-829F-F27152E7C168}.AppStore|ARM.Build.0 = Release|Any CPU
		{65F5C7F7-FB63-4F5A-829F-F27152E7C168}.AppStore|ARM.Deploy.0 = Release|Any CPU
		{65F5C7F7-FB63-4F5A-829F-F27152E7C168}.AppStore|iPhone.ActiveCfg = Release|Any CPU
		{65F5C7F7-FB63-4F5A-829F-F27152E7C168}.AppStore|iPhone.Build.0 = Release|Any CPU
		{65F5C7F7-FB63-4F5A-829F-F27152E7C168}.AppStore|iPhone.Deploy.0 = Release|Any CPU
		{65F5C7F7-FB63-4F5A-829F-F27152E7C168}.AppStore|iPhoneSimulator.ActiveCfg = Release|Any CPU
		{65F5C7F7-FB63-4F5A-829F-F27152E7C168}.AppStore|iPhoneSimulator.Build.0 = Release|Any CPU
		{65F5C7F7-FB63-4F5A-829F-F27152E7C168}.AppStore|iPhoneSimulator.Deploy.0 = Release|Any CPU
		{65F5C7F7-FB63-4F5A-829F-F27152E7C168}.AppStore|x64.ActiveCfg = Release|Any CPU
		{65F5C7F7-FB63-4F5A-829F-F27152E7C168}.AppStore|x64.Build.0 = Release|Any CPU
		{65F5C7F7-FB63-4F5A-829F-F27152E7C168}.AppStore|x64.Deploy.0 = Release|Any CPU
		{65F5C7F7-FB63-4F5A-829F-F27152E7C168}.AppStore|x86.ActiveCfg = Release|Any CPU
		{65F5C7F7-FB63-4F5A-829F-F27152E7C168}.AppStore|x86.Build.0 = Release|Any CPU
		{65F5C7F7-FB63-4F5A-829F-F27152E7C168}.AppStore|x86.Deploy.0 = Release|Any CPU
		{65F5C7F7-FB63-4F5A-829F-F27152E7C168}.Debug|Any CPU.ActiveCfg = Debug|Any CPU
		{65F5C7F7-FB63-4F5A-829F-F27152E7C168}.Debug|Any CPU.Build.0 = Debug|Any CPU
		{65F5C7F7-FB63-4F5A-829F-F27152E7C168}.Debug|Any CPU.Deploy.0 = Debug|Any CPU
		{65F5C7F7-FB63-4F5A-829F-F27152E7C168}.Debug|ARM.ActiveCfg = Debug|Any CPU
		{65F5C7F7-FB63-4F5A-829F-F27152E7C168}.Debug|ARM.Build.0 = Debug|Any CPU
		{65F5C7F7-FB63-4F5A-829F-F27152E7C168}.Debug|ARM.Deploy.0 = Debug|Any CPU
		{65F5C7F7-FB63-4F5A-829F-F27152E7C168}.Debug|iPhone.ActiveCfg = Debug|Any CPU
		{65F5C7F7-FB63-4F5A-829F-F27152E7C168}.Debug|iPhone.Build.0 = Debug|Any CPU
		{65F5C7F7-FB63-4F5A-829F-F27152E7C168}.Debug|iPhone.Deploy.0 = Debug|Any CPU
		{65F5C7F7-FB63-4F5A-829F-F27152E7C168}.Debug|iPhoneSimulator.ActiveCfg = Debug|Any CPU
		{65F5C7F7-FB63-4F5A-829F-F27152E7C168}.Debug|iPhoneSimulator.Build.0 = Debug|Any CPU
		{65F5C7F7-FB63-4F5A-829F-F27152E7C168}.Debug|iPhoneSimulator.Deploy.0 = Debug|Any CPU
		{65F5C7F7-FB63-4F5A-829F-F27152E7C168}.Debug|x64.ActiveCfg = Debug|Any CPU
		{65F5C7F7-FB63-4F5A-829F-F27152E7C168}.Debug|x64.Build.0 = Debug|Any CPU
		{65F5C7F7-FB63-4F5A-829F-F27152E7C168}.Debug|x64.Deploy.0 = Debug|Any CPU
		{65F5C7F7-FB63-4F5A-829F-F27152E7C168}.Debug|x86.ActiveCfg = Debug|Any CPU
		{65F5C7F7-FB63-4F5A-829F-F27152E7C168}.Debug|x86.Build.0 = Debug|Any CPU
		{65F5C7F7-FB63-4F5A-829F-F27152E7C168}.Debug|x86.Deploy.0 = Debug|Any CPU
		{65F5C7F7-FB63-4F5A-829F-F27152E7C168}.Release|Any CPU.ActiveCfg = Release|Any CPU
		{65F5C7F7-FB63-4F5A-829F-F27152E7C168}.Release|Any CPU.Build.0 = Release|Any CPU
		{65F5C7F7-FB63-4F5A-829F-F27152E7C168}.Release|Any CPU.Deploy.0 = Release|Any CPU
		{65F5C7F7-FB63-4F5A-829F-F27152E7C168}.Release|ARM.ActiveCfg = Release|Any CPU
		{65F5C7F7-FB63-4F5A-829F-F27152E7C168}.Release|ARM.Build.0 = Release|Any CPU
		{65F5C7F7-FB63-4F5A-829F-F27152E7C168}.Release|ARM.Deploy.0 = Release|Any CPU
		{65F5C7F7-FB63-4F5A-829F-F27152E7C168}.Release|iPhone.ActiveCfg = Release|Any CPU
		{65F5C7F7-FB63-4F5A-829F-F27152E7C168}.Release|iPhone.Build.0 = Release|Any CPU
		{65F5C7F7-FB63-4F5A-829F-F27152E7C168}.Release|iPhone.Deploy.0 = Release|Any CPU
		{65F5C7F7-FB63-4F5A-829F-F27152E7C168}.Release|iPhoneSimulator.ActiveCfg = Release|Any CPU
		{65F5C7F7-FB63-4F5A-829F-F27152E7C168}.Release|iPhoneSimulator.Build.0 = Release|Any CPU
		{65F5C7F7-FB63-4F5A-829F-F27152E7C168}.Release|iPhoneSimulator.Deploy.0 = Release|Any CPU
		{65F5C7F7-FB63-4F5A-829F-F27152E7C168}.Release|x64.ActiveCfg = Release|Any CPU
		{65F5C7F7-FB63-4F5A-829F-F27152E7C168}.Release|x64.Build.0 = Release|Any CPU
		{65F5C7F7-FB63-4F5A-829F-F27152E7C168}.Release|x64.Deploy.0 = Release|Any CPU
		{65F5C7F7-FB63-4F5A-829F-F27152E7C168}.Release|x86.ActiveCfg = Release|Any CPU
		{65F5C7F7-FB63-4F5A-829F-F27152E7C168}.Release|x86.Build.0 = Release|Any CPU
		{65F5C7F7-FB63-4F5A-829F-F27152E7C168}.Release|x86.Deploy.0 = Release|Any CPU
		{5454DB6E-E026-40AF-BC32-795385B41DC5}.Ad-Hoc|Any CPU.ActiveCfg = Ad-Hoc|iPhone
		{5454DB6E-E026-40AF-BC32-795385B41DC5}.Ad-Hoc|ARM.ActiveCfg = Ad-Hoc|iPhone
		{5454DB6E-E026-40AF-BC32-795385B41DC5}.Ad-Hoc|iPhone.ActiveCfg = Ad-Hoc|iPhone
		{5454DB6E-E026-40AF-BC32-795385B41DC5}.Ad-Hoc|iPhone.Build.0 = Ad-Hoc|iPhone
		{5454DB6E-E026-40AF-BC32-795385B41DC5}.Ad-Hoc|iPhoneSimulator.ActiveCfg = Ad-Hoc|iPhoneSimulator
		{5454DB6E-E026-40AF-BC32-795385B41DC5}.Ad-Hoc|iPhoneSimulator.Build.0 = Ad-Hoc|iPhoneSimulator
		{5454DB6E-E026-40AF-BC32-795385B41DC5}.Ad-Hoc|x64.ActiveCfg = Ad-Hoc|iPhone
		{5454DB6E-E026-40AF-BC32-795385B41DC5}.Ad-Hoc|x86.ActiveCfg = Ad-Hoc|iPhone
		{5454DB6E-E026-40AF-BC32-795385B41DC5}.AppStore|Any CPU.ActiveCfg = AppStore|iPhone
		{5454DB6E-E026-40AF-BC32-795385B41DC5}.AppStore|ARM.ActiveCfg = AppStore|iPhone
		{5454DB6E-E026-40AF-BC32-795385B41DC5}.AppStore|iPhone.ActiveCfg = AppStore|iPhone
		{5454DB6E-E026-40AF-BC32-795385B41DC5}.AppStore|iPhone.Build.0 = AppStore|iPhone
		{5454DB6E-E026-40AF-BC32-795385B41DC5}.AppStore|iPhoneSimulator.ActiveCfg = AppStore|iPhoneSimulator
		{5454DB6E-E026-40AF-BC32-795385B41DC5}.AppStore|iPhoneSimulator.Build.0 = AppStore|iPhoneSimulator
		{5454DB6E-E026-40AF-BC32-795385B41DC5}.AppStore|x64.ActiveCfg = AppStore|iPhone
		{5454DB6E-E026-40AF-BC32-795385B41DC5}.AppStore|x86.ActiveCfg = AppStore|iPhone
		{5454DB6E-E026-40AF-BC32-795385B41DC5}.Debug|Any CPU.ActiveCfg = Debug|iPhone
		{5454DB6E-E026-40AF-BC32-795385B41DC5}.Debug|ARM.ActiveCfg = Debug|iPhone
		{5454DB6E-E026-40AF-BC32-795385B41DC5}.Debug|iPhone.ActiveCfg = Debug|iPhone
		{5454DB6E-E026-40AF-BC32-795385B41DC5}.Debug|iPhone.Build.0 = Debug|iPhone
		{5454DB6E-E026-40AF-BC32-795385B41DC5}.Debug|iPhoneSimulator.ActiveCfg = Debug|iPhoneSimulator
		{5454DB6E-E026-40AF-BC32-795385B41DC5}.Debug|iPhoneSimulator.Build.0 = Debug|iPhoneSimulator
		{5454DB6E-E026-40AF-BC32-795385B41DC5}.Debug|x64.ActiveCfg = Debug|iPhone
		{5454DB6E-E026-40AF-BC32-795385B41DC5}.Debug|x86.ActiveCfg = Debug|iPhone
		{5454DB6E-E026-40AF-BC32-795385B41DC5}.Release|Any CPU.ActiveCfg = Release|iPhone
		{5454DB6E-E026-40AF-BC32-795385B41DC5}.Release|ARM.ActiveCfg = Release|iPhone
		{5454DB6E-E026-40AF-BC32-795385B41DC5}.Release|iPhone.ActiveCfg = Release|iPhone
		{5454DB6E-E026-40AF-BC32-795385B41DC5}.Release|iPhone.Build.0 = Release|iPhone
		{5454DB6E-E026-40AF-BC32-795385B41DC5}.Release|iPhoneSimulator.ActiveCfg = Release|iPhoneSimulator
		{5454DB6E-E026-40AF-BC32-795385B41DC5}.Release|iPhoneSimulator.Build.0 = Release|iPhoneSimulator
		{5454DB6E-E026-40AF-BC32-795385B41DC5}.Release|x64.ActiveCfg = Release|iPhone
		{5454DB6E-E026-40AF-BC32-795385B41DC5}.Release|x86.ActiveCfg = Release|iPhone
		{4E4591EB-5C00-4EA4-BEBF-5B24DD7416A8}.Ad-Hoc|Any CPU.ActiveCfg = Release|x86
		{4E4591EB-5C00-4EA4-BEBF-5B24DD7416A8}.Ad-Hoc|Any CPU.Build.0 = Release|x86
		{4E4591EB-5C00-4EA4-BEBF-5B24DD7416A8}.Ad-Hoc|Any CPU.Deploy.0 = Release|x86
		{4E4591EB-5C00-4EA4-BEBF-5B24DD7416A8}.Ad-Hoc|ARM.ActiveCfg = Release|ARM
		{4E4591EB-5C00-4EA4-BEBF-5B24DD7416A8}.Ad-Hoc|ARM.Build.0 = Release|ARM
		{4E4591EB-5C00-4EA4-BEBF-5B24DD7416A8}.Ad-Hoc|ARM.Deploy.0 = Release|ARM
		{4E4591EB-5C00-4EA4-BEBF-5B24DD7416A8}.Ad-Hoc|iPhone.ActiveCfg = Release|x86
		{4E4591EB-5C00-4EA4-BEBF-5B24DD7416A8}.Ad-Hoc|iPhone.Build.0 = Release|x86
		{4E4591EB-5C00-4EA4-BEBF-5B24DD7416A8}.Ad-Hoc|iPhone.Deploy.0 = Release|x86
		{4E4591EB-5C00-4EA4-BEBF-5B24DD7416A8}.Ad-Hoc|iPhoneSimulator.ActiveCfg = Release|x86
		{4E4591EB-5C00-4EA4-BEBF-5B24DD7416A8}.Ad-Hoc|iPhoneSimulator.Build.0 = Release|x86
		{4E4591EB-5C00-4EA4-BEBF-5B24DD7416A8}.Ad-Hoc|iPhoneSimulator.Deploy.0 = Release|x86
		{4E4591EB-5C00-4EA4-BEBF-5B24DD7416A8}.Ad-Hoc|x64.ActiveCfg = Release|x64
		{4E4591EB-5C00-4EA4-BEBF-5B24DD7416A8}.Ad-Hoc|x64.Build.0 = Release|x64
		{4E4591EB-5C00-4EA4-BEBF-5B24DD7416A8}.Ad-Hoc|x64.Deploy.0 = Release|x64
		{4E4591EB-5C00-4EA4-BEBF-5B24DD7416A8}.Ad-Hoc|x86.ActiveCfg = Release|x86
		{4E4591EB-5C00-4EA4-BEBF-5B24DD7416A8}.Ad-Hoc|x86.Build.0 = Release|x86
		{4E4591EB-5C00-4EA4-BEBF-5B24DD7416A8}.Ad-Hoc|x86.Deploy.0 = Release|x86
		{4E4591EB-5C00-4EA4-BEBF-5B24DD7416A8}.AppStore|Any CPU.ActiveCfg = Release|x86
		{4E4591EB-5C00-4EA4-BEBF-5B24DD7416A8}.AppStore|Any CPU.Build.0 = Release|x86
		{4E4591EB-5C00-4EA4-BEBF-5B24DD7416A8}.AppStore|Any CPU.Deploy.0 = Release|x86
		{4E4591EB-5C00-4EA4-BEBF-5B24DD7416A8}.AppStore|ARM.ActiveCfg = Release|ARM
		{4E4591EB-5C00-4EA4-BEBF-5B24DD7416A8}.AppStore|ARM.Build.0 = Release|ARM
		{4E4591EB-5C00-4EA4-BEBF-5B24DD7416A8}.AppStore|ARM.Deploy.0 = Release|ARM
		{4E4591EB-5C00-4EA4-BEBF-5B24DD7416A8}.AppStore|iPhone.ActiveCfg = Release|x86
		{4E4591EB-5C00-4EA4-BEBF-5B24DD7416A8}.AppStore|iPhone.Build.0 = Release|x86
		{4E4591EB-5C00-4EA4-BEBF-5B24DD7416A8}.AppStore|iPhone.Deploy.0 = Release|x86
		{4E4591EB-5C00-4EA4-BEBF-5B24DD7416A8}.AppStore|iPhoneSimulator.ActiveCfg = Release|x86
		{4E4591EB-5C00-4EA4-BEBF-5B24DD7416A8}.AppStore|iPhoneSimulator.Build.0 = Release|x86
		{4E4591EB-5C00-4EA4-BEBF-5B24DD7416A8}.AppStore|iPhoneSimulator.Deploy.0 = Release|x86
		{4E4591EB-5C00-4EA4-BEBF-5B24DD7416A8}.AppStore|x64.ActiveCfg = Release|x64
		{4E4591EB-5C00-4EA4-BEBF-5B24DD7416A8}.AppStore|x64.Build.0 = Release|x64
		{4E4591EB-5C00-4EA4-BEBF-5B24DD7416A8}.AppStore|x64.Deploy.0 = Release|x64
		{4E4591EB-5C00-4EA4-BEBF-5B24DD7416A8}.AppStore|x86.ActiveCfg = Release|x86
		{4E4591EB-5C00-4EA4-BEBF-5B24DD7416A8}.AppStore|x86.Build.0 = Release|x86
		{4E4591EB-5C00-4EA4-BEBF-5B24DD7416A8}.AppStore|x86.Deploy.0 = Release|x86
		{4E4591EB-5C00-4EA4-BEBF-5B24DD7416A8}.Debug|Any CPU.ActiveCfg = Debug|x86
		{4E4591EB-5C00-4EA4-BEBF-5B24DD7416A8}.Debug|ARM.ActiveCfg = Debug|ARM
		{4E4591EB-5C00-4EA4-BEBF-5B24DD7416A8}.Debug|ARM.Build.0 = Debug|ARM
		{4E4591EB-5C00-4EA4-BEBF-5B24DD7416A8}.Debug|ARM.Deploy.0 = Debug|ARM
		{4E4591EB-5C00-4EA4-BEBF-5B24DD7416A8}.Debug|iPhone.ActiveCfg = Debug|x86
		{4E4591EB-5C00-4EA4-BEBF-5B24DD7416A8}.Debug|iPhoneSimulator.ActiveCfg = Debug|x86
		{4E4591EB-5C00-4EA4-BEBF-5B24DD7416A8}.Debug|x64.ActiveCfg = Debug|x64
		{4E4591EB-5C00-4EA4-BEBF-5B24DD7416A8}.Debug|x64.Build.0 = Debug|x64
		{4E4591EB-5C00-4EA4-BEBF-5B24DD7416A8}.Debug|x64.Deploy.0 = Debug|x64
		{4E4591EB-5C00-4EA4-BEBF-5B24DD7416A8}.Debug|x86.ActiveCfg = Debug|x86
		{4E4591EB-5C00-4EA4-BEBF-5B24DD7416A8}.Debug|x86.Build.0 = Debug|x86
		{4E4591EB-5C00-4EA4-BEBF-5B24DD7416A8}.Debug|x86.Deploy.0 = Debug|x86
		{4E4591EB-5C00-4EA4-BEBF-5B24DD7416A8}.Release|Any CPU.ActiveCfg = Release|x86
		{4E4591EB-5C00-4EA4-BEBF-5B24DD7416A8}.Release|ARM.ActiveCfg = Release|ARM
		{4E4591EB-5C00-4EA4-BEBF-5B24DD7416A8}.Release|ARM.Build.0 = Release|ARM
		{4E4591EB-5C00-4EA4-BEBF-5B24DD7416A8}.Release|ARM.Deploy.0 = Release|ARM
		{4E4591EB-5C00-4EA4-BEBF-5B24DD7416A8}.Release|iPhone.ActiveCfg = Release|x86
		{4E4591EB-5C00-4EA4-BEBF-5B24DD7416A8}.Release|iPhoneSimulator.ActiveCfg = Release|x86
		{4E4591EB-5C00-4EA4-BEBF-5B24DD7416A8}.Release|x64.ActiveCfg = Release|x64
		{4E4591EB-5C00-4EA4-BEBF-5B24DD7416A8}.Release|x64.Build.0 = Release|x64
		{4E4591EB-5C00-4EA4-BEBF-5B24DD7416A8}.Release|x64.Deploy.0 = Release|x64
		{4E4591EB-5C00-4EA4-BEBF-5B24DD7416A8}.Release|x86.ActiveCfg = Release|x86
		{4E4591EB-5C00-4EA4-BEBF-5B24DD7416A8}.Release|x86.Build.0 = Release|x86
		{4E4591EB-5C00-4EA4-BEBF-5B24DD7416A8}.Release|x86.Deploy.0 = Release|x86
		{5C260C53-86F0-4C8E-94E0-210A84EBA52D}.Ad-Hoc|Any CPU.ActiveCfg = Debug|Any CPU
		{5C260C53-86F0-4C8E-94E0-210A84EBA52D}.Ad-Hoc|Any CPU.Build.0 = Debug|Any CPU
		{5C260C53-86F0-4C8E-94E0-210A84EBA52D}.Ad-Hoc|ARM.ActiveCfg = Debug|Any CPU
		{5C260C53-86F0-4C8E-94E0-210A84EBA52D}.Ad-Hoc|ARM.Build.0 = Debug|Any CPU
		{5C260C53-86F0-4C8E-94E0-210A84EBA52D}.Ad-Hoc|iPhone.ActiveCfg = Debug|Any CPU
		{5C260C53-86F0-4C8E-94E0-210A84EBA52D}.Ad-Hoc|iPhone.Build.0 = Debug|Any CPU
		{5C260C53-86F0-4C8E-94E0-210A84EBA52D}.Ad-Hoc|iPhoneSimulator.ActiveCfg = Debug|Any CPU
		{5C260C53-86F0-4C8E-94E0-210A84EBA52D}.Ad-Hoc|iPhoneSimulator.Build.0 = Debug|Any CPU
		{5C260C53-86F0-4C8E-94E0-210A84EBA52D}.Ad-Hoc|x64.ActiveCfg = Debug|Any CPU
		{5C260C53-86F0-4C8E-94E0-210A84EBA52D}.Ad-Hoc|x64.Build.0 = Debug|Any CPU
		{5C260C53-86F0-4C8E-94E0-210A84EBA52D}.Ad-Hoc|x86.ActiveCfg = Debug|Any CPU
		{5C260C53-86F0-4C8E-94E0-210A84EBA52D}.Ad-Hoc|x86.Build.0 = Debug|Any CPU
		{5C260C53-86F0-4C8E-94E0-210A84EBA52D}.AppStore|Any CPU.ActiveCfg = Debug|Any CPU
		{5C260C53-86F0-4C8E-94E0-210A84EBA52D}.AppStore|Any CPU.Build.0 = Debug|Any CPU
		{5C260C53-86F0-4C8E-94E0-210A84EBA52D}.AppStore|ARM.ActiveCfg = Debug|Any CPU
		{5C260C53-86F0-4C8E-94E0-210A84EBA52D}.AppStore|ARM.Build.0 = Debug|Any CPU
		{5C260C53-86F0-4C8E-94E0-210A84EBA52D}.AppStore|iPhone.ActiveCfg = Debug|Any CPU
		{5C260C53-86F0-4C8E-94E0-210A84EBA52D}.AppStore|iPhone.Build.0 = Debug|Any CPU
		{5C260C53-86F0-4C8E-94E0-210A84EBA52D}.AppStore|iPhoneSimulator.ActiveCfg = Debug|Any CPU
		{5C260C53-86F0-4C8E-94E0-210A84EBA52D}.AppStore|iPhoneSimulator.Build.0 = Debug|Any CPU
		{5C260C53-86F0-4C8E-94E0-210A84EBA52D}.AppStore|x64.ActiveCfg = Debug|Any CPU
		{5C260C53-86F0-4C8E-94E0-210A84EBA52D}.AppStore|x64.Build.0 = Debug|Any CPU
		{5C260C53-86F0-4C8E-94E0-210A84EBA52D}.AppStore|x86.ActiveCfg = Debug|Any CPU
		{5C260C53-86F0-4C8E-94E0-210A84EBA52D}.AppStore|x86.Build.0 = Debug|Any CPU
		{5C260C53-86F0-4C8E-94E0-210A84EBA52D}.Debug|Any CPU.ActiveCfg = Debug|Any CPU
		{5C260C53-86F0-4C8E-94E0-210A84EBA52D}.Debug|Any CPU.Build.0 = Debug|Any CPU
		{5C260C53-86F0-4C8E-94E0-210A84EBA52D}.Debug|ARM.ActiveCfg = Debug|Any CPU
		{5C260C53-86F0-4C8E-94E0-210A84EBA52D}.Debug|ARM.Build.0 = Debug|Any CPU
		{5C260C53-86F0-4C8E-94E0-210A84EBA52D}.Debug|iPhone.ActiveCfg = Debug|Any CPU
		{5C260C53-86F0-4C8E-94E0-210A84EBA52D}.Debug|iPhone.Build.0 = Debug|Any CPU
		{5C260C53-86F0-4C8E-94E0-210A84EBA52D}.Debug|iPhoneSimulator.ActiveCfg = Debug|Any CPU
		{5C260C53-86F0-4C8E-94E0-210A84EBA52D}.Debug|iPhoneSimulator.Build.0 = Debug|Any CPU
		{5C260C53-86F0-4C8E-94E0-210A84EBA52D}.Debug|x64.ActiveCfg = Debug|Any CPU
		{5C260C53-86F0-4C8E-94E0-210A84EBA52D}.Debug|x64.Build.0 = Debug|Any CPU
		{5C260C53-86F0-4C8E-94E0-210A84EBA52D}.Debug|x86.ActiveCfg = Debug|Any CPU
		{5C260C53-86F0-4C8E-94E0-210A84EBA52D}.Debug|x86.Build.0 = Debug|Any CPU
		{5C260C53-86F0-4C8E-94E0-210A84EBA52D}.Release|Any CPU.ActiveCfg = Release|Any CPU
		{5C260C53-86F0-4C8E-94E0-210A84EBA52D}.Release|Any CPU.Build.0 = Release|Any CPU
		{5C260C53-86F0-4C8E-94E0-210A84EBA52D}.Release|ARM.ActiveCfg = Release|Any CPU
		{5C260C53-86F0-4C8E-94E0-210A84EBA52D}.Release|ARM.Build.0 = Release|Any CPU
		{5C260C53-86F0-4C8E-94E0-210A84EBA52D}.Release|iPhone.ActiveCfg = Release|Any CPU
		{5C260C53-86F0-4C8E-94E0-210A84EBA52D}.Release|iPhone.Build.0 = Release|Any CPU
		{5C260C53-86F0-4C8E-94E0-210A84EBA52D}.Release|iPhoneSimulator.ActiveCfg = Release|Any CPU
		{5C260C53-86F0-4C8E-94E0-210A84EBA52D}.Release|iPhoneSimulator.Build.0 = Release|Any CPU
		{5C260C53-86F0-4C8E-94E0-210A84EBA52D}.Release|x64.ActiveCfg = Release|Any CPU
		{5C260C53-86F0-4C8E-94E0-210A84EBA52D}.Release|x64.Build.0 = Release|Any CPU
		{5C260C53-86F0-4C8E-94E0-210A84EBA52D}.Release|x86.ActiveCfg = Release|Any CPU
		{5C260C53-86F0-4C8E-94E0-210A84EBA52D}.Release|x86.Build.0 = Release|Any CPU
	EndGlobalSection
	GlobalSection(SolutionProperties) = preSolution
		HideSolutionNode = FALSE
	EndGlobalSection
	GlobalSection(ExtensibilityGlobals) = postSolution
		SolutionGuid = {C90EFFD1-1348-414D-8258-27C77BFFC510}
	EndGlobalSection
EndGlobal
