
Microsoft Visual Studio Solution File, Format Version 12.00
# Visual Studio 15
VisualStudioVersion = 15.0.27428.2037
MinimumVisualStudioVersion = 10.0.40219.1
Project("{FAE04EC0-301F-11D3-BF4B-00C04F79EFBC}") = "App2_Tarefa.Android", "App2_Tarefa\App2_Tarefa.Android\App2_Tarefa.Android.csproj", "{D7E0A497-4F19-420B-9E14-50C207979404}"
EndProject
Project("{FAE04EC0-301F-11D3-BF4B-00C04F79EFBC}") = "App2_Tarefa.iOS", "App2_Tarefa\App2_Tarefa.iOS\App2_Tarefa.iOS.csproj", "{D76F4E24-7C82-45C9-A16F-7E09DDA6BFAB}"
EndProject
Project("{FAE04EC0-301F-11D3-BF4B-00C04F79EFBC}") = "App2_Tarefa.UWP", "App2_Tarefa\App2_Tarefa.UWP\App2_Tarefa.UWP.csproj", "{4AD44234-CD52-4CEC-870B-7443CF583233}"
EndProject
Project("{FAE04EC0-301F-11D3-BF4B-00C04F79EFBC}") = "App2_Tarefa", "App2_Tarefa\App2_Tarefa\App2_Tarefa.csproj", "{B89D8347-0FA1-410A-B70B-114BA7744E96}"
EndProject
Global
	GlobalSection(SolutionConfigurationPlatforms) = preSolution
		Ad-Hoc|Any CPU = Ad-Hoc|Any CPU
		Ad-Hoc|ARM = Ad-Hoc|ARM
		Ad-Hoc|iPhone = Ad-Hoc|iPhone
		Ad-Hoc|iPhoneSimulator = Ad-Hoc|iPhoneSimulator
		Ad-Hoc|x64 = Ad-Hoc|x64
		Ad-Hoc|x86 = Ad-Hoc|x86
		AppStore|Any CPU = AppStore|Any CPU
		AppStore|ARM = AppStore|ARM
		AppStore|iPhone = AppStore|iPhone
		AppStore|iPhoneSimulator = AppStore|iPhoneSimulator
		AppStore|x64 = AppStore|x64
		AppStore|x86 = AppStore|x86
		Debug|Any CPU = Debug|Any CPU
		Debug|ARM = Debug|ARM
		Debug|iPhone = Debug|iPhone
		Debug|iPhoneSimulator = Debug|iPhoneSimulator
		Debug|x64 = Debug|x64
		Debug|x86 = Debug|x86
		Release|Any CPU = Release|Any CPU
		Release|ARM = Release|ARM
		Release|iPhone = Release|iPhone
		Release|iPhoneSimulator = Release|iPhoneSimulator
		Release|x64 = Release|x64
		Release|x86 = Release|x86
	EndGlobalSection
	GlobalSection(ProjectConfigurationPlatforms) = postSolution
		{D7E0A497-4F19-420B-9E14-50C207979404}.Ad-Hoc|Any CPU.ActiveCfg = Release|Any CPU
		{D7E0A497-4F19-420B-9E14-50C207979404}.Ad-Hoc|Any CPU.Build.0 = Release|Any CPU
		{D7E0A497-4F19-420B-9E14-50C207979404}.Ad-Hoc|Any CPU.Deploy.0 = Release|Any CPU
		{D7E0A497-4F19-420B-9E14-50C207979404}.Ad-Hoc|ARM.ActiveCfg = Release|Any CPU
		{D7E0A497-4F19-420B-9E14-50C207979404}.Ad-Hoc|ARM.Build.0 = Release|Any CPU
		{D7E0A497-4F19-420B-9E14-50C207979404}.Ad-Hoc|ARM.Deploy.0 = Release|Any CPU
		{D7E0A497-4F19-420B-9E14-50C207979404}.Ad-Hoc|iPhone.ActiveCfg = Release|Any CPU
		{D7E0A497-4F19-420B-9E14-50C207979404}.Ad-Hoc|iPhone.Build.0 = Release|Any CPU
		{D7E0A497-4F19-420B-9E14-50C207979404}.Ad-Hoc|iPhone.Deploy.0 = Release|Any CPU
		{D7E0A497-4F19-420B-9E14-50C207979404}.Ad-Hoc|iPhoneSimulator.ActiveCfg = Release|Any CPU
		{D7E0A497-4F19-420B-9E14-50C207979404}.Ad-Hoc|iPhoneSimulator.Build.0 = Release|Any CPU
		{D7E0A497-4F19-420B-9E14-50C207979404}.Ad-Hoc|iPhoneSimulator.Deploy.0 = Release|Any CPU
		{D7E0A497-4F19-420B-9E14-50C207979404}.Ad-Hoc|x64.ActiveCfg = Release|Any CPU
		{D7E0A497-4F19-420B-9E14-50C207979404}.Ad-Hoc|x64.Build.0 = Release|Any CPU
		{D7E0A497-4F19-420B-9E14-50C207979404}.Ad-Hoc|x64.Deploy.0 = Release|Any CPU
		{D7E0A497-4F19-420B-9E14-50C207979404}.Ad-Hoc|x86.ActiveCfg = Release|Any CPU
		{D7E0A497-4F19-420B-9E14-50C207979404}.Ad-Hoc|x86.Build.0 = Release|Any CPU
		{D7E0A497-4F19-420B-9E14-50C207979404}.Ad-Hoc|x86.Deploy.0 = Release|Any CPU
		{D7E0A497-4F19-420B-9E14-50C207979404}.AppStore|Any CPU.ActiveCfg = Release|Any CPU
		{D7E0A497-4F19-420B-9E14-50C207979404}.AppStore|Any CPU.Build.0 = Release|Any CPU
		{D7E0A497-4F19-420B-9E14-50C207979404}.AppStore|Any CPU.Deploy.0 = Release|Any CPU
		{D7E0A497-4F19-420B-9E14-50C207979404}.AppStore|ARM.ActiveCfg = Release|Any CPU
		{D7E0A497-4F19-420B-9E14-50C207979404}.AppStore|ARM.Build.0 = Release|Any CPU
		{D7E0A497-4F19-420B-9E14-50C207979404}.AppStore|ARM.Deploy.0 = Release|Any CPU
		{D7E0A497-4F19-420B-9E14-50C207979404}.AppStore|iPhone.ActiveCfg = Release|Any CPU
		{D7E0A497-4F19-420B-9E14-50C207979404}.AppStore|iPhone.Build.0 = Release|Any CPU
		{D7E0A497-4F19-420B-9E14-50C207979404}.AppStore|iPhone.Deploy.0 = Release|Any CPU
		{D7E0A497-4F19-420B-9E14-50C207979404}.AppStore|iPhoneSimulator.ActiveCfg = Release|Any CPU
		{D7E0A497-4F19-420B-9E14-50C207979404}.AppStore|iPhoneSimulator.Build.0 = Release|Any CPU
		{D7E0A497-4F19-420B-9E14-50C207979404}.AppStore|iPhoneSimulator.Deploy.0 = Release|Any CPU
		{D7E0A497-4F19-420B-9E14-50C207979404}.AppStore|x64.ActiveCfg = Release|Any CPU
		{D7E0A497-4F19-420B-9E14-50C207979404}.AppStore|x64.Build.0 = Release|Any CPU
		{D7E0A497-4F19-420B-9E14-50C207979404}.AppStore|x64.Deploy.0 = Release|Any CPU
		{D7E0A497-4F19-420B-9E14-50C207979404}.AppStore|x86.ActiveCfg = Release|Any CPU
		{D7E0A497-4F19-420B-9E14-50C207979404}.AppStore|x86.Build.0 = Release|Any CPU
		{D7E0A497-4F19-420B-9E14-50C207979404}.AppStore|x86.Deploy.0 = Release|Any CPU
		{D7E0A497-4F19-420B-9E14-50C207979404}.Debug|Any CPU.ActiveCfg = Debug|Any CPU
		{D7E0A497-4F19-420B-9E14-50C207979404}.Debug|Any CPU.Build.0 = Debug|Any CPU
		{D7E0A497-4F19-420B-9E14-50C207979404}.Debug|Any CPU.Deploy.0 = Debug|Any CPU
		{D7E0A497-4F19-420B-9E14-50C207979404}.Debug|ARM.ActiveCfg = Debug|Any CPU
		{D7E0A497-4F19-420B-9E14-50C207979404}.Debug|ARM.Build.0 = Debug|Any CPU
		{D7E0A497-4F19-420B-9E14-50C207979404}.Debug|ARM.Deploy.0 = Debug|Any CPU
		{D7E0A497-4F19-420B-9E14-50C207979404}.Debug|iPhone.ActiveCfg = Debug|Any CPU
		{D7E0A497-4F19-420B-9E14-50C207979404}.Debug|iPhone.Build.0 = Debug|Any CPU
		{D7E0A497-4F19-420B-9E14-50C207979404}.Debug|iPhone.Deploy.0 = Debug|Any CPU
		{D7E0A497-4F19-420B-9E14-50C207979404}.Debug|iPhoneSimulator.ActiveCfg = Debug|Any CPU
		{D7E0A497-4F19-420B-9E14-50C207979404}.Debug|iPhoneSimulator.Build.0 = Debug|Any CPU
		{D7E0A497-4F19-420B-9E14-50C207979404}.Debug|iPhoneSimulator.Deploy.0 = Debug|Any CPU
		{D7E0A497-4F19-420B-9E14-50C207979404}.Debug|x64.ActiveCfg = Debug|Any CPU
		{D7E0A497-4F19-420B-9E14-50C207979404}.Debug|x64.Build.0 = Debug|Any CPU
		{D7E0A497-4F19-420B-9E14-50C207979404}.Debug|x64.Deploy.0 = Debug|Any CPU
		{D7E0A497-4F19-420B-9E14-50C207979404}.Debug|x86.ActiveCfg = Debug|Any CPU
		{D7E0A497-4F19-420B-9E14-50C207979404}.Debug|x86.Build.0 = Debug|Any CPU
		{D7E0A497-4F19-420B-9E14-50C207979404}.Debug|x86.Deploy.0 = Debug|Any CPU
		{D7E0A497-4F19-420B-9E14-50C207979404}.Release|Any CPU.ActiveCfg = Release|Any CPU
		{D7E0A497-4F19-420B-9E14-50C207979404}.Release|Any CPU.Build.0 = Release|Any CPU
		{D7E0A497-4F19-420B-9E14-50C207979404}.Release|Any CPU.Deploy.0 = Release|Any CPU
		{D7E0A497-4F19-420B-9E14-50C207979404}.Release|ARM.ActiveCfg = Release|Any CPU
		{D7E0A497-4F19-420B-9E14-50C207979404}.Release|ARM.Build.0 = Release|Any CPU
		{D7E0A497-4F19-420B-9E14-50C207979404}.Release|ARM.Deploy.0 = Release|Any CPU
		{D7E0A497-4F19-420B-9E14-50C207979404}.Release|iPhone.ActiveCfg = Release|Any CPU
		{D7E0A497-4F19-420B-9E14-50C207979404}.Release|iPhone.Build.0 = Release|Any CPU
		{D7E0A497-4F19-420B-9E14-50C207979404}.Release|iPhone.Deploy.0 = Release|Any CPU
		{D7E0A497-4F19-420B-9E14-50C207979404}.Release|iPhoneSimulator.ActiveCfg = Release|Any CPU
		{D7E0A497-4F19-420B-9E14-50C207979404}.Release|iPhoneSimulator.Build.0 = Release|Any CPU
		{D7E0A497-4F19-420B-9E14-50C207979404}.Release|iPhoneSimulator.Deploy.0 = Release|Any CPU
		{D7E0A497-4F19-420B-9E14-50C207979404}.Release|x64.ActiveCfg = Release|Any CPU
		{D7E0A497-4F19-420B-9E14-50C207979404}.Release|x64.Build.0 = Release|Any CPU
		{D7E0A497-4F19-420B-9E14-50C207979404}.Release|x64.Deploy.0 = Release|Any CPU
		{D7E0A497-4F19-420B-9E14-50C207979404}.Release|x86.ActiveCfg = Release|Any CPU
		{D7E0A497-4F19-420B-9E14-50C207979404}.Release|x86.Build.0 = Release|Any CPU
		{D7E0A497-4F19-420B-9E14-50C207979404}.Release|x86.Deploy.0 = Release|Any CPU
		{D76F4E24-7C82-45C9-A16F-7E09DDA6BFAB}.Ad-Hoc|Any CPU.ActiveCfg = Ad-Hoc|iPhone
		{D76F4E24-7C82-45C9-A16F-7E09DDA6BFAB}.Ad-Hoc|ARM.ActiveCfg = Ad-Hoc|iPhone
		{D76F4E24-7C82-45C9-A16F-7E09DDA6BFAB}.Ad-Hoc|iPhone.ActiveCfg = Ad-Hoc|iPhone
		{D76F4E24-7C82-45C9-A16F-7E09DDA6BFAB}.Ad-Hoc|iPhone.Build.0 = Ad-Hoc|iPhone
		{D76F4E24-7C82-45C9-A16F-7E09DDA6BFAB}.Ad-Hoc|iPhoneSimulator.ActiveCfg = Ad-Hoc|iPhoneSimulator
		{D76F4E24-7C82-45C9-A16F-7E09DDA6BFAB}.Ad-Hoc|iPhoneSimulator.Build.0 = Ad-Hoc|iPhoneSimulator
		{D76F4E24-7C82-45C9-A16F-7E09DDA6BFAB}.Ad-Hoc|x64.ActiveCfg = Ad-Hoc|iPhone
		{D76F4E24-7C82-45C9-A16F-7E09DDA6BFAB}.Ad-Hoc|x86.ActiveCfg = Ad-Hoc|iPhone
		{D76F4E24-7C82-45C9-A16F-7E09DDA6BFAB}.AppStore|Any CPU.ActiveCfg = AppStore|iPhone
		{D76F4E24-7C82-45C9-A16F-7E09DDA6BFAB}.AppStore|ARM.ActiveCfg = AppStore|iPhone
		{D76F4E24-7C82-45C9-A16F-7E09DDA6BFAB}.AppStore|iPhone.ActiveCfg = AppStore|iPhone
		{D76F4E24-7C82-45C9-A16F-7E09DDA6BFAB}.AppStore|iPhone.Build.0 = AppStore|iPhone
		{D76F4E24-7C82-45C9-A16F-7E09DDA6BFAB}.AppStore|iPhoneSimulator.ActiveCfg = AppStore|iPhoneSimulator
		{D76F4E24-7C82-45C9-A16F-7E09DDA6BFAB}.AppStore|iPhoneSimulator.Build.0 = AppStore|iPhoneSimulator
		{D76F4E24-7C82-45C9-A16F-7E09DDA6BFAB}.AppStore|x64.ActiveCfg = AppStore|iPhone
		{D76F4E24-7C82-45C9-A16F-7E09DDA6BFAB}.AppStore|x86.ActiveCfg = AppStore|iPhone
		{D76F4E24-7C82-45C9-A16F-7E09DDA6BFAB}.Debug|Any CPU.ActiveCfg = Debug|iPhone
		{D76F4E24-7C82-45C9-A16F-7E09DDA6BFAB}.Debug|ARM.ActiveCfg = Debug|iPhone
		{D76F4E24-7C82-45C9-A16F-7E09DDA6BFAB}.Debug|iPhone.ActiveCfg = Debug|iPhone
		{D76F4E24-7C82-45C9-A16F-7E09DDA6BFAB}.Debug|iPhone.Build.0 = Debug|iPhone
		{D76F4E24-7C82-45C9-A16F-7E09DDA6BFAB}.Debug|iPhoneSimulator.ActiveCfg = Debug|iPhoneSimulator
		{D76F4E24-7C82-45C9-A16F-7E09DDA6BFAB}.Debug|iPhoneSimulator.Build.0 = Debug|iPhoneSimulator
		{D76F4E24-7C82-45C9-A16F-7E09DDA6BFAB}.Debug|x64.ActiveCfg = Debug|iPhone
		{D76F4E24-7C82-45C9-A16F-7E09DDA6BFAB}.Debug|x86.ActiveCfg = Debug|iPhone
		{D76F4E24-7C82-45C9-A16F-7E09DDA6BFAB}.Release|Any CPU.ActiveCfg = Release|iPhone
		{D76F4E24-7C82-45C9-A16F-7E09DDA6BFAB}.Release|ARM.ActiveCfg = Release|iPhone
		{D76F4E24-7C82-45C9-A16F-7E09DDA6BFAB}.Release|iPhone.ActiveCfg = Release|iPhone
		{D76F4E24-7C82-45C9-A16F-7E09DDA6BFAB}.Release|iPhone.Build.0 = Release|iPhone
		{D76F4E24-7C82-45C9-A16F-7E09DDA6BFAB}.Release|iPhoneSimulator.ActiveCfg = Release|iPhoneSimulator
		{D76F4E24-7C82-45C9-A16F-7E09DDA6BFAB}.Release|iPhoneSimulator.Build.0 = Release|iPhoneSimulator
		{D76F4E24-7C82-45C9-A16F-7E09DDA6BFAB}.Release|x64.ActiveCfg = Release|iPhone
		{D76F4E24-7C82-45C9-A16F-7E09DDA6BFAB}.Release|x86.ActiveCfg = Release|iPhone
		{4AD44234-CD52-4CEC-870B-7443CF583233}.Ad-Hoc|Any CPU.ActiveCfg = Release|x86
		{4AD44234-CD52-4CEC-870B-7443CF583233}.Ad-Hoc|Any CPU.Build.0 = Release|x86
		{4AD44234-CD52-4CEC-870B-7443CF583233}.Ad-Hoc|Any CPU.Deploy.0 = Release|x86
		{4AD44234-CD52-4CEC-870B-7443CF583233}.Ad-Hoc|ARM.ActiveCfg = Release|ARM
		{4AD44234-CD52-4CEC-870B-7443CF583233}.Ad-Hoc|ARM.Build.0 = Release|ARM
		{4AD44234-CD52-4CEC-870B-7443CF583233}.Ad-Hoc|ARM.Deploy.0 = Release|ARM
		{4AD44234-CD52-4CEC-870B-7443CF583233}.Ad-Hoc|iPhone.ActiveCfg = Release|x86
		{4AD44234-CD52-4CEC-870B-7443CF583233}.Ad-Hoc|iPhone.Build.0 = Release|x86
		{4AD44234-CD52-4CEC-870B-7443CF583233}.Ad-Hoc|iPhone.Deploy.0 = Release|x86
		{4AD44234-CD52-4CEC-870B-7443CF583233}.Ad-Hoc|iPhoneSimulator.ActiveCfg = Release|x86
		{4AD44234-CD52-4CEC-870B-7443CF583233}.Ad-Hoc|iPhoneSimulator.Build.0 = Release|x86
		{4AD44234-CD52-4CEC-870B-7443CF583233}.Ad-Hoc|iPhoneSimulator.Deploy.0 = Release|x86
		{4AD44234-CD52-4CEC-870B-7443CF583233}.Ad-Hoc|x64.ActiveCfg = Release|x64
		{4AD44234-CD52-4CEC-870B-7443CF583233}.Ad-Hoc|x64.Build.0 = Release|x64
		{4AD44234-CD52-4CEC-870B-7443CF583233}.Ad-Hoc|x64.Deploy.0 = Release|x64
		{4AD44234-CD52-4CEC-870B-7443CF583233}.Ad-Hoc|x86.ActiveCfg = Release|x86
		{4AD44234-CD52-4CEC-870B-7443CF583233}.Ad-Hoc|x86.Build.0 = Release|x86
		{4AD44234-CD52-4CEC-870B-7443CF583233}.Ad-Hoc|x86.Deploy.0 = Release|x86
		{4AD44234-CD52-4CEC-870B-7443CF583233}.AppStore|Any CPU.ActiveCfg = Release|x86
		{4AD44234-CD52-4CEC-870B-7443CF583233}.AppStore|Any CPU.Build.0 = Release|x86
		{4AD44234-CD52-4CEC-870B-7443CF583233}.AppStore|Any CPU.Deploy.0 = Release|x86
		{4AD44234-CD52-4CEC-870B-7443CF583233}.AppStore|ARM.ActiveCfg = Release|ARM
		{4AD44234-CD52-4CEC-870B-7443CF583233}.AppStore|ARM.Build.0 = Release|ARM
		{4AD44234-CD52-4CEC-870B-7443CF583233}.AppStore|ARM.Deploy.0 = Release|ARM
		{4AD44234-CD52-4CEC-870B-7443CF583233}.AppStore|iPhone.ActiveCfg = Release|x86
		{4AD44234-CD52-4CEC-870B-7443CF583233}.AppStore|iPhone.Build.0 = Release|x86
		{4AD44234-CD52-4CEC-870B-7443CF583233}.AppStore|iPhone.Deploy.0 = Release|x86
		{4AD44234-CD52-4CEC-870B-7443CF583233}.AppStore|iPhoneSimulator.ActiveCfg = Release|x86
		{4AD44234-CD52-4CEC-870B-7443CF583233}.AppStore|iPhoneSimulator.Build.0 = Release|x86
		{4AD44234-CD52-4CEC-870B-7443CF583233}.AppStore|iPhoneSimulator.Deploy.0 = Release|x86
		{4AD44234-CD52-4CEC-870B-7443CF583233}.AppStore|x64.ActiveCfg = Release|x64
		{4AD44234-CD52-4CEC-870B-7443CF583233}.AppStore|x64.Build.0 = Release|x64
		{4AD44234-CD52-4CEC-870B-7443CF583233}.AppStore|x64.Deploy.0 = Release|x64
		{4AD44234-CD52-4CEC-870B-7443CF583233}.AppStore|x86.ActiveCfg = Release|x86
		{4AD44234-CD52-4CEC-870B-7443CF583233}.AppStore|x86.Build.0 = Release|x86
		{4AD44234-CD52-4CEC-870B-7443CF583233}.AppStore|x86.Deploy.0 = Release|x86
		{4AD44234-CD52-4CEC-870B-7443CF583233}.Debug|Any CPU.ActiveCfg = Debug|x86
		{4AD44234-CD52-4CEC-870B-7443CF583233}.Debug|ARM.ActiveCfg = Debug|ARM
		{4AD44234-CD52-4CEC-870B-7443CF583233}.Debug|ARM.Build.0 = Debug|ARM
		{4AD44234-CD52-4CEC-870B-7443CF583233}.Debug|ARM.Deploy.0 = Debug|ARM
		{4AD44234-CD52-4CEC-870B-7443CF583233}.Debug|iPhone.ActiveCfg = Debug|x86
		{4AD44234-CD52-4CEC-870B-7443CF583233}.Debug|iPhoneSimulator.ActiveCfg = Debug|x86
		{4AD44234-CD52-4CEC-870B-7443CF583233}.Debug|x64.ActiveCfg = Debug|x64
		{4AD44234-CD52-4CEC-870B-7443CF583233}.Debug|x64.Build.0 = Debug|x64
		{4AD44234-CD52-4CEC-870B-7443CF583233}.Debug|x64.Deploy.0 = Debug|x64
		{4AD44234-CD52-4CEC-870B-7443CF583233}.Debug|x86.ActiveCfg = Debug|x86
		{4AD44234-CD52-4CEC-870B-7443CF583233}.Debug|x86.Build.0 = Debug|x86
		{4AD44234-CD52-4CEC-870B-7443CF583233}.Debug|x86.Deploy.0 = Debug|x86
		{4AD44234-CD52-4CEC-870B-7443CF583233}.Release|Any CPU.ActiveCfg = Release|x86
		{4AD44234-CD52-4CEC-870B-7443CF583233}.Release|ARM.ActiveCfg = Release|ARM
		{4AD44234-CD52-4CEC-870B-7443CF583233}.Release|ARM.Build.0 = Release|ARM
		{4AD44234-CD52-4CEC-870B-7443CF583233}.Release|ARM.Deploy.0 = Release|ARM
		{4AD44234-CD52-4CEC-870B-7443CF583233}.Release|iPhone.ActiveCfg = Release|x86
		{4AD44234-CD52-4CEC-870B-7443CF583233}.Release|iPhoneSimulator.ActiveCfg = Release|x86
		{4AD44234-CD52-4CEC-870B-7443CF583233}.Release|x64.ActiveCfg = Release|x64
		{4AD44234-CD52-4CEC-870B-7443CF583233}.Release|x64.Build.0 = Release|x64
		{4AD44234-CD52-4CEC-870B-7443CF583233}.Release|x64.Deploy.0 = Release|x64
		{4AD44234-CD52-4CEC-870B-7443CF583233}.Release|x86.ActiveCfg = Release|x86
		{4AD44234-CD52-4CEC-870B-7443CF583233}.Release|x86.Build.0 = Release|x86
		{4AD44234-CD52-4CEC-870B-7443CF583233}.Release|x86.Deploy.0 = Release|x86
		{B89D8347-0FA1-410A-B70B-114BA7744E96}.Ad-Hoc|Any CPU.ActiveCfg = Debug|Any CPU
		{B89D8347-0FA1-410A-B70B-114BA7744E96}.Ad-Hoc|Any CPU.Build.0 = Debug|Any CPU
		{B89D8347-0FA1-410A-B70B-114BA7744E96}.Ad-Hoc|ARM.ActiveCfg = Debug|Any CPU
		{B89D8347-0FA1-410A-B70B-114BA7744E96}.Ad-Hoc|ARM.Build.0 = Debug|Any CPU
		{B89D8347-0FA1-410A-B70B-114BA7744E96}.Ad-Hoc|iPhone.ActiveCfg = Debug|Any CPU
		{B89D8347-0FA1-410A-B70B-114BA7744E96}.Ad-Hoc|iPhone.Build.0 = Debug|Any CPU
		{B89D8347-0FA1-410A-B70B-114BA7744E96}.Ad-Hoc|iPhoneSimulator.ActiveCfg = Debug|Any CPU
		{B89D8347-0FA1-410A-B70B-114BA7744E96}.Ad-Hoc|iPhoneSimulator.Build.0 = Debug|Any CPU
		{B89D8347-0FA1-410A-B70B-114BA7744E96}.Ad-Hoc|x64.ActiveCfg = Debug|Any CPU
		{B89D8347-0FA1-410A-B70B-114BA7744E96}.Ad-Hoc|x64.Build.0 = Debug|Any CPU
		{B89D8347-0FA1-410A-B70B-114BA7744E96}.Ad-Hoc|x86.ActiveCfg = Debug|Any CPU
		{B89D8347-0FA1-410A-B70B-114BA7744E96}.Ad-Hoc|x86.Build.0 = Debug|Any CPU
		{B89D8347-0FA1-410A-B70B-114BA7744E96}.AppStore|Any CPU.ActiveCfg = Debug|Any CPU
		{B89D8347-0FA1-410A-B70B-114BA7744E96}.AppStore|Any CPU.Build.0 = Debug|Any CPU
		{B89D8347-0FA1-410A-B70B-114BA7744E96}.AppStore|ARM.ActiveCfg = Debug|Any CPU
		{B89D8347-0FA1-410A-B70B-114BA7744E96}.AppStore|ARM.Build.0 = Debug|Any CPU
		{B89D8347-0FA1-410A-B70B-114BA7744E96}.AppStore|iPhone.ActiveCfg = Debug|Any CPU
		{B89D8347-0FA1-410A-B70B-114BA7744E96}.AppStore|iPhone.Build.0 = Debug|Any CPU
		{B89D8347-0FA1-410A-B70B-114BA7744E96}.AppStore|iPhoneSimulator.ActiveCfg = Debug|Any CPU
		{B89D8347-0FA1-410A-B70B-114BA7744E96}.AppStore|iPhoneSimulator.Build.0 = Debug|Any CPU
		{B89D8347-0FA1-410A-B70B-114BA7744E96}.AppStore|x64.ActiveCfg = Debug|Any CPU
		{B89D8347-0FA1-410A-B70B-114BA7744E96}.AppStore|x64.Build.0 = Debug|Any CPU
		{B89D8347-0FA1-410A-B70B-114BA7744E96}.AppStore|x86.ActiveCfg = Debug|Any CPU
		{B89D8347-0FA1-410A-B70B-114BA7744E96}.AppStore|x86.Build.0 = Debug|Any CPU
		{B89D8347-0FA1-410A-B70B-114BA7744E96}.Debug|Any CPU.ActiveCfg = Debug|Any CPU
		{B89D8347-0FA1-410A-B70B-114BA7744E96}.Debug|Any CPU.Build.0 = Debug|Any CPU
		{B89D8347-0FA1-410A-B70B-114BA7744E96}.Debug|ARM.ActiveCfg = Debug|Any CPU
		{B89D8347-0FA1-410A-B70B-114BA7744E96}.Debug|ARM.Build.0 = Debug|Any CPU
		{B89D8347-0FA1-410A-B70B-114BA7744E96}.Debug|iPhone.ActiveCfg = Debug|Any CPU
		{B89D8347-0FA1-410A-B70B-114BA7744E96}.Debug|iPhone.Build.0 = Debug|Any CPU
		{B89D8347-0FA1-410A-B70B-114BA7744E96}.Debug|iPhoneSimulator.ActiveCfg = Debug|Any CPU
		{B89D8347-0FA1-410A-B70B-114BA7744E96}.Debug|iPhoneSimulator.Build.0 = Debug|Any CPU
		{B89D8347-0FA1-410A-B70B-114BA7744E96}.Debug|x64.ActiveCfg = Debug|Any CPU
		{B89D8347-0FA1-410A-B70B-114BA7744E96}.Debug|x64.Build.0 = Debug|Any CPU
		{B89D8347-0FA1-410A-B70B-114BA7744E96}.Debug|x86.ActiveCfg = Debug|Any CPU
		{B89D8347-0FA1-410A-B70B-114BA7744E96}.Debug|x86.Build.0 = Debug|Any CPU
		{B89D8347-0FA1-410A-B70B-114BA7744E96}.Release|Any CPU.ActiveCfg = Release|Any CPU
		{B89D8347-0FA1-410A-B70B-114BA7744E96}.Release|Any CPU.Build.0 = Release|Any CPU
		{B89D8347-0FA1-410A-B70B-114BA7744E96}.Release|ARM.ActiveCfg = Release|Any CPU
		{B89D8347-0FA1-410A-B70B-114BA7744E96}.Release|ARM.Build.0 = Release|Any CPU
		{B89D8347-0FA1-410A-B70B-114BA7744E96}.Release|iPhone.ActiveCfg = Release|Any CPU
		{B89D8347-0FA1-410A-B70B-114BA7744E96}.Release|iPhone.Build.0 = Release|Any CPU
		{B89D8347-0FA1-410A-B70B-114BA7744E96}.Release|iPhoneSimulator.ActiveCfg = Release|Any CPU
		{B89D8347-0FA1-410A-B70B-114BA7744E96}.Release|iPhoneSimulator.Build.0 = Release|Any CPU
		{B89D8347-0FA1-410A-B70B-114BA7744E96}.Release|x64.ActiveCfg = Release|Any CPU
		{B89D8347-0FA1-410A-B70B-114BA7744E96}.Release|x64.Build.0 = Release|Any CPU
		{B89D8347-0FA1-410A-B70B-114BA7744E96}.Release|x86.ActiveCfg = Release|Any CPU
		{B89D8347-0FA1-410A-B70B-114BA7744E96}.Release|x86.Build.0 = Release|Any CPU
	EndGlobalSection
	GlobalSection(SolutionProperties) = preSolution
		HideSolutionNode = FALSE
	EndGlobalSection
	GlobalSection(ExtensibilityGlobals) = postSolution
		SolutionGuid = {E1E9003C-DA40-40A3-A183-F31C5D0FDBB5}
	EndGlobalSection
EndGlobal
