
Microsoft Visual Studio Solution File, Format Version 12.00
# Visual Studio 15
VisualStudioVersion = 15.0.27428.2043
MinimumVisualStudioVersion = 10.0.40219.1
Project("{FAE04EC0-301F-11D3-BF4B-00C04F79EFBC}") = "App1_Cell.Android", "App1_Cell\App1_Cell.Android\App1_Cell.Android.csproj", "{9DF5998E-E22E-4A03-943B-F94F02C7BC41}"
EndProject
Project("{FAE04EC0-301F-11D3-BF4B-00C04F79EFBC}") = "App1_Cell.iOS", "App1_Cell\App1_Cell.iOS\App1_Cell.iOS.csproj", "{5DFE63F7-D405-48DC-9C7F-F50772E642FD}"
EndProject
Project("{FAE04EC0-301F-11D3-BF4B-00C04F79EFBC}") = "App1_Cell.UWP", "App1_Cell\App1_Cell.UWP\App1_Cell.UWP.csproj", "{7DFD8B0A-4789-4FF8-A8CA-622BB36D9EAF}"
EndProject
Project("{FAE04EC0-301F-11D3-BF4B-00C04F79EFBC}") = "App1_Cell", "App1_Cell\App1_Cell\App1_Cell.csproj", "{E804CD45-6B8A-4852-A13B-8A4D72AB4C47}"
EndProject
Global
	GlobalSection(SolutionConfigurationPlatforms) = preSolution
		Ad-Hoc|Any CPU = Ad-Hoc|Any CPU
		Ad-Hoc|ARM = Ad-Hoc|ARM
		Ad-Hoc|iPhone = Ad-Hoc|iPhone
		Ad-Hoc|iPhoneSimulator = Ad-Hoc|iPhoneSimulator
		Ad-Hoc|x64 = Ad-Hoc|x64
		Ad-Hoc|x86 = Ad-Hoc|x86
		AppStore|Any CPU = AppStore|Any CPU
		AppStore|ARM = AppStore|ARM
		AppStore|iPhone = AppStore|iPhone
		AppStore|iPhoneSimulator = AppStore|iPhoneSimulator
		AppStore|x64 = AppStore|x64
		AppStore|x86 = AppStore|x86
		Debug|Any CPU = Debug|Any CPU
		Debug|ARM = Debug|ARM
		Debug|iPhone = Debug|iPhone
		Debug|iPhoneSimulator = Debug|iPhoneSimulator
		Debug|x64 = Debug|x64
		Debug|x86 = Debug|x86
		Release|Any CPU = Release|Any CPU
		Release|ARM = Release|ARM
		Release|iPhone = Release|iPhone
		Release|iPhoneSimulator = Release|iPhoneSimulator
		Release|x64 = Release|x64
		Release|x86 = Release|x86
	EndGlobalSection
	GlobalSection(ProjectConfigurationPlatforms) = postSolution
		{9DF5998E-E22E-4A03-943B-F94F02C7BC41}.Ad-Hoc|Any CPU.ActiveCfg = Release|Any CPU
		{9DF5998E-E22E-4A03-943B-F94F02C7BC41}.Ad-Hoc|Any CPU.Build.0 = Release|Any CPU
		{9DF5998E-E22E-4A03-943B-F94F02C7BC41}.Ad-Hoc|Any CPU.Deploy.0 = Release|Any CPU
		{9DF5998E-E22E-4A03-943B-F94F02C7BC41}.Ad-Hoc|ARM.ActiveCfg = Release|Any CPU
		{9DF5998E-E22E-4A03-943B-F94F02C7BC41}.Ad-Hoc|ARM.Build.0 = Release|Any CPU
		{9DF5998E-E22E-4A03-943B-F94F02C7BC41}.Ad-Hoc|ARM.Deploy.0 = Release|Any CPU
		{9DF5998E-E22E-4A03-943B-F94F02C7BC41}.Ad-Hoc|iPhone.ActiveCfg = Release|Any CPU
		{9DF5998E-E22E-4A03-943B-F94F02C7BC41}.Ad-Hoc|iPhone.Build.0 = Release|Any CPU
		{9DF5998E-E22E-4A03-943B-F94F02C7BC41}.Ad-Hoc|iPhone.Deploy.0 = Release|Any CPU
		{9DF5998E-E22E-4A03-943B-F94F02C7BC41}.Ad-Hoc|iPhoneSimulator.ActiveCfg = Release|Any CPU
		{9DF5998E-E22E-4A03-943B-F94F02C7BC41}.Ad-Hoc|iPhoneSimulator.Build.0 = Release|Any CPU
		{9DF5998E-E22E-4A03-943B-F94F02C7BC41}.Ad-Hoc|iPhoneSimulator.Deploy.0 = Release|Any CPU
		{9DF5998E-E22E-4A03-943B-F94F02C7BC41}.Ad-Hoc|x64.ActiveCfg = Release|Any CPU
		{9DF5998E-E22E-4A03-943B-F94F02C7BC41}.Ad-Hoc|x64.Build.0 = Release|Any CPU
		{9DF5998E-E22E-4A03-943B-F94F02C7BC41}.Ad-Hoc|x64.Deploy.0 = Release|Any CPU
		{9DF5998E-E22E-4A03-943B-F94F02C7BC41}.Ad-Hoc|x86.ActiveCfg = Release|Any CPU
		{9DF5998E-E22E-4A03-943B-F94F02C7BC41}.Ad-Hoc|x86.Build.0 = Release|Any CPU
		{9DF5998E-E22E-4A03-943B-F94F02C7BC41}.Ad-Hoc|x86.Deploy.0 = Release|Any CPU
		{9DF5998E-E22E-4A03-943B-F94F02C7BC41}.AppStore|Any CPU.ActiveCfg = Release|Any CPU
		{9DF5998E-E22E-4A03-943B-F94F02C7BC41}.AppStore|Any CPU.Build.0 = Release|Any CPU
		{9DF5998E-E22E-4A03-943B-F94F02C7BC41}.AppStore|Any CPU.Deploy.0 = Release|Any CPU
		{9DF5998E-E22E-4A03-943B-F94F02C7BC41}.AppStore|ARM.ActiveCfg = Release|Any CPU
		{9DF5998E-E22E-4A03-943B-F94F02C7BC41}.AppStore|ARM.Build.0 = Release|Any CPU
		{9DF5998E-E22E-4A03-943B-F94F02C7BC41}.AppStore|ARM.Deploy.0 = Release|Any CPU
		{9DF5998E-E22E-4A03-943B-F94F02C7BC41}.AppStore|iPhone.ActiveCfg = Release|Any CPU
		{9DF5998E-E22E-4A03-943B-F94F02C7BC41}.AppStore|iPhone.Build.0 = Release|Any CPU
		{9DF5998E-E22E-4A03-943B-F94F02C7BC41}.AppStore|iPhone.Deploy.0 = Release|Any CPU
		{9DF5998E-E22E-4A03-943B-F94F02C7BC41}.AppStore|iPhoneSimulator.ActiveCfg = Release|Any CPU
		{9DF5998E-E22E-4A03-943B-F94F02C7BC41}.AppStore|iPhoneSimulator.Build.0 = Release|Any CPU
		{9DF5998E-E22E-4A03-943B-F94F02C7BC41}.AppStore|iPhoneSimulator.Deploy.0 = Release|Any CPU
		{9DF5998E-E22E-4A03-943B-F94F02C7BC41}.AppStore|x64.ActiveCfg = Release|Any CPU
		{9DF5998E-E22E-4A03-943B-F94F02C7BC41}.AppStore|x64.Build.0 = Release|Any CPU
		{9DF5998E-E22E-4A03-943B-F94F02C7BC41}.AppStore|x64.Deploy.0 = Release|Any CPU
		{9DF5998E-E22E-4A03-943B-F94F02C7BC41}.AppStore|x86.ActiveCfg = Release|Any CPU
		{9DF5998E-E22E-4A03-943B-F94F02C7BC41}.AppStore|x86.Build.0 = Release|Any CPU
		{9DF5998E-E22E-4A03-943B-F94F02C7BC41}.AppStore|x86.Deploy.0 = Release|Any CPU
		{9DF5998E-E22E-4A03-943B-F94F02C7BC41}.Debug|Any CPU.ActiveCfg = Debug|Any CPU
		{9DF5998E-E22E-4A03-943B-F94F02C7BC41}.Debug|Any CPU.Build.0 = Debug|Any CPU
		{9DF5998E-E22E-4A03-943B-F94F02C7BC41}.Debug|Any CPU.Deploy.0 = Debug|Any CPU
		{9DF5998E-E22E-4A03-943B-F94F02C7BC41}.Debug|ARM.ActiveCfg = Debug|Any CPU
		{9DF5998E-E22E-4A03-943B-F94F02C7BC41}.Debug|ARM.Build.0 = Debug|Any CPU
		{9DF5998E-E22E-4A03-943B-F94F02C7BC41}.Debug|ARM.Deploy.0 = Debug|Any CPU
		{9DF5998E-E22E-4A03-943B-F94F02C7BC41}.Debug|iPhone.ActiveCfg = Debug|Any CPU
		{9DF5998E-E22E-4A03-943B-F94F02C7BC41}.Debug|iPhone.Build.0 = Debug|Any CPU
		{9DF5998E-E22E-4A03-943B-F94F02C7BC41}.Debug|iPhone.Deploy.0 = Debug|Any CPU
		{9DF5998E-E22E-4A03-943B-F94F02C7BC41}.Debug|iPhoneSimulator.ActiveCfg = Debug|Any CPU
		{9DF5998E-E22E-4A03-943B-F94F02C7BC41}.Debug|iPhoneSimulator.Build.0 = Debug|Any CPU
		{9DF5998E-E22E-4A03-943B-F94F02C7BC41}.Debug|iPhoneSimulator.Deploy.0 = Debug|Any CPU
		{9DF5998E-E22E-4A03-943B-F94F02C7BC41}.Debug|x64.ActiveCfg = Debug|Any CPU
		{9DF5998E-E22E-4A03-943B-F94F02C7BC41}.Debug|x64.Build.0 = Debug|Any CPU
		{9DF5998E-E22E-4A03-943B-F94F02C7BC41}.Debug|x64.Deploy.0 = Debug|Any CPU
		{9DF5998E-E22E-4A03-943B-F94F02C7BC41}.Debug|x86.ActiveCfg = Debug|Any CPU
		{9DF5998E-E22E-4A03-943B-F94F02C7BC41}.Debug|x86.Build.0 = Debug|Any CPU
		{9DF5998E-E22E-4A03-943B-F94F02C7BC41}.Debug|x86.Deploy.0 = Debug|Any CPU
		{9DF5998E-E22E-4A03-943B-F94F02C7BC41}.Release|Any CPU.ActiveCfg = Release|Any CPU
		{9DF5998E-E22E-4A03-943B-F94F02C7BC41}.Release|Any CPU.Build.0 = Release|Any CPU
		{9DF5998E-E22E-4A03-943B-F94F02C7BC41}.Release|Any CPU.Deploy.0 = Release|Any CPU
		{9DF5998E-E22E-4A03-943B-F94F02C7BC41}.Release|ARM.ActiveCfg = Release|Any CPU
		{9DF5998E-E22E-4A03-943B-F94F02C7BC41}.Release|ARM.Build.0 = Release|Any CPU
		{9DF5998E-E22E-4A03-943B-F94F02C7BC41}.Release|ARM.Deploy.0 = Release|Any CPU
		{9DF5998E-E22E-4A03-943B-F94F02C7BC41}.Release|iPhone.ActiveCfg = Release|Any CPU
		{9DF5998E-E22E-4A03-943B-F94F02C7BC41}.Release|iPhone.Build.0 = Release|Any CPU
		{9DF5998E-E22E-4A03-943B-F94F02C7BC41}.Release|iPhone.Deploy.0 = Release|Any CPU
		{9DF5998E-E22E-4A03-943B-F94F02C7BC41}.Release|iPhoneSimulator.ActiveCfg = Release|Any CPU
		{9DF5998E-E22E-4A03-943B-F94F02C7BC41}.Release|iPhoneSimulator.Build.0 = Release|Any CPU
		{9DF5998E-E22E-4A03-943B-F94F02C7BC41}.Release|iPhoneSimulator.Deploy.0 = Release|Any CPU
		{9DF5998E-E22E-4A03-943B-F94F02C7BC41}.Release|x64.ActiveCfg = Release|Any CPU
		{9DF5998E-E22E-4A03-943B-F94F02C7BC41}.Release|x64.Build.0 = Release|Any CPU
		{9DF5998E-E22E-4A03-943B-F94F02C7BC41}.Release|x64.Deploy.0 = Release|Any CPU
		{9DF5998E-E22E-4A03-943B-F94F02C7BC41}.Release|x86.ActiveCfg = Release|Any CPU
		{9DF5998E-E22E-4A03-943B-F94F02C7BC41}.Release|x86.Build.0 = Release|Any CPU
		{9DF5998E-E22E-4A03-943B-F94F02C7BC41}.Release|x86.Deploy.0 = Release|Any CPU
		{5DFE63F7-D405-48DC-9C7F-F50772E642FD}.Ad-Hoc|Any CPU.ActiveCfg = Ad-Hoc|iPhone
		{5DFE63F7-D405-48DC-9C7F-F50772E642FD}.Ad-Hoc|ARM.ActiveCfg = Ad-Hoc|iPhone
		{5DFE63F7-D405-48DC-9C7F-F50772E642FD}.Ad-Hoc|iPhone.ActiveCfg = Ad-Hoc|iPhone
		{5DFE63F7-D405-48DC-9C7F-F50772E642FD}.Ad-Hoc|iPhone.Build.0 = Ad-Hoc|iPhone
		{5DFE63F7-D405-48DC-9C7F-F50772E642FD}.Ad-Hoc|iPhoneSimulator.ActiveCfg = Ad-Hoc|iPhoneSimulator
		{5DFE63F7-D405-48DC-9C7F-F50772E642FD}.Ad-Hoc|iPhoneSimulator.Build.0 = Ad-Hoc|iPhoneSimulator
		{5DFE63F7-D405-48DC-9C7F-F50772E642FD}.Ad-Hoc|x64.ActiveCfg = Ad-Hoc|iPhone
		{5DFE63F7-D405-48DC-9C7F-F50772E642FD}.Ad-Hoc|x86.ActiveCfg = Ad-Hoc|iPhone
		{5DFE63F7-D405-48DC-9C7F-F50772E642FD}.AppStore|Any CPU.ActiveCfg = AppStore|iPhone
		{5DFE63F7-D405-48DC-9C7F-F50772E642FD}.AppStore|ARM.ActiveCfg = AppStore|iPhone
		{5DFE63F7-D405-48DC-9C7F-F50772E642FD}.AppStore|iPhone.ActiveCfg = AppStore|iPhone
		{5DFE63F7-D405-48DC-9C7F-F50772E642FD}.AppStore|iPhone.Build.0 = AppStore|iPhone
		{5DFE63F7-D405-48DC-9C7F-F50772E642FD}.AppStore|iPhoneSimulator.ActiveCfg = AppStore|iPhoneSimulator
		{5DFE63F7-D405-48DC-9C7F-F50772E642FD}.AppStore|iPhoneSimulator.Build.0 = AppStore|iPhoneSimulator
		{5DFE63F7-D405-48DC-9C7F-F50772E642FD}.AppStore|x64.ActiveCfg = AppStore|iPhone
		{5DFE63F7-D405-48DC-9C7F-F50772E642FD}.AppStore|x86.ActiveCfg = AppStore|iPhone
		{5DFE63F7-D405-48DC-9C7F-F50772E642FD}.Debug|Any CPU.ActiveCfg = Debug|iPhone
		{5DFE63F7-D405-48DC-9C7F-F50772E642FD}.Debug|ARM.ActiveCfg = Debug|iPhone
		{5DFE63F7-D405-48DC-9C7F-F50772E642FD}.Debug|iPhone.ActiveCfg = Debug|iPhone
		{5DFE63F7-D405-48DC-9C7F-F50772E642FD}.Debug|iPhone.Build.0 = Debug|iPhone
		{5DFE63F7-D405-48DC-9C7F-F50772E642FD}.Debug|iPhoneSimulator.ActiveCfg = Debug|iPhoneSimulator
		{5DFE63F7-D405-48DC-9C7F-F50772E642FD}.Debug|iPhoneSimulator.Build.0 = Debug|iPhoneSimulator
		{5DFE63F7-D405-48DC-9C7F-F50772E642FD}.Debug|x64.ActiveCfg = Debug|iPhone
		{5DFE63F7-D405-48DC-9C7F-F50772E642FD}.Debug|x86.ActiveCfg = Debug|iPhone
		{5DFE63F7-D405-48DC-9C7F-F50772E642FD}.Release|Any CPU.ActiveCfg = Release|iPhone
		{5DFE63F7-D405-48DC-9C7F-F50772E642FD}.Release|ARM.ActiveCfg = Release|iPhone
		{5DFE63F7-D405-48DC-9C7F-F50772E642FD}.Release|iPhone.ActiveCfg = Release|iPhone
		{5DFE63F7-D405-48DC-9C7F-F50772E642FD}.Release|iPhone.Build.0 = Release|iPhone
		{5DFE63F7-D405-48DC-9C7F-F50772E642FD}.Release|iPhoneSimulator.ActiveCfg = Release|iPhoneSimulator
		{5DFE63F7-D405-48DC-9C7F-F50772E642FD}.Release|iPhoneSimulator.Build.0 = Release|iPhoneSimulator
		{5DFE63F7-D405-48DC-9C7F-F50772E642FD}.Release|x64.ActiveCfg = Release|iPhone
		{5DFE63F7-D405-48DC-9C7F-F50772E642FD}.Release|x86.ActiveCfg = Release|iPhone
		{7DFD8B0A-4789-4FF8-A8CA-622BB36D9EAF}.Ad-Hoc|Any CPU.ActiveCfg = Release|x86
		{7DFD8B0A-4789-4FF8-A8CA-622BB36D9EAF}.Ad-Hoc|Any CPU.Build.0 = Release|x86
		{7DFD8B0A-4789-4FF8-A8CA-622BB36D9EAF}.Ad-Hoc|Any CPU.Deploy.0 = Release|x86
		{7DFD8B0A-4789-4FF8-A8CA-622BB36D9EAF}.Ad-Hoc|ARM.ActiveCfg = Release|ARM
		{7DFD8B0A-4789-4FF8-A8CA-622BB36D9EAF}.Ad-Hoc|ARM.Build.0 = Release|ARM
		{7DFD8B0A-4789-4FF8-A8CA-622BB36D9EAF}.Ad-Hoc|ARM.Deploy.0 = Release|ARM
		{7DFD8B0A-4789-4FF8-A8CA-622BB36D9EAF}.Ad-Hoc|iPhone.ActiveCfg = Release|x86
		{7DFD8B0A-4789-4FF8-A8CA-622BB36D9EAF}.Ad-Hoc|iPhone.Build.0 = Release|x86
		{7DFD8B0A-4789-4FF8-A8CA-622BB36D9EAF}.Ad-Hoc|iPhone.Deploy.0 = Release|x86
		{7DFD8B0A-4789-4FF8-A8CA-622BB36D9EAF}.Ad-Hoc|iPhoneSimulator.ActiveCfg = Release|x86
		{7DFD8B0A-4789-4FF8-A8CA-622BB36D9EAF}.Ad-Hoc|iPhoneSimulator.Build.0 = Release|x86
		{7DFD8B0A-4789-4FF8-A8CA-622BB36D9EAF}.Ad-Hoc|iPhoneSimulator.Deploy.0 = Release|x86
		{7DFD8B0A-4789-4FF8-A8CA-622BB36D9EAF}.Ad-Hoc|x64.ActiveCfg = Release|x64
		{7DFD8B0A-4789-4FF8-A8CA-622BB36D9EAF}.Ad-Hoc|x64.Build.0 = Release|x64
		{7DFD8B0A-4789-4FF8-A8CA-622BB36D9EAF}.Ad-Hoc|x64.Deploy.0 = Release|x64
		{7DFD8B0A-4789-4FF8-A8CA-622BB36D9EAF}.Ad-Hoc|x86.ActiveCfg = Release|x86
		{7DFD8B0A-4789-4FF8-A8CA-622BB36D9EAF}.Ad-Hoc|x86.Build.0 = Release|x86
		{7DFD8B0A-4789-4FF8-A8CA-622BB36D9EAF}.Ad-Hoc|x86.Deploy.0 = Release|x86
		{7DFD8B0A-4789-4FF8-A8CA-622BB36D9EAF}.AppStore|Any CPU.ActiveCfg = Release|x86
		{7DFD8B0A-4789-4FF8-A8CA-622BB36D9EAF}.AppStore|Any CPU.Build.0 = Release|x86
		{7DFD8B0A-4789-4FF8-A8CA-622BB36D9EAF}.AppStore|Any CPU.Deploy.0 = Release|x86
		{7DFD8B0A-4789-4FF8-A8CA-622BB36D9EAF}.AppStore|ARM.ActiveCfg = Release|ARM
		{7DFD8B0A-4789-4FF8-A8CA-622BB36D9EAF}.AppStore|ARM.Build.0 = Release|ARM
		{7DFD8B0A-4789-4FF8-A8CA-622BB36D9EAF}.AppStore|ARM.Deploy.0 = Release|ARM
		{7DFD8B0A-4789-4FF8-A8CA-622BB36D9EAF}.AppStore|iPhone.ActiveCfg = Release|x86
		{7DFD8B0A-4789-4FF8-A8CA-622BB36D9EAF}.AppStore|iPhone.Build.0 = Release|x86
		{7DFD8B0A-4789-4FF8-A8CA-622BB36D9EAF}.AppStore|iPhone.Deploy.0 = Release|x86
		{7DFD8B0A-4789-4FF8-A8CA-622BB36D9EAF}.AppStore|iPhoneSimulator.ActiveCfg = Release|x86
		{7DFD8B0A-4789-4FF8-A8CA-622BB36D9EAF}.AppStore|iPhoneSimulator.Build.0 = Release|x86
		{7DFD8B0A-4789-4FF8-A8CA-622BB36D9EAF}.AppStore|iPhoneSimulator.Deploy.0 = Release|x86
		{7DFD8B0A-4789-4FF8-A8CA-622BB36D9EAF}.AppStore|x64.ActiveCfg = Release|x64
		{7DFD8B0A-4789-4FF8-A8CA-622BB36D9EAF}.AppStore|x64.Build.0 = Release|x64
		{7DFD8B0A-4789-4FF8-A8CA-622BB36D9EAF}.AppStore|x64.Deploy.0 = Release|x64
		{7DFD8B0A-4789-4FF8-A8CA-622BB36D9EAF}.AppStore|x86.ActiveCfg = Release|x86
		{7DFD8B0A-4789-4FF8-A8CA-622BB36D9EAF}.AppStore|x86.Build.0 = Release|x86
		{7DFD8B0A-4789-4FF8-A8CA-622BB36D9EAF}.AppStore|x86.Deploy.0 = Release|x86
		{7DFD8B0A-4789-4FF8-A8CA-622BB36D9EAF}.Debug|Any CPU.ActiveCfg = Debug|x86
		{7DFD8B0A-4789-4FF8-A8CA-622BB36D9EAF}.Debug|ARM.ActiveCfg = Debug|ARM
		{7DFD8B0A-4789-4FF8-A8CA-622BB36D9EAF}.Debug|ARM.Build.0 = Debug|ARM
		{7DFD8B0A-4789-4FF8-A8CA-622BB36D9EAF}.Debug|ARM.Deploy.0 = Debug|ARM
		{7DFD8B0A-4789-4FF8-A8CA-622BB36D9EAF}.Debug|iPhone.ActiveCfg = Debug|x86
		{7DFD8B0A-4789-4FF8-A8CA-622BB36D9EAF}.Debug|iPhoneSimulator.ActiveCfg = Debug|x86
		{7DFD8B0A-4789-4FF8-A8CA-622BB36D9EAF}.Debug|x64.ActiveCfg = Debug|x64
		{7DFD8B0A-4789-4FF8-A8CA-622BB36D9EAF}.Debug|x64.Build.0 = Debug|x64
		{7DFD8B0A-4789-4FF8-A8CA-622BB36D9EAF}.Debug|x64.Deploy.0 = Debug|x64
		{7DFD8B0A-4789-4FF8-A8CA-622BB36D9EAF}.Debug|x86.ActiveCfg = Debug|x86
		{7DFD8B0A-4789-4FF8-A8CA-622BB36D9EAF}.Debug|x86.Build.0 = Debug|x86
		{7DFD8B0A-4789-4FF8-A8CA-622BB36D9EAF}.Debug|x86.Deploy.0 = Debug|x86
		{7DFD8B0A-4789-4FF8-A8CA-622BB36D9EAF}.Release|Any CPU.ActiveCfg = Release|x86
		{7DFD8B0A-4789-4FF8-A8CA-622BB36D9EAF}.Release|ARM.ActiveCfg = Release|ARM
		{7DFD8B0A-4789-4FF8-A8CA-622BB36D9EAF}.Release|ARM.Build.0 = Release|ARM
		{7DFD8B0A-4789-4FF8-A8CA-622BB36D9EAF}.Release|ARM.Deploy.0 = Release|ARM
		{7DFD8B0A-4789-4FF8-A8CA-622BB36D9EAF}.Release|iPhone.ActiveCfg = Release|x86
		{7DFD8B0A-4789-4FF8-A8CA-622BB36D9EAF}.Release|iPhoneSimulator.ActiveCfg = Release|x86
		{7DFD8B0A-4789-4FF8-A8CA-622BB36D9EAF}.Release|x64.ActiveCfg = Release|x64
		{7DFD8B0A-4789-4FF8-A8CA-622BB36D9EAF}.Release|x64.Build.0 = Release|x64
		{7DFD8B0A-4789-4FF8-A8CA-622BB36D9EAF}.Release|x64.Deploy.0 = Release|x64
		{7DFD8B0A-4789-4FF8-A8CA-622BB36D9EAF}.Release|x86.ActiveCfg = Release|x86
		{7DFD8B0A-4789-4FF8-A8CA-622BB36D9EAF}.Release|x86.Build.0 = Release|x86
		{7DFD8B0A-4789-4FF8-A8CA-622BB36D9EAF}.Release|x86.Deploy.0 = Release|x86
		{E804CD45-6B8A-4852-A13B-8A4D72AB4C47}.Ad-Hoc|Any CPU.ActiveCfg = Debug|Any CPU
		{E804CD45-6B8A-4852-A13B-8A4D72AB4C47}.Ad-Hoc|Any CPU.Build.0 = Debug|Any CPU
		{E804CD45-6B8A-4852-A13B-8A4D72AB4C47}.Ad-Hoc|ARM.ActiveCfg = Debug|Any CPU
		{E804CD45-6B8A-4852-A13B-8A4D72AB4C47}.Ad-Hoc|ARM.Build.0 = Debug|Any CPU
		{E804CD45-6B8A-4852-A13B-8A4D72AB4C47}.Ad-Hoc|iPhone.ActiveCfg = Debug|Any CPU
		{E804CD45-6B8A-4852-A13B-8A4D72AB4C47}.Ad-Hoc|iPhone.Build.0 = Debug|Any CPU
		{E804CD45-6B8A-4852-A13B-8A4D72AB4C47}.Ad-Hoc|iPhoneSimulator.ActiveCfg = Debug|Any CPU
		{E804CD45-6B8A-4852-A13B-8A4D72AB4C47}.Ad-Hoc|iPhoneSimulator.Build.0 = Debug|Any CPU
		{E804CD45-6B8A-4852-A13B-8A4D72AB4C47}.Ad-Hoc|x64.ActiveCfg = Debug|Any CPU
		{E804CD45-6B8A-4852-A13B-8A4D72AB4C47}.Ad-Hoc|x64.Build.0 = Debug|Any CPU
		{E804CD45-6B8A-4852-A13B-8A4D72AB4C47}.Ad-Hoc|x86.ActiveCfg = Debug|Any CPU
		{E804CD45-6B8A-4852-A13B-8A4D72AB4C47}.Ad-Hoc|x86.Build.0 = Debug|Any CPU
		{E804CD45-6B8A-4852-A13B-8A4D72AB4C47}.AppStore|Any CPU.ActiveCfg = Debug|Any CPU
		{E804CD45-6B8A-4852-A13B-8A4D72AB4C47}.AppStore|Any CPU.Build.0 = Debug|Any CPU
		{E804CD45-6B8A-4852-A13B-8A4D72AB4C47}.AppStore|ARM.ActiveCfg = Debug|Any CPU
		{E804CD45-6B8A-4852-A13B-8A4D72AB4C47}.AppStore|ARM.Build.0 = Debug|Any CPU
		{E804CD45-6B8A-4852-A13B-8A4D72AB4C47}.AppStore|iPhone.ActiveCfg = Debug|Any CPU
		{E804CD45-6B8A-4852-A13B-8A4D72AB4C47}.AppStore|iPhone.Build.0 = Debug|Any CPU
		{E804CD45-6B8A-4852-A13B-8A4D72AB4C47}.AppStore|iPhoneSimulator.ActiveCfg = Debug|Any CPU
		{E804CD45-6B8A-4852-A13B-8A4D72AB4C47}.AppStore|iPhoneSimulator.Build.0 = Debug|Any CPU
		{E804CD45-6B8A-4852-A13B-8A4D72AB4C47}.AppStore|x64.ActiveCfg = Debug|Any CPU
		{E804CD45-6B8A-4852-A13B-8A4D72AB4C47}.AppStore|x64.Build.0 = Debug|Any CPU
		{E804CD45-6B8A-4852-A13B-8A4D72AB4C47}.AppStore|x86.ActiveCfg = Debug|Any CPU
		{E804CD45-6B8A-4852-A13B-8A4D72AB4C47}.AppStore|x86.Build.0 = Debug|Any CPU
		{E804CD45-6B8A-4852-A13B-8A4D72AB4C47}.Debug|Any CPU.ActiveCfg = Debug|Any CPU
		{E804CD45-6B8A-4852-A13B-8A4D72AB4C47}.Debug|Any CPU.Build.0 = Debug|Any CPU
		{E804CD45-6B8A-4852-A13B-8A4D72AB4C47}.Debug|ARM.ActiveCfg = Debug|Any CPU
		{E804CD45-6B8A-4852-A13B-8A4D72AB4C47}.Debug|ARM.Build.0 = Debug|Any CPU
		{E804CD45-6B8A-4852-A13B-8A4D72AB4C47}.Debug|iPhone.ActiveCfg = Debug|Any CPU
		{E804CD45-6B8A-4852-A13B-8A4D72AB4C47}.Debug|iPhone.Build.0 = Debug|Any CPU
		{E804CD45-6B8A-4852-A13B-8A4D72AB4C47}.Debug|iPhoneSimulator.ActiveCfg = Debug|Any CPU
		{E804CD45-6B8A-4852-A13B-8A4D72AB4C47}.Debug|iPhoneSimulator.Build.0 = Debug|Any CPU
		{E804CD45-6B8A-4852-A13B-8A4D72AB4C47}.Debug|x64.ActiveCfg = Debug|Any CPU
		{E804CD45-6B8A-4852-A13B-8A4D72AB4C47}.Debug|x64.Build.0 = Debug|Any CPU
		{E804CD45-6B8A-4852-A13B-8A4D72AB4C47}.Debug|x86.ActiveCfg = Debug|Any CPU
		{E804CD45-6B8A-4852-A13B-8A4D72AB4C47}.Debug|x86.Build.0 = Debug|Any CPU
		{E804CD45-6B8A-4852-A13B-8A4D72AB4C47}.Release|Any CPU.ActiveCfg = Release|Any CPU
		{E804CD45-6B8A-4852-A13B-8A4D72AB4C47}.Release|Any CPU.Build.0 = Release|Any CPU
		{E804CD45-6B8A-4852-A13B-8A4D72AB4C47}.Release|ARM.ActiveCfg = Release|Any CPU
		{E804CD45-6B8A-4852-A13B-8A4D72AB4C47}.Release|ARM.Build.0 = Release|Any CPU
		{E804CD45-6B8A-4852-A13B-8A4D72AB4C47}.Release|iPhone.ActiveCfg = Release|Any CPU
		{E804CD45-6B8A-4852-A13B-8A4D72AB4C47}.Release|iPhone.Build.0 = Release|Any CPU
		{E804CD45-6B8A-4852-A13B-8A4D72AB4C47}.Release|iPhoneSimulator.ActiveCfg = Release|Any CPU
		{E804CD45-6B8A-4852-A13B-8A4D72AB4C47}.Release|iPhoneSimulator.Build.0 = Release|Any CPU
		{E804CD45-6B8A-4852-A13B-8A4D72AB4C47}.Release|x64.ActiveCfg = Release|Any CPU
		{E804CD45-6B8A-4852-A13B-8A4D72AB4C47}.Release|x64.Build.0 = Release|Any CPU
		{E804CD45-6B8A-4852-A13B-8A4D72AB4C47}.Release|x86.ActiveCfg = Release|Any CPU
		{E804CD45-6B8A-4852-A13B-8A4D72AB4C47}.Release|x86.Build.0 = Release|Any CPU
	EndGlobalSection
	GlobalSection(SolutionProperties) = preSolution
		HideSolutionNode = FALSE
	EndGlobalSection
	GlobalSection(ExtensibilityGlobals) = postSolution
		SolutionGuid = {ACCB55DA-E862-4964-9427-8A3DC26303AC}
	EndGlobalSection
EndGlobal
