
Microsoft Visual Studio Solution File, Format Version 12.00
# Visual Studio 15
VisualStudioVersion = 15.0.27703.2026
MinimumVisualStudioVersion = 10.0.40219.1
Project("{FAE04EC0-301F-11D3-BF4B-00C04F79EFBC}") = "App1_Estilo.Android", "App1_Estilo\App1_Estilo.Android\App1_Estilo.Android.csproj", "{10A08D95-6B96-4E18-BB40-3F7A30E3D5DF}"
EndProject
Project("{FAE04EC0-301F-11D3-BF4B-00C04F79EFBC}") = "App1_Estilo.iOS", "App1_Estilo\App1_Estilo.iOS\App1_Estilo.iOS.csproj", "{0DA870F7-1C2D-442E-ACE6-AA715954DE31}"
EndProject
Project("{FAE04EC0-301F-11D3-BF4B-00C04F79EFBC}") = "App1_Estilo.UWP", "App1_Estilo\App1_Estilo.UWP\App1_Estilo.UWP.csproj", "{A5F9F617-5CB6-4B6B-B25B-087C1FF647F0}"
EndProject
Project("{FAE04EC0-301F-11D3-BF4B-00C04F79EFBC}") = "App1_Estilo", "App1_Estilo\App1_Estilo\App1_Estilo.csproj", "{6FD9F23D-DE74-4B80-BB15-7FDD6623A40D}"
EndProject
Global
	GlobalSection(SolutionConfigurationPlatforms) = preSolution
		Ad-Hoc|Any CPU = Ad-Hoc|Any CPU
		Ad-Hoc|ARM = Ad-Hoc|ARM
		Ad-Hoc|iPhone = Ad-Hoc|iPhone
		Ad-Hoc|iPhoneSimulator = Ad-Hoc|iPhoneSimulator
		Ad-Hoc|x64 = Ad-Hoc|x64
		Ad-Hoc|x86 = Ad-Hoc|x86
		AppStore|Any CPU = AppStore|Any CPU
		AppStore|ARM = AppStore|ARM
		AppStore|iPhone = AppStore|iPhone
		AppStore|iPhoneSimulator = AppStore|iPhoneSimulator
		AppStore|x64 = AppStore|x64
		AppStore|x86 = AppStore|x86
		Debug|Any CPU = Debug|Any CPU
		Debug|ARM = Debug|ARM
		Debug|iPhone = Debug|iPhone
		Debug|iPhoneSimulator = Debug|iPhoneSimulator
		Debug|x64 = Debug|x64
		Debug|x86 = Debug|x86
		Release|Any CPU = Release|Any CPU
		Release|ARM = Release|ARM
		Release|iPhone = Release|iPhone
		Release|iPhoneSimulator = Release|iPhoneSimulator
		Release|x64 = Release|x64
		Release|x86 = Release|x86
	EndGlobalSection
	GlobalSection(ProjectConfigurationPlatforms) = postSolution
		{10A08D95-6B96-4E18-BB40-3F7A30E3D5DF}.Ad-Hoc|Any CPU.ActiveCfg = Release|Any CPU
		{10A08D95-6B96-4E18-BB40-3F7A30E3D5DF}.Ad-Hoc|Any CPU.Build.0 = Release|Any CPU
		{10A08D95-6B96-4E18-BB40-3F7A30E3D5DF}.Ad-Hoc|Any CPU.Deploy.0 = Release|Any CPU
		{10A08D95-6B96-4E18-BB40-3F7A30E3D5DF}.Ad-Hoc|ARM.ActiveCfg = Release|Any CPU
		{10A08D95-6B96-4E18-BB40-3F7A30E3D5DF}.Ad-Hoc|ARM.Build.0 = Release|Any CPU
		{10A08D95-6B96-4E18-BB40-3F7A30E3D5DF}.Ad-Hoc|ARM.Deploy.0 = Release|Any CPU
		{10A08D95-6B96-4E18-BB40-3F7A30E3D5DF}.Ad-Hoc|iPhone.ActiveCfg = Release|Any CPU
		{10A08D95-6B96-4E18-BB40-3F7A30E3D5DF}.Ad-Hoc|iPhone.Build.0 = Release|Any CPU
		{10A08D95-6B96-4E18-BB40-3F7A30E3D5DF}.Ad-Hoc|iPhone.Deploy.0 = Release|Any CPU
		{10A08D95-6B96-4E18-BB40-3F7A30E3D5DF}.Ad-Hoc|iPhoneSimulator.ActiveCfg = Release|Any CPU
		{10A08D95-6B96-4E18-BB40-3F7A30E3D5DF}.Ad-Hoc|iPhoneSimulator.Build.0 = Release|Any CPU
		{10A08D95-6B96-4E18-BB40-3F7A30E3D5DF}.Ad-Hoc|iPhoneSimulator.Deploy.0 = Release|Any CPU
		{10A08D95-6B96-4E18-BB40-3F7A30E3D5DF}.Ad-Hoc|x64.ActiveCfg = Release|Any CPU
		{10A08D95-6B96-4E18-BB40-3F7A30E3D5DF}.Ad-Hoc|x64.Build.0 = Release|Any CPU
		{10A08D95-6B96-4E18-BB40-3F7A30E3D5DF}.Ad-Hoc|x64.Deploy.0 = Release|Any CPU
		{10A08D95-6B96-4E18-BB40-3F7A30E3D5DF}.Ad-Hoc|x86.ActiveCfg = Release|Any CPU
		{10A08D95-6B96-4E18-BB40-3F7A30E3D5DF}.Ad-Hoc|x86.Build.0 = Release|Any CPU
		{10A08D95-6B96-4E18-BB40-3F7A30E3D5DF}.Ad-Hoc|x86.Deploy.0 = Release|Any CPU
		{10A08D95-6B96-4E18-BB40-3F7A30E3D5DF}.AppStore|Any CPU.ActiveCfg = Release|Any CPU
		{10A08D95-6B96-4E18-BB40-3F7A30E3D5DF}.AppStore|Any CPU.Build.0 = Release|Any CPU
		{10A08D95-6B96-4E18-BB40-3F7A30E3D5DF}.AppStore|Any CPU.Deploy.0 = Release|Any CPU
		{10A08D95-6B96-4E18-BB40-3F7A30E3D5DF}.AppStore|ARM.ActiveCfg = Release|Any CPU
		{10A08D95-6B96-4E18-BB40-3F7A30E3D5DF}.AppStore|ARM.Build.0 = Release|Any CPU
		{10A08D95-6B96-4E18-BB40-3F7A30E3D5DF}.AppStore|ARM.Deploy.0 = Release|Any CPU
		{10A08D95-6B96-4E18-BB40-3F7A30E3D5DF}.AppStore|iPhone.ActiveCfg = Release|Any CPU
		{10A08D95-6B96-4E18-BB40-3F7A30E3D5DF}.AppStore|iPhone.Build.0 = Release|Any CPU
		{10A08D95-6B96-4E18-BB40-3F7A30E3D5DF}.AppStore|iPhone.Deploy.0 = Release|Any CPU
		{10A08D95-6B96-4E18-BB40-3F7A30E3D5DF}.AppStore|iPhoneSimulator.ActiveCfg = Release|Any CPU
		{10A08D95-6B96-4E18-BB40-3F7A30E3D5DF}.AppStore|iPhoneSimulator.Build.0 = Release|Any CPU
		{10A08D95-6B96-4E18-BB40-3F7A30E3D5DF}.AppStore|iPhoneSimulator.Deploy.0 = Release|Any CPU
		{10A08D95-6B96-4E18-BB40-3F7A30E3D5DF}.AppStore|x64.ActiveCfg = Release|Any CPU
		{10A08D95-6B96-4E18-BB40-3F7A30E3D5DF}.AppStore|x64.Build.0 = Release|Any CPU
		{10A08D95-6B96-4E18-BB40-3F7A30E3D5DF}.AppStore|x64.Deploy.0 = Release|Any CPU
		{10A08D95-6B96-4E18-BB40-3F7A30E3D5DF}.AppStore|x86.ActiveCfg = Release|Any CPU
		{10A08D95-6B96-4E18-BB40-3F7A30E3D5DF}.AppStore|x86.Build.0 = Release|Any CPU
		{10A08D95-6B96-4E18-BB40-3F7A30E3D5DF}.AppStore|x86.Deploy.0 = Release|Any CPU
		{10A08D95-6B96-4E18-BB40-3F7A30E3D5DF}.Debug|Any CPU.ActiveCfg = Debug|Any CPU
		{10A08D95-6B96-4E18-BB40-3F7A30E3D5DF}.Debug|Any CPU.Build.0 = Debug|Any CPU
		{10A08D95-6B96-4E18-BB40-3F7A30E3D5DF}.Debug|Any CPU.Deploy.0 = Debug|Any CPU
		{10A08D95-6B96-4E18-BB40-3F7A30E3D5DF}.Debug|ARM.ActiveCfg = Debug|Any CPU
		{10A08D95-6B96-4E18-BB40-3F7A30E3D5DF}.Debug|ARM.Build.0 = Debug|Any CPU
		{10A08D95-6B96-4E18-BB40-3F7A30E3D5DF}.Debug|ARM.Deploy.0 = Debug|Any CPU
		{10A08D95-6B96-4E18-BB40-3F7A30E3D5DF}.Debug|iPhone.ActiveCfg = Debug|Any CPU
		{10A08D95-6B96-4E18-BB40-3F7A30E3D5DF}.Debug|iPhone.Build.0 = Debug|Any CPU
		{10A08D95-6B96-4E18-BB40-3F7A30E3D5DF}.Debug|iPhone.Deploy.0 = Debug|Any CPU
		{10A08D95-6B96-4E18-BB40-3F7A30E3D5DF}.Debug|iPhoneSimulator.ActiveCfg = Debug|Any CPU
		{10A08D95-6B96-4E18-BB40-3F7A30E3D5DF}.Debug|iPhoneSimulator.Build.0 = Debug|Any CPU
		{10A08D95-6B96-4E18-BB40-3F7A30E3D5DF}.Debug|iPhoneSimulator.Deploy.0 = Debug|Any CPU
		{10A08D95-6B96-4E18-BB40-3F7A30E3D5DF}.Debug|x64.ActiveCfg = Debug|Any CPU
		{10A08D95-6B96-4E18-BB40-3F7A30E3D5DF}.Debug|x64.Build.0 = Debug|Any CPU
		{10A08D95-6B96-4E18-BB40-3F7A30E3D5DF}.Debug|x64.Deploy.0 = Debug|Any CPU
		{10A08D95-6B96-4E18-BB40-3F7A30E3D5DF}.Debug|x86.ActiveCfg = Debug|Any CPU
		{10A08D95-6B96-4E18-BB40-3F7A30E3D5DF}.Debug|x86.Build.0 = Debug|Any CPU
		{10A08D95-6B96-4E18-BB40-3F7A30E3D5DF}.Debug|x86.Deploy.0 = Debug|Any CPU
		{10A08D95-6B96-4E18-BB40-3F7A30E3D5DF}.Release|Any CPU.ActiveCfg = Release|Any CPU
		{10A08D95-6B96-4E18-BB40-3F7A30E3D5DF}.Release|Any CPU.Build.0 = Release|Any CPU
		{10A08D95-6B96-4E18-BB40-3F7A30E3D5DF}.Release|Any CPU.Deploy.0 = Release|Any CPU
		{10A08D95-6B96-4E18-BB40-3F7A30E3D5DF}.Release|ARM.ActiveCfg = Release|Any CPU
		{10A08D95-6B96-4E18-BB40-3F7A30E3D5DF}.Release|ARM.Build.0 = Release|Any CPU
		{10A08D95-6B96-4E18-BB40-3F7A30E3D5DF}.Release|ARM.Deploy.0 = Release|Any CPU
		{10A08D95-6B96-4E18-BB40-3F7A30E3D5DF}.Release|iPhone.ActiveCfg = Release|Any CPU
		{10A08D95-6B96-4E18-BB40-3F7A30E3D5DF}.Release|iPhone.Build.0 = Release|Any CPU
		{10A08D95-6B96-4E18-BB40-3F7A30E3D5DF}.Release|iPhone.Deploy.0 = Release|Any CPU
		{10A08D95-6B96-4E18-BB40-3F7A30E3D5DF}.Release|iPhoneSimulator.ActiveCfg = Release|Any CPU
		{10A08D95-6B96-4E18-BB40-3F7A30E3D5DF}.Release|iPhoneSimulator.Build.0 = Release|Any CPU
		{10A08D95-6B96-4E18-BB40-3F7A30E3D5DF}.Release|iPhoneSimulator.Deploy.0 = Release|Any CPU
		{10A08D95-6B96-4E18-BB40-3F7A30E3D5DF}.Release|x64.ActiveCfg = Release|Any CPU
		{10A08D95-6B96-4E18-BB40-3F7A30E3D5DF}.Release|x64.Build.0 = Release|Any CPU
		{10A08D95-6B96-4E18-BB40-3F7A30E3D5DF}.Release|x64.Deploy.0 = Release|Any CPU
		{10A08D95-6B96-4E18-BB40-3F7A30E3D5DF}.Release|x86.ActiveCfg = Release|Any CPU
		{10A08D95-6B96-4E18-BB40-3F7A30E3D5DF}.Release|x86.Build.0 = Release|Any CPU
		{10A08D95-6B96-4E18-BB40-3F7A30E3D5DF}.Release|x86.Deploy.0 = Release|Any CPU
		{0DA870F7-1C2D-442E-ACE6-AA715954DE31}.Ad-Hoc|Any CPU.ActiveCfg = Ad-Hoc|iPhone
		{0DA870F7-1C2D-442E-ACE6-AA715954DE31}.Ad-Hoc|Any CPU.Build.0 = Ad-Hoc|iPhone
		{0DA870F7-1C2D-442E-ACE6-AA715954DE31}.Ad-Hoc|Any CPU.Deploy.0 = Ad-Hoc|iPhone
		{0DA870F7-1C2D-442E-ACE6-AA715954DE31}.Ad-Hoc|ARM.ActiveCfg = Ad-Hoc|iPhone
		{0DA870F7-1C2D-442E-ACE6-AA715954DE31}.Ad-Hoc|ARM.Build.0 = Ad-Hoc|iPhone
		{0DA870F7-1C2D-442E-ACE6-AA715954DE31}.Ad-Hoc|ARM.Deploy.0 = Ad-Hoc|iPhone
		{0DA870F7-1C2D-442E-ACE6-AA715954DE31}.Ad-Hoc|iPhone.ActiveCfg = Ad-Hoc|iPhone
		{0DA870F7-1C2D-442E-ACE6-AA715954DE31}.Ad-Hoc|iPhone.Build.0 = Ad-Hoc|iPhone
		{0DA870F7-1C2D-442E-ACE6-AA715954DE31}.Ad-Hoc|iPhone.Deploy.0 = Ad-Hoc|iPhone
		{0DA870F7-1C2D-442E-ACE6-AA715954DE31}.Ad-Hoc|iPhoneSimulator.ActiveCfg = Ad-Hoc|iPhoneSimulator
		{0DA870F7-1C2D-442E-ACE6-AA715954DE31}.Ad-Hoc|iPhoneSimulator.Build.0 = Ad-Hoc|iPhoneSimulator
		{0DA870F7-1C2D-442E-ACE6-AA715954DE31}.Ad-Hoc|iPhoneSimulator.Deploy.0 = Ad-Hoc|iPhoneSimulator
		{0DA870F7-1C2D-442E-ACE6-AA715954DE31}.Ad-Hoc|x64.ActiveCfg = Ad-Hoc|iPhone
		{0DA870F7-1C2D-442E-ACE6-AA715954DE31}.Ad-Hoc|x64.Build.0 = Ad-Hoc|iPhone
		{0DA870F7-1C2D-442E-ACE6-AA715954DE31}.Ad-Hoc|x64.Deploy.0 = Ad-Hoc|iPhone
		{0DA870F7-1C2D-442E-ACE6-AA715954DE31}.Ad-Hoc|x86.ActiveCfg = Ad-Hoc|iPhone
		{0DA870F7-1C2D-442E-ACE6-AA715954DE31}.Ad-Hoc|x86.Build.0 = Ad-Hoc|iPhone
		{0DA870F7-1C2D-442E-ACE6-AA715954DE31}.Ad-Hoc|x86.Deploy.0 = Ad-Hoc|iPhone
		{0DA870F7-1C2D-442E-ACE6-AA715954DE31}.AppStore|Any CPU.ActiveCfg = AppStore|iPhone
		{0DA870F7-1C2D-442E-ACE6-AA715954DE31}.AppStore|Any CPU.Build.0 = AppStore|iPhone
		{0DA870F7-1C2D-442E-ACE6-AA715954DE31}.AppStore|Any CPU.Deploy.0 = AppStore|iPhone
		{0DA870F7-1C2D-442E-ACE6-AA715954DE31}.AppStore|ARM.ActiveCfg = AppStore|iPhone
		{0DA870F7-1C2D-442E-ACE6-AA715954DE31}.AppStore|ARM.Build.0 = AppStore|iPhone
		{0DA870F7-1C2D-442E-ACE6-AA715954DE31}.AppStore|ARM.Deploy.0 = AppStore|iPhone
		{0DA870F7-1C2D-442E-ACE6-AA715954DE31}.AppStore|iPhone.ActiveCfg = AppStore|iPhone
		{0DA870F7-1C2D-442E-ACE6-AA715954DE31}.AppStore|iPhone.Build.0 = AppStore|iPhone
		{0DA870F7-1C2D-442E-ACE6-AA715954DE31}.AppStore|iPhone.Deploy.0 = AppStore|iPhone
		{0DA870F7-1C2D-442E-ACE6-AA715954DE31}.AppStore|iPhoneSimulator.ActiveCfg = AppStore|iPhoneSimulator
		{0DA870F7-1C2D-442E-ACE6-AA715954DE31}.AppStore|iPhoneSimulator.Build.0 = AppStore|iPhoneSimulator
		{0DA870F7-1C2D-442E-ACE6-AA715954DE31}.AppStore|iPhoneSimulator.Deploy.0 = AppStore|iPhoneSimulator
		{0DA870F7-1C2D-442E-ACE6-AA715954DE31}.AppStore|x64.ActiveCfg = AppStore|iPhone
		{0DA870F7-1C2D-442E-ACE6-AA715954DE31}.AppStore|x64.Build.0 = AppStore|iPhone
		{0DA870F7-1C2D-442E-ACE6-AA715954DE31}.AppStore|x64.Deploy.0 = AppStore|iPhone
		{0DA870F7-1C2D-442E-ACE6-AA715954DE31}.AppStore|x86.ActiveCfg = AppStore|iPhone
		{0DA870F7-1C2D-442E-ACE6-AA715954DE31}.AppStore|x86.Build.0 = AppStore|iPhone
		{0DA870F7-1C2D-442E-ACE6-AA715954DE31}.AppStore|x86.Deploy.0 = AppStore|iPhone
		{0DA870F7-1C2D-442E-ACE6-AA715954DE31}.Debug|Any CPU.ActiveCfg = Debug|iPhoneSimulator
		{0DA870F7-1C2D-442E-ACE6-AA715954DE31}.Debug|Any CPU.Build.0 = Debug|iPhoneSimulator
		{0DA870F7-1C2D-442E-ACE6-AA715954DE31}.Debug|Any CPU.Deploy.0 = Debug|iPhoneSimulator
		{0DA870F7-1C2D-442E-ACE6-AA715954DE31}.Debug|ARM.ActiveCfg = Debug|iPhone
		{0DA870F7-1C2D-442E-ACE6-AA715954DE31}.Debug|ARM.Build.0 = Debug|iPhone
		{0DA870F7-1C2D-442E-ACE6-AA715954DE31}.Debug|ARM.Deploy.0 = Debug|iPhone
		{0DA870F7-1C2D-442E-ACE6-AA715954DE31}.Debug|iPhone.ActiveCfg = Debug|iPhone
		{0DA870F7-1C2D-442E-ACE6-AA715954DE31}.Debug|iPhone.Build.0 = Debug|iPhone
		{0DA870F7-1C2D-442E-ACE6-AA715954DE31}.Debug|iPhone.Deploy.0 = Debug|iPhone
		{0DA870F7-1C2D-442E-ACE6-AA715954DE31}.Debug|iPhoneSimulator.ActiveCfg = Debug|iPhoneSimulator
		{0DA870F7-1C2D-442E-ACE6-AA715954DE31}.Debug|iPhoneSimulator.Build.0 = Debug|iPhoneSimulator
		{0DA870F7-1C2D-442E-ACE6-AA715954DE31}.Debug|iPhoneSimulator.Deploy.0 = Debug|iPhoneSimulator
		{0DA870F7-1C2D-442E-ACE6-AA715954DE31}.Debug|x64.ActiveCfg = Debug|iPhone
		{0DA870F7-1C2D-442E-ACE6-AA715954DE31}.Debug|x64.Build.0 = Debug|iPhone
		{0DA870F7-1C2D-442E-ACE6-AA715954DE31}.Debug|x64.Deploy.0 = Debug|iPhone
		{0DA870F7-1C2D-442E-ACE6-AA715954DE31}.Debug|x86.ActiveCfg = Debug|iPhone
		{0DA870F7-1C2D-442E-ACE6-AA715954DE31}.Debug|x86.Build.0 = Debug|iPhone
		{0DA870F7-1C2D-442E-ACE6-AA715954DE31}.Debug|x86.Deploy.0 = Debug|iPhone
		{0DA870F7-1C2D-442E-ACE6-AA715954DE31}.Release|Any CPU.ActiveCfg = Release|iPhone
		{0DA870F7-1C2D-442E-ACE6-AA715954DE31}.Release|Any CPU.Build.0 = Release|iPhone
		{0DA870F7-1C2D-442E-ACE6-AA715954DE31}.Release|Any CPU.Deploy.0 = Release|iPhone
		{0DA870F7-1C2D-442E-ACE6-AA715954DE31}.Release|ARM.ActiveCfg = Release|iPhone
		{0DA870F7-1C2D-442E-ACE6-AA715954DE31}.Release|ARM.Build.0 = Release|iPhone
		{0DA870F7-1C2D-442E-ACE6-AA715954DE31}.Release|ARM.Deploy.0 = Release|iPhone
		{0DA870F7-1C2D-442E-ACE6-AA715954DE31}.Release|iPhone.ActiveCfg = Release|iPhone
		{0DA870F7-1C2D-442E-ACE6-AA715954DE31}.Release|iPhone.Build.0 = Release|iPhone
		{0DA870F7-1C2D-442E-ACE6-AA715954DE31}.Release|iPhone.Deploy.0 = Release|iPhone
		{0DA870F7-1C2D-442E-ACE6-AA715954DE31}.Release|iPhoneSimulator.ActiveCfg = Release|iPhoneSimulator
		{0DA870F7-1C2D-442E-ACE6-AA715954DE31}.Release|iPhoneSimulator.Build.0 = Release|iPhoneSimulator
		{0DA870F7-1C2D-442E-ACE6-AA715954DE31}.Release|iPhoneSimulator.Deploy.0 = Release|iPhoneSimulator
		{0DA870F7-1C2D-442E-ACE6-AA715954DE31}.Release|x64.ActiveCfg = Release|iPhone
		{0DA870F7-1C2D-442E-ACE6-AA715954DE31}.Release|x64.Build.0 = Release|iPhone
		{0DA870F7-1C2D-442E-ACE6-AA715954DE31}.Release|x64.Deploy.0 = Release|iPhone
		{0DA870F7-1C2D-442E-ACE6-AA715954DE31}.Release|x86.ActiveCfg = Release|iPhone
		{0DA870F7-1C2D-442E-ACE6-AA715954DE31}.Release|x86.Build.0 = Release|iPhone
		{0DA870F7-1C2D-442E-ACE6-AA715954DE31}.Release|x86.Deploy.0 = Release|iPhone
		{A5F9F617-5CB6-4B6B-B25B-087C1FF647F0}.Ad-Hoc|Any CPU.ActiveCfg = Release|x86
		{A5F9F617-5CB6-4B6B-B25B-087C1FF647F0}.Ad-Hoc|Any CPU.Build.0 = Release|x86
		{A5F9F617-5CB6-4B6B-B25B-087C1FF647F0}.Ad-Hoc|Any CPU.Deploy.0 = Release|x86
		{A5F9F617-5CB6-4B6B-B25B-087C1FF647F0}.Ad-Hoc|ARM.ActiveCfg = Release|ARM
		{A5F9F617-5CB6-4B6B-B25B-087C1FF647F0}.Ad-Hoc|ARM.Build.0 = Release|ARM
		{A5F9F617-5CB6-4B6B-B25B-087C1FF647F0}.Ad-Hoc|ARM.Deploy.0 = Release|ARM
		{A5F9F617-5CB6-4B6B-B25B-087C1FF647F0}.Ad-Hoc|iPhone.ActiveCfg = Release|x86
		{A5F9F617-5CB6-4B6B-B25B-087C1FF647F0}.Ad-Hoc|iPhone.Build.0 = Release|x86
		{A5F9F617-5CB6-4B6B-B25B-087C1FF647F0}.Ad-Hoc|iPhone.Deploy.0 = Release|x86
		{A5F9F617-5CB6-4B6B-B25B-087C1FF647F0}.Ad-Hoc|iPhoneSimulator.ActiveCfg = Release|x86
		{A5F9F617-5CB6-4B6B-B25B-087C1FF647F0}.Ad-Hoc|iPhoneSimulator.Build.0 = Release|x86
		{A5F9F617-5CB6-4B6B-B25B-087C1FF647F0}.Ad-Hoc|iPhoneSimulator.Deploy.0 = Release|x86
		{A5F9F617-5CB6-4B6B-B25B-087C1FF647F0}.Ad-Hoc|x64.ActiveCfg = Release|x64
		{A5F9F617-5CB6-4B6B-B25B-087C1FF647F0}.Ad-Hoc|x64.Build.0 = Release|x64
		{A5F9F617-5CB6-4B6B-B25B-087C1FF647F0}.Ad-Hoc|x64.Deploy.0 = Release|x64
		{A5F9F617-5CB6-4B6B-B25B-087C1FF647F0}.Ad-Hoc|x86.ActiveCfg = Release|x86
		{A5F9F617-5CB6-4B6B-B25B-087C1FF647F0}.Ad-Hoc|x86.Build.0 = Release|x86
		{A5F9F617-5CB6-4B6B-B25B-087C1FF647F0}.Ad-Hoc|x86.Deploy.0 = Release|x86
		{A5F9F617-5CB6-4B6B-B25B-087C1FF647F0}.AppStore|Any CPU.ActiveCfg = Release|x86
		{A5F9F617-5CB6-4B6B-B25B-087C1FF647F0}.AppStore|Any CPU.Build.0 = Release|x86
		{A5F9F617-5CB6-4B6B-B25B-087C1FF647F0}.AppStore|Any CPU.Deploy.0 = Release|x86
		{A5F9F617-5CB6-4B6B-B25B-087C1FF647F0}.AppStore|ARM.ActiveCfg = Release|ARM
		{A5F9F617-5CB6-4B6B-B25B-087C1FF647F0}.AppStore|ARM.Build.0 = Release|ARM
		{A5F9F617-5CB6-4B6B-B25B-087C1FF647F0}.AppStore|ARM.Deploy.0 = Release|ARM
		{A5F9F617-5CB6-4B6B-B25B-087C1FF647F0}.AppStore|iPhone.ActiveCfg = Release|x86
		{A5F9F617-5CB6-4B6B-B25B-087C1FF647F0}.AppStore|iPhone.Build.0 = Release|x86
		{A5F9F617-5CB6-4B6B-B25B-087C1FF647F0}.AppStore|iPhone.Deploy.0 = Release|x86
		{A5F9F617-5CB6-4B6B-B25B-087C1FF647F0}.AppStore|iPhoneSimulator.ActiveCfg = Release|x86
		{A5F9F617-5CB6-4B6B-B25B-087C1FF647F0}.AppStore|iPhoneSimulator.Build.0 = Release|x86
		{A5F9F617-5CB6-4B6B-B25B-087C1FF647F0}.AppStore|iPhoneSimulator.Deploy.0 = Release|x86
		{A5F9F617-5CB6-4B6B-B25B-087C1FF647F0}.AppStore|x64.ActiveCfg = Release|x64
		{A5F9F617-5CB6-4B6B-B25B-087C1FF647F0}.AppStore|x64.Build.0 = Release|x64
		{A5F9F617-5CB6-4B6B-B25B-087C1FF647F0}.AppStore|x64.Deploy.0 = Release|x64
		{A5F9F617-5CB6-4B6B-B25B-087C1FF647F0}.AppStore|x86.ActiveCfg = Release|x86
		{A5F9F617-5CB6-4B6B-B25B-087C1FF647F0}.AppStore|x86.Build.0 = Release|x86
		{A5F9F617-5CB6-4B6B-B25B-087C1FF647F0}.AppStore|x86.Deploy.0 = Release|x86
		{A5F9F617-5CB6-4B6B-B25B-087C1FF647F0}.Debug|Any CPU.ActiveCfg = Debug|x86
		{A5F9F617-5CB6-4B6B-B25B-087C1FF647F0}.Debug|Any CPU.Build.0 = Debug|x86
		{A5F9F617-5CB6-4B6B-B25B-087C1FF647F0}.Debug|Any CPU.Deploy.0 = Debug|x86
		{A5F9F617-5CB6-4B6B-B25B-087C1FF647F0}.Debug|ARM.ActiveCfg = Debug|ARM
		{A5F9F617-5CB6-4B6B-B25B-087C1FF647F0}.Debug|ARM.Build.0 = Debug|ARM
		{A5F9F617-5CB6-4B6B-B25B-087C1FF647F0}.Debug|ARM.Deploy.0 = Debug|ARM
		{A5F9F617-5CB6-4B6B-B25B-087C1FF647F0}.Debug|iPhone.ActiveCfg = Debug|x86
		{A5F9F617-5CB6-4B6B-B25B-087C1FF647F0}.Debug|iPhone.Build.0 = Debug|x86
		{A5F9F617-5CB6-4B6B-B25B-087C1FF647F0}.Debug|iPhone.Deploy.0 = Debug|x86
		{A5F9F617-5CB6-4B6B-B25B-087C1FF647F0}.Debug|iPhoneSimulator.ActiveCfg = Debug|x86
		{A5F9F617-5CB6-4B6B-B25B-087C1FF647F0}.Debug|iPhoneSimulator.Build.0 = Debug|x86
		{A5F9F617-5CB6-4B6B-B25B-087C1FF647F0}.Debug|iPhoneSimulator.Deploy.0 = Debug|x86
		{A5F9F617-5CB6-4B6B-B25B-087C1FF647F0}.Debug|x64.ActiveCfg = Debug|x64
		{A5F9F617-5CB6-4B6B-B25B-087C1FF647F0}.Debug|x64.Build.0 = Debug|x64
		{A5F9F617-5CB6-4B6B-B25B-087C1FF647F0}.Debug|x64.Deploy.0 = Debug|x64
		{A5F9F617-5CB6-4B6B-B25B-087C1FF647F0}.Debug|x86.ActiveCfg = Debug|x86
		{A5F9F617-5CB6-4B6B-B25B-087C1FF647F0}.Debug|x86.Build.0 = Debug|x86
		{A5F9F617-5CB6-4B6B-B25B-087C1FF647F0}.Debug|x86.Deploy.0 = Debug|x86
		{A5F9F617-5CB6-4B6B-B25B-087C1FF647F0}.Release|Any CPU.ActiveCfg = Release|x86
		{A5F9F617-5CB6-4B6B-B25B-087C1FF647F0}.Release|Any CPU.Build.0 = Release|x86
		{A5F9F617-5CB6-4B6B-B25B-087C1FF647F0}.Release|Any CPU.Deploy.0 = Release|x86
		{A5F9F617-5CB6-4B6B-B25B-087C1FF647F0}.Release|ARM.ActiveCfg = Release|ARM
		{A5F9F617-5CB6-4B6B-B25B-087C1FF647F0}.Release|ARM.Build.0 = Release|ARM
		{A5F9F617-5CB6-4B6B-B25B-087C1FF647F0}.Release|ARM.Deploy.0 = Release|ARM
		{A5F9F617-5CB6-4B6B-B25B-087C1FF647F0}.Release|iPhone.ActiveCfg = Release|x86
		{A5F9F617-5CB6-4B6B-B25B-087C1FF647F0}.Release|iPhone.Build.0 = Release|x86
		{A5F9F617-5CB6-4B6B-B25B-087C1FF647F0}.Release|iPhone.Deploy.0 = Release|x86
		{A5F9F617-5CB6-4B6B-B25B-087C1FF647F0}.Release|iPhoneSimulator.ActiveCfg = Release|x86
		{A5F9F617-5CB6-4B6B-B25B-087C1FF647F0}.Release|iPhoneSimulator.Build.0 = Release|x86
		{A5F9F617-5CB6-4B6B-B25B-087C1FF647F0}.Release|iPhoneSimulator.Deploy.0 = Release|x86
		{A5F9F617-5CB6-4B6B-B25B-087C1FF647F0}.Release|x64.ActiveCfg = Release|x64
		{A5F9F617-5CB6-4B6B-B25B-087C1FF647F0}.Release|x64.Build.0 = Release|x64
		{A5F9F617-5CB6-4B6B-B25B-087C1FF647F0}.Release|x64.Deploy.0 = Release|x64
		{A5F9F617-5CB6-4B6B-B25B-087C1FF647F0}.Release|x86.ActiveCfg = Release|x86
		{A5F9F617-5CB6-4B6B-B25B-087C1FF647F0}.Release|x86.Build.0 = Release|x86
		{A5F9F617-5CB6-4B6B-B25B-087C1FF647F0}.Release|x86.Deploy.0 = Release|x86
		{6FD9F23D-DE74-4B80-BB15-7FDD6623A40D}.Ad-Hoc|Any CPU.ActiveCfg = Debug|Any CPU
		{6FD9F23D-DE74-4B80-BB15-7FDD6623A40D}.Ad-Hoc|Any CPU.Build.0 = Debug|Any CPU
		{6FD9F23D-DE74-4B80-BB15-7FDD6623A40D}.Ad-Hoc|Any CPU.Deploy.0 = Debug|Any CPU
		{6FD9F23D-DE74-4B80-BB15-7FDD6623A40D}.Ad-Hoc|ARM.ActiveCfg = Debug|Any CPU
		{6FD9F23D-DE74-4B80-BB15-7FDD6623A40D}.Ad-Hoc|ARM.Build.0 = Debug|Any CPU
		{6FD9F23D-DE74-4B80-BB15-7FDD6623A40D}.Ad-Hoc|ARM.Deploy.0 = Debug|Any CPU
		{6FD9F23D-DE74-4B80-BB15-7FDD6623A40D}.Ad-Hoc|iPhone.ActiveCfg = Debug|Any CPU
		{6FD9F23D-DE74-4B80-BB15-7FDD6623A40D}.Ad-Hoc|iPhone.Build.0 = Debug|Any CPU
		{6FD9F23D-DE74-4B80-BB15-7FDD6623A40D}.Ad-Hoc|iPhone.Deploy.0 = Debug|Any CPU
		{6FD9F23D-DE74-4B80-BB15-7FDD6623A40D}.Ad-Hoc|iPhoneSimulator.ActiveCfg = Debug|Any CPU
		{6FD9F23D-DE74-4B80-BB15-7FDD6623A40D}.Ad-Hoc|iPhoneSimulator.Build.0 = Debug|Any CPU
		{6FD9F23D-DE74-4B80-BB15-7FDD6623A40D}.Ad-Hoc|iPhoneSimulator.Deploy.0 = Debug|Any CPU
		{6FD9F23D-DE74-4B80-BB15-7FDD6623A40D}.Ad-Hoc|x64.ActiveCfg = Debug|Any CPU
		{6FD9F23D-DE74-4B80-BB15-7FDD6623A40D}.Ad-Hoc|x64.Build.0 = Debug|Any CPU
		{6FD9F23D-DE74-4B80-BB15-7FDD6623A40D}.Ad-Hoc|x64.Deploy.0 = Debug|Any CPU
		{6FD9F23D-DE74-4B80-BB15-7FDD6623A40D}.Ad-Hoc|x86.ActiveCfg = Debug|Any CPU
		{6FD9F23D-DE74-4B80-BB15-7FDD6623A40D}.Ad-Hoc|x86.Build.0 = Debug|Any CPU
		{6FD9F23D-DE74-4B80-BB15-7FDD6623A40D}.Ad-Hoc|x86.Deploy.0 = Debug|Any CPU
		{6FD9F23D-DE74-4B80-BB15-7FDD6623A40D}.AppStore|Any CPU.ActiveCfg = Debug|Any CPU
		{6FD9F23D-DE74-4B80-BB15-7FDD6623A40D}.AppStore|Any CPU.Build.0 = Debug|Any CPU
		{6FD9F23D-DE74-4B80-BB15-7FDD6623A40D}.AppStore|Any CPU.Deploy.0 = Debug|Any CPU
		{6FD9F23D-DE74-4B80-BB15-7FDD6623A40D}.AppStore|ARM.ActiveCfg = Debug|Any CPU
		{6FD9F23D-DE74-4B80-BB15-7FDD6623A40D}.AppStore|ARM.Build.0 = Debug|Any CPU
		{6FD9F23D-DE74-4B80-BB15-7FDD6623A40D}.AppStore|ARM.Deploy.0 = Debug|Any CPU
		{6FD9F23D-DE74-4B80-BB15-7FDD6623A40D}.AppStore|iPhone.ActiveCfg = Debug|Any CPU
		{6FD9F23D-DE74-4B80-BB15-7FDD6623A40D}.AppStore|iPhone.Build.0 = Debug|Any CPU
		{6FD9F23D-DE74-4B80-BB15-7FDD6623A40D}.AppStore|iPhone.Deploy.0 = Debug|Any CPU
		{6FD9F23D-DE74-4B80-BB15-7FDD6623A40D}.AppStore|iPhoneSimulator.ActiveCfg = Debug|Any CPU
		{6FD9F23D-DE74-4B80-BB15-7FDD6623A40D}.AppStore|iPhoneSimulator.Build.0 = Debug|Any CPU
		{6FD9F23D-DE74-4B80-BB15-7FDD6623A40D}.AppStore|iPhoneSimulator.Deploy.0 = Debug|Any CPU
		{6FD9F23D-DE74-4B80-BB15-7FDD6623A40D}.AppStore|x64.ActiveCfg = Debug|Any CPU
		{6FD9F23D-DE74-4B80-BB15-7FDD6623A40D}.AppStore|x64.Build.0 = Debug|Any CPU
		{6FD9F23D-DE74-4B80-BB15-7FDD6623A40D}.AppStore|x64.Deploy.0 = Debug|Any CPU
		{6FD9F23D-DE74-4B80-BB15-7FDD6623A40D}.AppStore|x86.ActiveCfg = Debug|Any CPU
		{6FD9F23D-DE74-4B80-BB15-7FDD6623A40D}.AppStore|x86.Build.0 = Debug|Any CPU
		{6FD9F23D-DE74-4B80-BB15-7FDD6623A40D}.AppStore|x86.Deploy.0 = Debug|Any CPU
		{6FD9F23D-DE74-4B80-BB15-7FDD6623A40D}.Debug|Any CPU.ActiveCfg = Debug|Any CPU
		{6FD9F23D-DE74-4B80-BB15-7FDD6623A40D}.Debug|Any CPU.Build.0 = Debug|Any CPU
		{6FD9F23D-DE74-4B80-BB15-7FDD6623A40D}.Debug|Any CPU.Deploy.0 = Debug|Any CPU
		{6FD9F23D-DE74-4B80-BB15-7FDD6623A40D}.Debug|ARM.ActiveCfg = Debug|Any CPU
		{6FD9F23D-DE74-4B80-BB15-7FDD6623A40D}.Debug|ARM.Build.0 = Debug|Any CPU
		{6FD9F23D-DE74-4B80-BB15-7FDD6623A40D}.Debug|ARM.Deploy.0 = Debug|Any CPU
		{6FD9F23D-DE74-4B80-BB15-7FDD6623A40D}.Debug|iPhone.ActiveCfg = Debug|Any CPU
		{6FD9F23D-DE74-4B80-BB15-7FDD6623A40D}.Debug|iPhone.Build.0 = Debug|Any CPU
		{6FD9F23D-DE74-4B80-BB15-7FDD6623A40D}.Debug|iPhone.Deploy.0 = Debug|Any CPU
		{6FD9F23D-DE74-4B80-BB15-7FDD6623A40D}.Debug|iPhoneSimulator.ActiveCfg = Debug|Any CPU
		{6FD9F23D-DE74-4B80-BB15-7FDD6623A40D}.Debug|iPhoneSimulator.Build.0 = Debug|Any CPU
		{6FD9F23D-DE74-4B80-BB15-7FDD6623A40D}.Debug|iPhoneSimulator.Deploy.0 = Debug|Any CPU
		{6FD9F23D-DE74-4B80-BB15-7FDD6623A40D}.Debug|x64.ActiveCfg = Debug|Any CPU
		{6FD9F23D-DE74-4B80-BB15-7FDD6623A40D}.Debug|x64.Build.0 = Debug|Any CPU
		{6FD9F23D-DE74-4B80-BB15-7FDD6623A40D}.Debug|x64.Deploy.0 = Debug|Any CPU
		{6FD9F23D-DE74-4B80-BB15-7FDD6623A40D}.Debug|x86.ActiveCfg = Debug|Any CPU
		{6FD9F23D-DE74-4B80-BB15-7FDD6623A40D}.Debug|x86.Build.0 = Debug|Any CPU
		{6FD9F23D-DE74-4B80-BB15-7FDD6623A40D}.Debug|x86.Deploy.0 = Debug|Any CPU
		{6FD9F23D-DE74-4B80-BB15-7FDD6623A40D}.Release|Any CPU.ActiveCfg = Release|Any CPU
		{6FD9F23D-DE74-4B80-BB15-7FDD6623A40D}.Release|Any CPU.Build.0 = Release|Any CPU
		{6FD9F23D-DE74-4B80-BB15-7FDD6623A40D}.Release|Any CPU.Deploy.0 = Release|Any CPU
		{6FD9F23D-DE74-4B80-BB15-7FDD6623A40D}.Release|ARM.ActiveCfg = Release|Any CPU
		{6FD9F23D-DE74-4B80-BB15-7FDD6623A40D}.Release|ARM.Build.0 = Release|Any CPU
		{6FD9F23D-DE74-4B80-BB15-7FDD6623A40D}.Release|ARM.Deploy.0 = Release|Any CPU
		{6FD9F23D-DE74-4B80-BB15-7FDD6623A40D}.Release|iPhone.ActiveCfg = Release|Any CPU
		{6FD9F23D-DE74-4B80-BB15-7FDD6623A40D}.Release|iPhone.Build.0 = Release|Any CPU
		{6FD9F23D-DE74-4B80-BB15-7FDD6623A40D}.Release|iPhone.Deploy.0 = Release|Any CPU
		{6FD9F23D-DE74-4B80-BB15-7FDD6623A40D}.Release|iPhoneSimulator.ActiveCfg = Release|Any CPU
		{6FD9F23D-DE74-4B80-BB15-7FDD6623A40D}.Release|iPhoneSimulator.Build.0 = Release|Any CPU
		{6FD9F23D-DE74-4B80-BB15-7FDD6623A40D}.Release|iPhoneSimulator.Deploy.0 = Release|Any CPU
		{6FD9F23D-DE74-4B80-BB15-7FDD6623A40D}.Release|x64.ActiveCfg = Release|Any CPU
		{6FD9F23D-DE74-4B80-BB15-7FDD6623A40D}.Release|x64.Build.0 = Release|Any CPU
		{6FD9F23D-DE74-4B80-BB15-7FDD6623A40D}.Release|x64.Deploy.0 = Release|Any CPU
		{6FD9F23D-DE74-4B80-BB15-7FDD6623A40D}.Release|x86.ActiveCfg = Release|Any CPU
		{6FD9F23D-DE74-4B80-BB15-7FDD6623A40D}.Release|x86.Build.0 = Release|Any CPU
		{6FD9F23D-DE74-4B80-BB15-7FDD6623A40D}.Release|x86.Deploy.0 = Release|Any CPU
	EndGlobalSection
	GlobalSection(SolutionProperties) = preSolution
		HideSolutionNode = FALSE
	EndGlobalSection
	GlobalSection(ExtensibilityGlobals) = postSolution
		SolutionGuid = {CAEB8285-42C1-4341-9F2D-306836AF7E21}
	EndGlobalSection
EndGlobal
