
Microsoft Visual Studio Solution File, Format Version 12.00
# Visual Studio 15
VisualStudioVersion = 15.0.27703.2035
MinimumVisualStudioVersion = 10.0.40219.1
Project("{FAE04EC0-301F-11D3-BF4B-00C04F79EFBC}") = "App1_NossoChat.Android", "App1_NossoChat\App1_NossoChat.Android\App1_NossoChat.Android.csproj", "{403E7EFC-2B42-474F-9424-A4FD47F87A85}"
EndProject
Project("{FAE04EC0-301F-11D3-BF4B-00C04F79EFBC}") = "App1_NossoChat.iOS", "App1_NossoChat\App1_NossoChat.iOS\App1_NossoChat.iOS.csproj", "{1FF6A32C-193B-4444-ABA5-81DE991269D9}"
EndProject
Project("{FAE04EC0-301F-11D3-BF4B-00C04F79EFBC}") = "App1_NossoChat.UWP", "App1_NossoChat\App1_NossoChat.UWP\App1_NossoChat.UWP.csproj", "{38BBC1F4-86EF-4F1A-95A7-F89D2A720CB0}"
EndProject
Project("{FAE04EC0-301F-11D3-BF4B-00C04F79EFBC}") = "App1_NossoChat", "App1_NossoChat\App1_NossoChat\App1_NossoChat.csproj", "{D48DDE54-7A03-4DD4-B820-8E6F3050F728}"
EndProject
Global
	GlobalSection(SolutionConfigurationPlatforms) = preSolution
		Ad-Hoc|Any CPU = Ad-Hoc|Any CPU
		Ad-Hoc|ARM = Ad-Hoc|ARM
		Ad-Hoc|iPhone = Ad-Hoc|iPhone
		Ad-Hoc|iPhoneSimulator = Ad-Hoc|iPhoneSimulator
		Ad-Hoc|x64 = Ad-Hoc|x64
		Ad-Hoc|x86 = Ad-Hoc|x86
		AppStore|Any CPU = AppStore|Any CPU
		AppStore|ARM = AppStore|ARM
		AppStore|iPhone = AppStore|iPhone
		AppStore|iPhoneSimulator = AppStore|iPhoneSimulator
		AppStore|x64 = AppStore|x64
		AppStore|x86 = AppStore|x86
		Debug|Any CPU = Debug|Any CPU
		Debug|ARM = Debug|ARM
		Debug|iPhone = Debug|iPhone
		Debug|iPhoneSimulator = Debug|iPhoneSimulator
		Debug|x64 = Debug|x64
		Debug|x86 = Debug|x86
		Release|Any CPU = Release|Any CPU
		Release|ARM = Release|ARM
		Release|iPhone = Release|iPhone
		Release|iPhoneSimulator = Release|iPhoneSimulator
		Release|x64 = Release|x64
		Release|x86 = Release|x86
	EndGlobalSection
	GlobalSection(ProjectConfigurationPlatforms) = postSolution
		{403E7EFC-2B42-474F-9424-A4FD47F87A85}.Ad-Hoc|Any CPU.ActiveCfg = Release|Any CPU
		{403E7EFC-2B42-474F-9424-A4FD47F87A85}.Ad-Hoc|Any CPU.Build.0 = Release|Any CPU
		{403E7EFC-2B42-474F-9424-A4FD47F87A85}.Ad-Hoc|Any CPU.Deploy.0 = Release|Any CPU
		{403E7EFC-2B42-474F-9424-A4FD47F87A85}.Ad-Hoc|ARM.ActiveCfg = Release|Any CPU
		{403E7EFC-2B42-474F-9424-A4FD47F87A85}.Ad-Hoc|ARM.Build.0 = Release|Any CPU
		{403E7EFC-2B42-474F-9424-A4FD47F87A85}.Ad-Hoc|ARM.Deploy.0 = Release|Any CPU
		{403E7EFC-2B42-474F-9424-A4FD47F87A85}.Ad-Hoc|iPhone.ActiveCfg = Release|Any CPU
		{403E7EFC-2B42-474F-9424-A4FD47F87A85}.Ad-Hoc|iPhone.Build.0 = Release|Any CPU
		{403E7EFC-2B42-474F-9424-A4FD47F87A85}.Ad-Hoc|iPhone.Deploy.0 = Release|Any CPU
		{403E7EFC-2B42-474F-9424-A4FD47F87A85}.Ad-Hoc|iPhoneSimulator.ActiveCfg = Release|Any CPU
		{403E7EFC-2B42-474F-9424-A4FD47F87A85}.Ad-Hoc|iPhoneSimulator.Build.0 = Release|Any CPU
		{403E7EFC-2B42-474F-9424-A4FD47F87A85}.Ad-Hoc|iPhoneSimulator.Deploy.0 = Release|Any CPU
		{403E7EFC-2B42-474F-9424-A4FD47F87A85}.Ad-Hoc|x64.ActiveCfg = Release|Any CPU
		{403E7EFC-2B42-474F-9424-A4FD47F87A85}.Ad-Hoc|x64.Build.0 = Release|Any CPU
		{403E7EFC-2B42-474F-9424-A4FD47F87A85}.Ad-Hoc|x64.Deploy.0 = Release|Any CPU
		{403E7EFC-2B42-474F-9424-A4FD47F87A85}.Ad-Hoc|x86.ActiveCfg = Release|Any CPU
		{403E7EFC-2B42-474F-9424-A4FD47F87A85}.Ad-Hoc|x86.Build.0 = Release|Any CPU
		{403E7EFC-2B42-474F-9424-A4FD47F87A85}.Ad-Hoc|x86.Deploy.0 = Release|Any CPU
		{403E7EFC-2B42-474F-9424-A4FD47F87A85}.AppStore|Any CPU.ActiveCfg = Release|Any CPU
		{403E7EFC-2B42-474F-9424-A4FD47F87A85}.AppStore|Any CPU.Build.0 = Release|Any CPU
		{403E7EFC-2B42-474F-9424-A4FD47F87A85}.AppStore|Any CPU.Deploy.0 = Release|Any CPU
		{403E7EFC-2B42-474F-9424-A4FD47F87A85}.AppStore|ARM.ActiveCfg = Release|Any CPU
		{403E7EFC-2B42-474F-9424-A4FD47F87A85}.AppStore|ARM.Build.0 = Release|Any CPU
		{403E7EFC-2B42-474F-9424-A4FD47F87A85}.AppStore|ARM.Deploy.0 = Release|Any CPU
		{403E7EFC-2B42-474F-9424-A4FD47F87A85}.AppStore|iPhone.ActiveCfg = Release|Any CPU
		{403E7EFC-2B42-474F-9424-A4FD47F87A85}.AppStore|iPhone.Build.0 = Release|Any CPU
		{403E7EFC-2B42-474F-9424-A4FD47F87A85}.AppStore|iPhone.Deploy.0 = Release|Any CPU
		{403E7EFC-2B42-474F-9424-A4FD47F87A85}.AppStore|iPhoneSimulator.ActiveCfg = Release|Any CPU
		{403E7EFC-2B42-474F-9424-A4FD47F87A85}.AppStore|iPhoneSimulator.Build.0 = Release|Any CPU
		{403E7EFC-2B42-474F-9424-A4FD47F87A85}.AppStore|iPhoneSimulator.Deploy.0 = Release|Any CPU
		{403E7EFC-2B42-474F-9424-A4FD47F87A85}.AppStore|x64.ActiveCfg = Release|Any CPU
		{403E7EFC-2B42-474F-9424-A4FD47F87A85}.AppStore|x64.Build.0 = Release|Any CPU
		{403E7EFC-2B42-474F-9424-A4FD47F87A85}.AppStore|x64.Deploy.0 = Release|Any CPU
		{403E7EFC-2B42-474F-9424-A4FD47F87A85}.AppStore|x86.ActiveCfg = Release|Any CPU
		{403E7EFC-2B42-474F-9424-A4FD47F87A85}.AppStore|x86.Build.0 = Release|Any CPU
		{403E7EFC-2B42-474F-9424-A4FD47F87A85}.AppStore|x86.Deploy.0 = Release|Any CPU
		{403E7EFC-2B42-474F-9424-A4FD47F87A85}.Debug|Any CPU.ActiveCfg = Debug|Any CPU
		{403E7EFC-2B42-474F-9424-A4FD47F87A85}.Debug|Any CPU.Build.0 = Debug|Any CPU
		{403E7EFC-2B42-474F-9424-A4FD47F87A85}.Debug|Any CPU.Deploy.0 = Debug|Any CPU
		{403E7EFC-2B42-474F-9424-A4FD47F87A85}.Debug|ARM.ActiveCfg = Debug|Any CPU
		{403E7EFC-2B42-474F-9424-A4FD47F87A85}.Debug|ARM.Build.0 = Debug|Any CPU
		{403E7EFC-2B42-474F-9424-A4FD47F87A85}.Debug|ARM.Deploy.0 = Debug|Any CPU
		{403E7EFC-2B42-474F-9424-A4FD47F87A85}.Debug|iPhone.ActiveCfg = Debug|Any CPU
		{403E7EFC-2B42-474F-9424-A4FD47F87A85}.Debug|iPhone.Build.0 = Debug|Any CPU
		{403E7EFC-2B42-474F-9424-A4FD47F87A85}.Debug|iPhone.Deploy.0 = Debug|Any CPU
		{403E7EFC-2B42-474F-9424-A4FD47F87A85}.Debug|iPhoneSimulator.ActiveCfg = Debug|Any CPU
		{403E7EFC-2B42-474F-9424-A4FD47F87A85}.Debug|iPhoneSimulator.Build.0 = Debug|Any CPU
		{403E7EFC-2B42-474F-9424-A4FD47F87A85}.Debug|iPhoneSimulator.Deploy.0 = Debug|Any CPU
		{403E7EFC-2B42-474F-9424-A4FD47F87A85}.Debug|x64.ActiveCfg = Debug|Any CPU
		{403E7EFC-2B42-474F-9424-A4FD47F87A85}.Debug|x64.Build.0 = Debug|Any CPU
		{403E7EFC-2B42-474F-9424-A4FD47F87A85}.Debug|x64.Deploy.0 = Debug|Any CPU
		{403E7EFC-2B42-474F-9424-A4FD47F87A85}.Debug|x86.ActiveCfg = Debug|Any CPU
		{403E7EFC-2B42-474F-9424-A4FD47F87A85}.Debug|x86.Build.0 = Debug|Any CPU
		{403E7EFC-2B42-474F-9424-A4FD47F87A85}.Debug|x86.Deploy.0 = Debug|Any CPU
		{403E7EFC-2B42-474F-9424-A4FD47F87A85}.Release|Any CPU.ActiveCfg = Release|Any CPU
		{403E7EFC-2B42-474F-9424-A4FD47F87A85}.Release|Any CPU.Build.0 = Release|Any CPU
		{403E7EFC-2B42-474F-9424-A4FD47F87A85}.Release|Any CPU.Deploy.0 = Release|Any CPU
		{403E7EFC-2B42-474F-9424-A4FD47F87A85}.Release|ARM.ActiveCfg = Release|Any CPU
		{403E7EFC-2B42-474F-9424-A4FD47F87A85}.Release|ARM.Build.0 = Release|Any CPU
		{403E7EFC-2B42-474F-9424-A4FD47F87A85}.Release|ARM.Deploy.0 = Release|Any CPU
		{403E7EFC-2B42-474F-9424-A4FD47F87A85}.Release|iPhone.ActiveCfg = Release|Any CPU
		{403E7EFC-2B42-474F-9424-A4FD47F87A85}.Release|iPhone.Build.0 = Release|Any CPU
		{403E7EFC-2B42-474F-9424-A4FD47F87A85}.Release|iPhone.Deploy.0 = Release|Any CPU
		{403E7EFC-2B42-474F-9424-A4FD47F87A85}.Release|iPhoneSimulator.ActiveCfg = Release|Any CPU
		{403E7EFC-2B42-474F-9424-A4FD47F87A85}.Release|iPhoneSimulator.Build.0 = Release|Any CPU
		{403E7EFC-2B42-474F-9424-A4FD47F87A85}.Release|iPhoneSimulator.Deploy.0 = Release|Any CPU
		{403E7EFC-2B42-474F-9424-A4FD47F87A85}.Release|x64.ActiveCfg = Release|Any CPU
		{403E7EFC-2B42-474F-9424-A4FD47F87A85}.Release|x64.Build.0 = Release|Any CPU
		{403E7EFC-2B42-474F-9424-A4FD47F87A85}.Release|x64.Deploy.0 = Release|Any CPU
		{403E7EFC-2B42-474F-9424-A4FD47F87A85}.Release|x86.ActiveCfg = Release|Any CPU
		{403E7EFC-2B42-474F-9424-A4FD47F87A85}.Release|x86.Build.0 = Release|Any CPU
		{403E7EFC-2B42-474F-9424-A4FD47F87A85}.Release|x86.Deploy.0 = Release|Any CPU
		{1FF6A32C-193B-4444-ABA5-81DE991269D9}.Ad-Hoc|Any CPU.ActiveCfg = Ad-Hoc|iPhone
		{1FF6A32C-193B-4444-ABA5-81DE991269D9}.Ad-Hoc|Any CPU.Build.0 = Ad-Hoc|iPhone
		{1FF6A32C-193B-4444-ABA5-81DE991269D9}.Ad-Hoc|Any CPU.Deploy.0 = Ad-Hoc|iPhone
		{1FF6A32C-193B-4444-ABA5-81DE991269D9}.Ad-Hoc|ARM.ActiveCfg = Ad-Hoc|iPhone
		{1FF6A32C-193B-4444-ABA5-81DE991269D9}.Ad-Hoc|ARM.Build.0 = Ad-Hoc|iPhone
		{1FF6A32C-193B-4444-ABA5-81DE991269D9}.Ad-Hoc|ARM.Deploy.0 = Ad-Hoc|iPhone
		{1FF6A32C-193B-4444-ABA5-81DE991269D9}.Ad-Hoc|iPhone.ActiveCfg = Ad-Hoc|iPhone
		{1FF6A32C-193B-4444-ABA5-81DE991269D9}.Ad-Hoc|iPhone.Build.0 = Ad-Hoc|iPhone
		{1FF6A32C-193B-4444-ABA5-81DE991269D9}.Ad-Hoc|iPhone.Deploy.0 = Ad-Hoc|iPhone
		{1FF6A32C-193B-4444-ABA5-81DE991269D9}.Ad-Hoc|iPhoneSimulator.ActiveCfg = Ad-Hoc|iPhoneSimulator
		{1FF6A32C-193B-4444-ABA5-81DE991269D9}.Ad-Hoc|iPhoneSimulator.Build.0 = Ad-Hoc|iPhoneSimulator
		{1FF6A32C-193B-4444-ABA5-81DE991269D9}.Ad-Hoc|iPhoneSimulator.Deploy.0 = Ad-Hoc|iPhoneSimulator
		{1FF6A32C-193B-4444-ABA5-81DE991269D9}.Ad-Hoc|x64.ActiveCfg = Ad-Hoc|iPhone
		{1FF6A32C-193B-4444-ABA5-81DE991269D9}.Ad-Hoc|x64.Build.0 = Ad-Hoc|iPhone
		{1FF6A32C-193B-4444-ABA5-81DE991269D9}.Ad-Hoc|x64.Deploy.0 = Ad-Hoc|iPhone
		{1FF6A32C-193B-4444-ABA5-81DE991269D9}.Ad-Hoc|x86.ActiveCfg = Ad-Hoc|iPhone
		{1FF6A32C-193B-4444-ABA5-81DE991269D9}.Ad-Hoc|x86.Build.0 = Ad-Hoc|iPhone
		{1FF6A32C-193B-4444-ABA5-81DE991269D9}.Ad-Hoc|x86.Deploy.0 = Ad-Hoc|iPhone
		{1FF6A32C-193B-4444-ABA5-81DE991269D9}.AppStore|Any CPU.ActiveCfg = AppStore|iPhone
		{1FF6A32C-193B-4444-ABA5-81DE991269D9}.AppStore|Any CPU.Build.0 = AppStore|iPhone
		{1FF6A32C-193B-4444-ABA5-81DE991269D9}.AppStore|Any CPU.Deploy.0 = AppStore|iPhone
		{1FF6A32C-193B-4444-ABA5-81DE991269D9}.AppStore|ARM.ActiveCfg = AppStore|iPhone
		{1FF6A32C-193B-4444-ABA5-81DE991269D9}.AppStore|ARM.Build.0 = AppStore|iPhone
		{1FF6A32C-193B-4444-ABA5-81DE991269D9}.AppStore|ARM.Deploy.0 = AppStore|iPhone
		{1FF6A32C-193B-4444-ABA5-81DE991269D9}.AppStore|iPhone.ActiveCfg = AppStore|iPhone
		{1FF6A32C-193B-4444-ABA5-81DE991269D9}.AppStore|iPhone.Build.0 = AppStore|iPhone
		{1FF6A32C-193B-4444-ABA5-81DE991269D9}.AppStore|iPhone.Deploy.0 = AppStore|iPhone
		{1FF6A32C-193B-4444-ABA5-81DE991269D9}.AppStore|iPhoneSimulator.ActiveCfg = AppStore|iPhoneSimulator
		{1FF6A32C-193B-4444-ABA5-81DE991269D9}.AppStore|iPhoneSimulator.Build.0 = AppStore|iPhoneSimulator
		{1FF6A32C-193B-4444-ABA5-81DE991269D9}.AppStore|iPhoneSimulator.Deploy.0 = AppStore|iPhoneSimulator
		{1FF6A32C-193B-4444-ABA5-81DE991269D9}.AppStore|x64.ActiveCfg = AppStore|iPhone
		{1FF6A32C-193B-4444-ABA5-81DE991269D9}.AppStore|x64.Build.0 = AppStore|iPhone
		{1FF6A32C-193B-4444-ABA5-81DE991269D9}.AppStore|x64.Deploy.0 = AppStore|iPhone
		{1FF6A32C-193B-4444-ABA5-81DE991269D9}.AppStore|x86.ActiveCfg = AppStore|iPhone
		{1FF6A32C-193B-4444-ABA5-81DE991269D9}.AppStore|x86.Build.0 = AppStore|iPhone
		{1FF6A32C-193B-4444-ABA5-81DE991269D9}.AppStore|x86.Deploy.0 = AppStore|iPhone
		{1FF6A32C-193B-4444-ABA5-81DE991269D9}.Debug|Any CPU.ActiveCfg = Debug|iPhoneSimulator
		{1FF6A32C-193B-4444-ABA5-81DE991269D9}.Debug|Any CPU.Build.0 = Debug|iPhoneSimulator
		{1FF6A32C-193B-4444-ABA5-81DE991269D9}.Debug|Any CPU.Deploy.0 = Debug|iPhoneSimulator
		{1FF6A32C-193B-4444-ABA5-81DE991269D9}.Debug|ARM.ActiveCfg = Debug|iPhone
		{1FF6A32C-193B-4444-ABA5-81DE991269D9}.Debug|ARM.Build.0 = Debug|iPhone
		{1FF6A32C-193B-4444-ABA5-81DE991269D9}.Debug|ARM.Deploy.0 = Debug|iPhone
		{1FF6A32C-193B-4444-ABA5-81DE991269D9}.Debug|iPhone.ActiveCfg = Debug|iPhone
		{1FF6A32C-193B-4444-ABA5-81DE991269D9}.Debug|iPhone.Build.0 = Debug|iPhone
		{1FF6A32C-193B-4444-ABA5-81DE991269D9}.Debug|iPhone.Deploy.0 = Debug|iPhone
		{1FF6A32C-193B-4444-ABA5-81DE991269D9}.Debug|iPhoneSimulator.ActiveCfg = Debug|iPhoneSimulator
		{1FF6A32C-193B-4444-ABA5-81DE991269D9}.Debug|iPhoneSimulator.Build.0 = Debug|iPhoneSimulator
		{1FF6A32C-193B-4444-ABA5-81DE991269D9}.Debug|iPhoneSimulator.Deploy.0 = Debug|iPhoneSimulator
		{1FF6A32C-193B-4444-ABA5-81DE991269D9}.Debug|x64.ActiveCfg = Debug|iPhone
		{1FF6A32C-193B-4444-ABA5-81DE991269D9}.Debug|x64.Build.0 = Debug|iPhone
		{1FF6A32C-193B-4444-ABA5-81DE991269D9}.Debug|x64.Deploy.0 = Debug|iPhone
		{1FF6A32C-193B-4444-ABA5-81DE991269D9}.Debug|x86.ActiveCfg = Debug|iPhone
		{1FF6A32C-193B-4444-ABA5-81DE991269D9}.Debug|x86.Build.0 = Debug|iPhone
		{1FF6A32C-193B-4444-ABA5-81DE991269D9}.Debug|x86.Deploy.0 = Debug|iPhone
		{1FF6A32C-193B-4444-ABA5-81DE991269D9}.Release|Any CPU.ActiveCfg = Release|iPhone
		{1FF6A32C-193B-4444-ABA5-81DE991269D9}.Release|Any CPU.Build.0 = Release|iPhone
		{1FF6A32C-193B-4444-ABA5-81DE991269D9}.Release|Any CPU.Deploy.0 = Release|iPhone
		{1FF6A32C-193B-4444-ABA5-81DE991269D9}.Release|ARM.ActiveCfg = Release|iPhone
		{1FF6A32C-193B-4444-ABA5-81DE991269D9}.Release|ARM.Build.0 = Release|iPhone
		{1FF6A32C-193B-4444-ABA5-81DE991269D9}.Release|ARM.Deploy.0 = Release|iPhone
		{1FF6A32C-193B-4444-ABA5-81DE991269D9}.Release|iPhone.ActiveCfg = Release|iPhone
		{1FF6A32C-193B-4444-ABA5-81DE991269D9}.Release|iPhone.Build.0 = Release|iPhone
		{1FF6A32C-193B-4444-ABA5-81DE991269D9}.Release|iPhone.Deploy.0 = Release|iPhone
		{1FF6A32C-193B-4444-ABA5-81DE991269D9}.Release|iPhoneSimulator.ActiveCfg = Release|iPhoneSimulator
		{1FF6A32C-193B-4444-ABA5-81DE991269D9}.Release|iPhoneSimulator.Build.0 = Release|iPhoneSimulator
		{1FF6A32C-193B-4444-ABA5-81DE991269D9}.Release|iPhoneSimulator.Deploy.0 = Release|iPhoneSimulator
		{1FF6A32C-193B-4444-ABA5-81DE991269D9}.Release|x64.ActiveCfg = Release|iPhone
		{1FF6A32C-193B-4444-ABA5-81DE991269D9}.Release|x64.Build.0 = Release|iPhone
		{1FF6A32C-193B-4444-ABA5-81DE991269D9}.Release|x64.Deploy.0 = Release|iPhone
		{1FF6A32C-193B-4444-ABA5-81DE991269D9}.Release|x86.ActiveCfg = Release|iPhone
		{1FF6A32C-193B-4444-ABA5-81DE991269D9}.Release|x86.Build.0 = Release|iPhone
		{1FF6A32C-193B-4444-ABA5-81DE991269D9}.Release|x86.Deploy.0 = Release|iPhone
		{38BBC1F4-86EF-4F1A-95A7-F89D2A720CB0}.Ad-Hoc|Any CPU.ActiveCfg = Release|x86
		{38BBC1F4-86EF-4F1A-95A7-F89D2A720CB0}.Ad-Hoc|Any CPU.Build.0 = Release|x86
		{38BBC1F4-86EF-4F1A-95A7-F89D2A720CB0}.Ad-Hoc|Any CPU.Deploy.0 = Release|x86
		{38BBC1F4-86EF-4F1A-95A7-F89D2A720CB0}.Ad-Hoc|ARM.ActiveCfg = Release|ARM
		{38BBC1F4-86EF-4F1A-95A7-F89D2A720CB0}.Ad-Hoc|ARM.Build.0 = Release|ARM
		{38BBC1F4-86EF-4F1A-95A7-F89D2A720CB0}.Ad-Hoc|ARM.Deploy.0 = Release|ARM
		{38BBC1F4-86EF-4F1A-95A7-F89D2A720CB0}.Ad-Hoc|iPhone.ActiveCfg = Release|x86
		{38BBC1F4-86EF-4F1A-95A7-F89D2A720CB0}.Ad-Hoc|iPhone.Build.0 = Release|x86
		{38BBC1F4-86EF-4F1A-95A7-F89D2A720CB0}.Ad-Hoc|iPhone.Deploy.0 = Release|x86
		{38BBC1F4-86EF-4F1A-95A7-F89D2A720CB0}.Ad-Hoc|iPhoneSimulator.ActiveCfg = Release|x86
		{38BBC1F4-86EF-4F1A-95A7-F89D2A720CB0}.Ad-Hoc|iPhoneSimulator.Build.0 = Release|x86
		{38BBC1F4-86EF-4F1A-95A7-F89D2A720CB0}.Ad-Hoc|iPhoneSimulator.Deploy.0 = Release|x86
		{38BBC1F4-86EF-4F1A-95A7-F89D2A720CB0}.Ad-Hoc|x64.ActiveCfg = Release|x64
		{38BBC1F4-86EF-4F1A-95A7-F89D2A720CB0}.Ad-Hoc|x64.Build.0 = Release|x64
		{38BBC1F4-86EF-4F1A-95A7-F89D2A720CB0}.Ad-Hoc|x64.Deploy.0 = Release|x64
		{38BBC1F4-86EF-4F1A-95A7-F89D2A720CB0}.Ad-Hoc|x86.ActiveCfg = Release|x86
		{38BBC1F4-86EF-4F1A-95A7-F89D2A720CB0}.Ad-Hoc|x86.Build.0 = Release|x86
		{38BBC1F4-86EF-4F1A-95A7-F89D2A720CB0}.Ad-Hoc|x86.Deploy.0 = Release|x86
		{38BBC1F4-86EF-4F1A-95A7-F89D2A720CB0}.AppStore|Any CPU.ActiveCfg = Release|x86
		{38BBC1F4-86EF-4F1A-95A7-F89D2A720CB0}.AppStore|Any CPU.Build.0 = Release|x86
		{38BBC1F4-86EF-4F1A-95A7-F89D2A720CB0}.AppStore|Any CPU.Deploy.0 = Release|x86
		{38BBC1F4-86EF-4F1A-95A7-F89D2A720CB0}.AppStore|ARM.ActiveCfg = Release|ARM
		{38BBC1F4-86EF-4F1A-95A7-F89D2A720CB0}.AppStore|ARM.Build.0 = Release|ARM
		{38BBC1F4-86EF-4F1A-95A7-F89D2A720CB0}.AppStore|ARM.Deploy.0 = Release|ARM
		{38BBC1F4-86EF-4F1A-95A7-F89D2A720CB0}.AppStore|iPhone.ActiveCfg = Release|x86
		{38BBC1F4-86EF-4F1A-95A7-F89D2A720CB0}.AppStore|iPhone.Build.0 = Release|x86
		{38BBC1F4-86EF-4F1A-95A7-F89D2A720CB0}.AppStore|iPhone.Deploy.0 = Release|x86
		{38BBC1F4-86EF-4F1A-95A7-F89D2A720CB0}.AppStore|iPhoneSimulator.ActiveCfg = Release|x86
		{38BBC1F4-86EF-4F1A-95A7-F89D2A720CB0}.AppStore|iPhoneSimulator.Build.0 = Release|x86
		{38BBC1F4-86EF-4F1A-95A7-F89D2A720CB0}.AppStore|iPhoneSimulator.Deploy.0 = Release|x86
		{38BBC1F4-86EF-4F1A-95A7-F89D2A720CB0}.AppStore|x64.ActiveCfg = Release|x64
		{38BBC1F4-86EF-4F1A-95A7-F89D2A720CB0}.AppStore|x64.Build.0 = Release|x64
		{38BBC1F4-86EF-4F1A-95A7-F89D2A720CB0}.AppStore|x64.Deploy.0 = Release|x64
		{38BBC1F4-86EF-4F1A-95A7-F89D2A720CB0}.AppStore|x86.ActiveCfg = Release|x86
		{38BBC1F4-86EF-4F1A-95A7-F89D2A720CB0}.AppStore|x86.Build.0 = Release|x86
		{38BBC1F4-86EF-4F1A-95A7-F89D2A720CB0}.AppStore|x86.Deploy.0 = Release|x86
		{38BBC1F4-86EF-4F1A-95A7-F89D2A720CB0}.Debug|Any CPU.ActiveCfg = Debug|x86
		{38BBC1F4-86EF-4F1A-95A7-F89D2A720CB0}.Debug|Any CPU.Build.0 = Debug|x86
		{38BBC1F4-86EF-4F1A-95A7-F89D2A720CB0}.Debug|Any CPU.Deploy.0 = Debug|x86
		{38BBC1F4-86EF-4F1A-95A7-F89D2A720CB0}.Debug|ARM.ActiveCfg = Debug|ARM
		{38BBC1F4-86EF-4F1A-95A7-F89D2A720CB0}.Debug|ARM.Build.0 = Debug|ARM
		{38BBC1F4-86EF-4F1A-95A7-F89D2A720CB0}.Debug|ARM.Deploy.0 = Debug|ARM
		{38BBC1F4-86EF-4F1A-95A7-F89D2A720CB0}.Debug|iPhone.ActiveCfg = Debug|x86
		{38BBC1F4-86EF-4F1A-95A7-F89D2A720CB0}.Debug|iPhone.Build.0 = Debug|x86
		{38BBC1F4-86EF-4F1A-95A7-F89D2A720CB0}.Debug|iPhone.Deploy.0 = Debug|x86
		{38BBC1F4-86EF-4F1A-95A7-F89D2A720CB0}.Debug|iPhoneSimulator.ActiveCfg = Debug|x86
		{38BBC1F4-86EF-4F1A-95A7-F89D2A720CB0}.Debug|iPhoneSimulator.Build.0 = Debug|x86
		{38BBC1F4-86EF-4F1A-95A7-F89D2A720CB0}.Debug|iPhoneSimulator.Deploy.0 = Debug|x86
		{38BBC1F4-86EF-4F1A-95A7-F89D2A720CB0}.Debug|x64.ActiveCfg = Debug|x64
		{38BBC1F4-86EF-4F1A-95A7-F89D2A720CB0}.Debug|x64.Build.0 = Debug|x64
		{38BBC1F4-86EF-4F1A-95A7-F89D2A720CB0}.Debug|x64.Deploy.0 = Debug|x64
		{38BBC1F4-86EF-4F1A-95A7-F89D2A720CB0}.Debug|x86.ActiveCfg = Debug|x86
		{38BBC1F4-86EF-4F1A-95A7-F89D2A720CB0}.Debug|x86.Build.0 = Debug|x86
		{38BBC1F4-86EF-4F1A-95A7-F89D2A720CB0}.Debug|x86.Deploy.0 = Debug|x86
		{38BBC1F4-86EF-4F1A-95A7-F89D2A720CB0}.Release|Any CPU.ActiveCfg = Release|x86
		{38BBC1F4-86EF-4F1A-95A7-F89D2A720CB0}.Release|Any CPU.Build.0 = Release|x86
		{38BBC1F4-86EF-4F1A-95A7-F89D2A720CB0}.Release|Any CPU.Deploy.0 = Release|x86
		{38BBC1F4-86EF-4F1A-95A7-F89D2A720CB0}.Release|ARM.ActiveCfg = Release|ARM
		{38BBC1F4-86EF-4F1A-95A7-F89D2A720CB0}.Release|ARM.Build.0 = Release|ARM
		{38BBC1F4-86EF-4F1A-95A7-F89D2A720CB0}.Release|ARM.Deploy.0 = Release|ARM
		{38BBC1F4-86EF-4F1A-95A7-F89D2A720CB0}.Release|iPhone.ActiveCfg = Release|x86
		{38BBC1F4-86EF-4F1A-95A7-F89D2A720CB0}.Release|iPhone.Build.0 = Release|x86
		{38BBC1F4-86EF-4F1A-95A7-F89D2A720CB0}.Release|iPhone.Deploy.0 = Release|x86
		{38BBC1F4-86EF-4F1A-95A7-F89D2A720CB0}.Release|iPhoneSimulator.ActiveCfg = Release|x86
		{38BBC1F4-86EF-4F1A-95A7-F89D2A720CB0}.Release|iPhoneSimulator.Build.0 = Release|x86
		{38BBC1F4-86EF-4F1A-95A7-F89D2A720CB0}.Release|iPhoneSimulator.Deploy.0 = Release|x86
		{38BBC1F4-86EF-4F1A-95A7-F89D2A720CB0}.Release|x64.ActiveCfg = Release|x64
		{38BBC1F4-86EF-4F1A-95A7-F89D2A720CB0}.Release|x64.Build.0 = Release|x64
		{38BBC1F4-86EF-4F1A-95A7-F89D2A720CB0}.Release|x64.Deploy.0 = Release|x64
		{38BBC1F4-86EF-4F1A-95A7-F89D2A720CB0}.Release|x86.ActiveCfg = Release|x86
		{38BBC1F4-86EF-4F1A-95A7-F89D2A720CB0}.Release|x86.Build.0 = Release|x86
		{38BBC1F4-86EF-4F1A-95A7-F89D2A720CB0}.Release|x86.Deploy.0 = Release|x86
		{D48DDE54-7A03-4DD4-B820-8E6F3050F728}.Ad-Hoc|Any CPU.ActiveCfg = Debug|Any CPU
		{D48DDE54-7A03-4DD4-B820-8E6F3050F728}.Ad-Hoc|Any CPU.Build.0 = Debug|Any CPU
		{D48DDE54-7A03-4DD4-B820-8E6F3050F728}.Ad-Hoc|Any CPU.Deploy.0 = Debug|Any CPU
		{D48DDE54-7A03-4DD4-B820-8E6F3050F728}.Ad-Hoc|ARM.ActiveCfg = Debug|Any CPU
		{D48DDE54-7A03-4DD4-B820-8E6F3050F728}.Ad-Hoc|ARM.Build.0 = Debug|Any CPU
		{D48DDE54-7A03-4DD4-B820-8E6F3050F728}.Ad-Hoc|ARM.Deploy.0 = Debug|Any CPU
		{D48DDE54-7A03-4DD4-B820-8E6F3050F728}.Ad-Hoc|iPhone.ActiveCfg = Debug|Any CPU
		{D48DDE54-7A03-4DD4-B820-8E6F3050F728}.Ad-Hoc|iPhone.Build.0 = Debug|Any CPU
		{D48DDE54-7A03-4DD4-B820-8E6F3050F728}.Ad-Hoc|iPhone.Deploy.0 = Debug|Any CPU
		{D48DDE54-7A03-4DD4-B820-8E6F3050F728}.Ad-Hoc|iPhoneSimulator.ActiveCfg = Debug|Any CPU
		{D48DDE54-7A03-4DD4-B820-8E6F3050F728}.Ad-Hoc|iPhoneSimulator.Build.0 = Debug|Any CPU
		{D48DDE54-7A03-4DD4-B820-8E6F3050F728}.Ad-Hoc|iPhoneSimulator.Deploy.0 = Debug|Any CPU
		{D48DDE54-7A03-4DD4-B820-8E6F3050F728}.Ad-Hoc|x64.ActiveCfg = Debug|Any CPU
		{D48DDE54-7A03-4DD4-B820-8E6F3050F728}.Ad-Hoc|x64.Build.0 = Debug|Any CPU
		{D48DDE54-7A03-4DD4-B820-8E6F3050F728}.Ad-Hoc|x64.Deploy.0 = Debug|Any CPU
		{D48DDE54-7A03-4DD4-B820-8E6F3050F728}.Ad-Hoc|x86.ActiveCfg = Debug|Any CPU
		{D48DDE54-7A03-4DD4-B820-8E6F3050F728}.Ad-Hoc|x86.Build.0 = Debug|Any CPU
		{D48DDE54-7A03-4DD4-B820-8E6F3050F728}.Ad-Hoc|x86.Deploy.0 = Debug|Any CPU
		{D48DDE54-7A03-4DD4-B820-8E6F3050F728}.AppStore|Any CPU.ActiveCfg = Debug|Any CPU
		{D48DDE54-7A03-4DD4-B820-8E6F3050F728}.AppStore|Any CPU.Build.0 = Debug|Any CPU
		{D48DDE54-7A03-4DD4-B820-8E6F3050F728}.AppStore|Any CPU.Deploy.0 = Debug|Any CPU
		{D48DDE54-7A03-4DD4-B820-8E6F3050F728}.AppStore|ARM.ActiveCfg = Debug|Any CPU
		{D48DDE54-7A03-4DD4-B820-8E6F3050F728}.AppStore|ARM.Build.0 = Debug|Any CPU
		{D48DDE54-7A03-4DD4-B820-8E6F3050F728}.AppStore|ARM.Deploy.0 = Debug|Any CPU
		{D48DDE54-7A03-4DD4-B820-8E6F3050F728}.AppStore|iPhone.ActiveCfg = Debug|Any CPU
		{D48DDE54-7A03-4DD4-B820-8E6F3050F728}.AppStore|iPhone.Build.0 = Debug|Any CPU
		{D48DDE54-7A03-4DD4-B820-8E6F3050F728}.AppStore|iPhone.Deploy.0 = Debug|Any CPU
		{D48DDE54-7A03-4DD4-B820-8E6F3050F728}.AppStore|iPhoneSimulator.ActiveCfg = Debug|Any CPU
		{D48DDE54-7A03-4DD4-B820-8E6F3050F728}.AppStore|iPhoneSimulator.Build.0 = Debug|Any CPU
		{D48DDE54-7A03-4DD4-B820-8E6F3050F728}.AppStore|iPhoneSimulator.Deploy.0 = Debug|Any CPU
		{D48DDE54-7A03-4DD4-B820-8E6F3050F728}.AppStore|x64.ActiveCfg = Debug|Any CPU
		{D48DDE54-7A03-4DD4-B820-8E6F3050F728}.AppStore|x64.Build.0 = Debug|Any CPU
		{D48DDE54-7A03-4DD4-B820-8E6F3050F728}.AppStore|x64.Deploy.0 = Debug|Any CPU
		{D48DDE54-7A03-4DD4-B820-8E6F3050F728}.AppStore|x86.ActiveCfg = Debug|Any CPU
		{D48DDE54-7A03-4DD4-B820-8E6F3050F728}.AppStore|x86.Build.0 = Debug|Any CPU
		{D48DDE54-7A03-4DD4-B820-8E6F3050F728}.AppStore|x86.Deploy.0 = Debug|Any CPU
		{D48DDE54-7A03-4DD4-B820-8E6F3050F728}.Debug|Any CPU.ActiveCfg = Debug|Any CPU
		{D48DDE54-7A03-4DD4-B820-8E6F3050F728}.Debug|Any CPU.Build.0 = Debug|Any CPU
		{D48DDE54-7A03-4DD4-B820-8E6F3050F728}.Debug|Any CPU.Deploy.0 = Debug|Any CPU
		{D48DDE54-7A03-4DD4-B820-8E6F3050F728}.Debug|ARM.ActiveCfg = Debug|Any CPU
		{D48DDE54-7A03-4DD4-B820-8E6F3050F728}.Debug|ARM.Build.0 = Debug|Any CPU
		{D48DDE54-7A03-4DD4-B820-8E6F3050F728}.Debug|ARM.Deploy.0 = Debug|Any CPU
		{D48DDE54-7A03-4DD4-B820-8E6F3050F728}.Debug|iPhone.ActiveCfg = Debug|Any CPU
		{D48DDE54-7A03-4DD4-B820-8E6F3050F728}.Debug|iPhone.Build.0 = Debug|Any CPU
		{D48DDE54-7A03-4DD4-B820-8E6F3050F728}.Debug|iPhone.Deploy.0 = Debug|Any CPU
		{D48DDE54-7A03-4DD4-B820-8E6F3050F728}.Debug|iPhoneSimulator.ActiveCfg = Debug|Any CPU
		{D48DDE54-7A03-4DD4-B820-8E6F3050F728}.Debug|iPhoneSimulator.Build.0 = Debug|Any CPU
		{D48DDE54-7A03-4DD4-B820-8E6F3050F728}.Debug|iPhoneSimulator.Deploy.0 = Debug|Any CPU
		{D48DDE54-7A03-4DD4-B820-8E6F3050F728}.Debug|x64.ActiveCfg = Debug|Any CPU
		{D48DDE54-7A03-4DD4-B820-8E6F3050F728}.Debug|x64.Build.0 = Debug|Any CPU
		{D48DDE54-7A03-4DD4-B820-8E6F3050F728}.Debug|x64.Deploy.0 = Debug|Any CPU
		{D48DDE54-7A03-4DD4-B820-8E6F3050F728}.Debug|x86.ActiveCfg = Debug|Any CPU
		{D48DDE54-7A03-4DD4-B820-8E6F3050F728}.Debug|x86.Build.0 = Debug|Any CPU
		{D48DDE54-7A03-4DD4-B820-8E6F3050F728}.Debug|x86.Deploy.0 = Debug|Any CPU
		{D48DDE54-7A03-4DD4-B820-8E6F3050F728}.Release|Any CPU.ActiveCfg = Release|Any CPU
		{D48DDE54-7A03-4DD4-B820-8E6F3050F728}.Release|Any CPU.Build.0 = Release|Any CPU
		{D48DDE54-7A03-4DD4-B820-8E6F3050F728}.Release|Any CPU.Deploy.0 = Release|Any CPU
		{D48DDE54-7A03-4DD4-B820-8E6F3050F728}.Release|ARM.ActiveCfg = Release|Any CPU
		{D48DDE54-7A03-4DD4-B820-8E6F3050F728}.Release|ARM.Build.0 = Release|Any CPU
		{D48DDE54-7A03-4DD4-B820-8E6F3050F728}.Release|ARM.Deploy.0 = Release|Any CPU
		{D48DDE54-7A03-4DD4-B820-8E6F3050F728}.Release|iPhone.ActiveCfg = Release|Any CPU
		{D48DDE54-7A03-4DD4-B820-8E6F3050F728}.Release|iPhone.Build.0 = Release|Any CPU
		{D48DDE54-7A03-4DD4-B820-8E6F3050F728}.Release|iPhone.Deploy.0 = Release|Any CPU
		{D48DDE54-7A03-4DD4-B820-8E6F3050F728}.Release|iPhoneSimulator.ActiveCfg = Release|Any CPU
		{D48DDE54-7A03-4DD4-B820-8E6F3050F728}.Release|iPhoneSimulator.Build.0 = Release|Any CPU
		{D48DDE54-7A03-4DD4-B820-8E6F3050F728}.Release|iPhoneSimulator.Deploy.0 = Release|Any CPU
		{D48DDE54-7A03-4DD4-B820-8E6F3050F728}.Release|x64.ActiveCfg = Release|Any CPU
		{D48DDE54-7A03-4DD4-B820-8E6F3050F728}.Release|x64.Build.0 = Release|Any CPU
		{D48DDE54-7A03-4DD4-B820-8E6F3050F728}.Release|x64.Deploy.0 = Release|Any CPU
		{D48DDE54-7A03-4DD4-B820-8E6F3050F728}.Release|x86.ActiveCfg = Release|Any CPU
		{D48DDE54-7A03-4DD4-B820-8E6F3050F728}.Release|x86.Build.0 = Release|Any CPU
		{D48DDE54-7A03-4DD4-B820-8E6F3050F728}.Release|x86.Deploy.0 = Release|Any CPU
	EndGlobalSection
	GlobalSection(SolutionProperties) = preSolution
		HideSolutionNode = FALSE
	EndGlobalSection
	GlobalSection(ExtensibilityGlobals) = postSolution
		SolutionGuid = {B4ABD8F5-06E9-490B-ABE1-665FBEC32BC8}
	EndGlobalSection
EndGlobal
